// !$*UTF8*$!
{
	archiveVersion = 1;
	classes = {
	};
	objectVersion = 56;
	objects = {

/* Begin PBXBuildFile section */
		63FAABFC2AA011A90050BF9F /* AppDelegate.swift in Sources */ = {isa = PBXBuildFile; fileRef = 63FAABFB2AA011A90050BF9F /* AppDelegate.swift */; };
		63FAABFE2AA011A90050BF9F /* SceneDelegate.swift in Sources */ = {isa = PBXBuildFile; fileRef = 63FAABFD2AA011A90050BF9F /* SceneDelegate.swift */; };
		63FAAC052AA011AA0050BF9F /* Assets.xcassets in Resources */ = {isa = PBXBuildFile; fileRef = 63FAAC042AA011AA0050BF9F /* Assets.xcassets */; };
		63FAAC082AA011AA0050BF9F /* LaunchScreen.storyboard in Resources */ = {isa = PBXBuildFile; fileRef = 63FAAC062AA011AA0050BF9F /* LaunchScreen.storyboard */; };
		63FAAC1C2AA012A10050BF9F /* EditProfileView.swift in Sources */ = {isa = PBXBuildFile; fileRef = 63FAAC112AA012A10050BF9F /* EditProfileView.swift */; };
		63FAAC1D2AA012A10050BF9F /* EditProfileViewController.swift in Sources */ = {isa = PBXBuildFile; fileRef = 63FAAC122AA012A10050BF9F /* EditProfileViewController.swift */; };
		63FAAC1E2AA012A10050BF9F /* EditBioViewController.swift in Sources */ = {isa = PBXBuildFile; fileRef = 63FAAC142AA012A10050BF9F /* EditBioViewController.swift */; };
		63FAAC1F2AA012A10050BF9F /* EditBioView.swift in Sources */ = {isa = PBXBuildFile; fileRef = 63FAAC152AA012A10050BF9F /* EditBioView.swift */; };
		63FAAC202AA012A10050BF9F /* MyProfileView.swift in Sources */ = {isa = PBXBuildFile; fileRef = 63FAAC172AA012A10050BF9F /* MyProfileView.swift */; };
		63FAAC212AA012A10050BF9F /* MyProfileViewController.swift in Sources */ = {isa = PBXBuildFile; fileRef = 63FAAC182AA012A10050BF9F /* MyProfileViewController.swift */; };
		63FAAC222AA012A10050BF9F /* ChangeNameViewController.swift in Sources */ = {isa = PBXBuildFile; fileRef = 63FAAC1A2AA012A10050BF9F /* ChangeNameViewController.swift */; };
		63FAAC232AA012A10050BF9F /* ChangeNameView.swift in Sources */ = {isa = PBXBuildFile; fileRef = 63FAAC1B2AA012A10050BF9F /* ChangeNameView.swift */; };
		63FAAC272AA013590050BF9F /* BaseViewController.swift in Sources */ = {isa = PBXBuildFile; fileRef = 63FAAC252AA013590050BF9F /* BaseViewController.swift */; };
		63FAAC282AA013590050BF9F /* BaseView.swift in Sources */ = {isa = PBXBuildFile; fileRef = 63FAAC262AA013590050BF9F /* BaseView.swift */; };
		63FAAC2B2AA013AE0050BF9F /* NotificationConter+.swift in Sources */ = {isa = PBXBuildFile; fileRef = 63FAAC2A2AA013AE0050BF9F /* NotificationConter+.swift */; };
		63FAAC2E2AA014570050BF9F /* ProfileImageView.swift in Sources */ = {isa = PBXBuildFile; fileRef = 63FAAC2D2AA014570050BF9F /* ProfileImageView.swift */; };
		63FAAC312AA0147F0050BF9F /* DataPassDelegate.swift in Sources */ = {isa = PBXBuildFile; fileRef = 63FAAC302AA0147F0050BF9F /* DataPassDelegate.swift */; };
/* End PBXBuildFile section */

/* Begin PBXFileReference section */
		63FAABF82AA011A90050BF9F /* Harunstargram.app */ = {isa = PBXFileReference; explicitFileType = wrapper.application; includeInIndex = 0; path = Harunstargram.app; sourceTree = BUILT_PRODUCTS_DIR; };
		63FAABFB2AA011A90050BF9F /* AppDelegate.swift */ = {isa = PBXFileReference; lastKnownFileType = sourcecode.swift; path = AppDelegate.swift; sourceTree = "<group>"; };
		63FAABFD2AA011A90050BF9F /* SceneDelegate.swift */ = {isa = PBXFileReference; lastKnownFileType = sourcecode.swift; path = SceneDelegate.swift; sourceTree = "<group>"; };
		63FAAC042AA011AA0050BF9F /* Assets.xcassets */ = {isa = PBXFileReference; lastKnownFileType = folder.assetcatalog; path = Assets.xcassets; sourceTree = "<group>"; };
		63FAAC072AA011AA0050BF9F /* Base */ = {isa = PBXFileReference; lastKnownFileType = file.storyboard; name = Base; path = Base.lproj/LaunchScreen.storyboard; sourceTree = "<group>"; };
		63FAAC092AA011AA0050BF9F /* Info.plist */ = {isa = PBXFileReference; lastKnownFileType = text.plist.xml; path = Info.plist; sourceTree = "<group>"; };
		63FAAC112AA012A10050BF9F /* EditProfileView.swift */ = {isa = PBXFileReference; fileEncoding = 4; lastKnownFileType = sourcecode.swift; path = EditProfileView.swift; sourceTree = "<group>"; };
		63FAAC122AA012A10050BF9F /* EditProfileViewController.swift */ = {isa = PBXFileReference; fileEncoding = 4; lastKnownFileType = sourcecode.swift; path = EditProfileViewController.swift; sourceTree = "<group>"; };
		63FAAC142AA012A10050BF9F /* EditBioViewController.swift */ = {isa = PBXFileReference; fileEncoding = 4; lastKnownFileType = sourcecode.swift; path = EditBioViewController.swift; sourceTree = "<group>"; };
		63FAAC152AA012A10050BF9F /* EditBioView.swift */ = {isa = PBXFileReference; fileEncoding = 4; lastKnownFileType = sourcecode.swift; path = EditBioView.swift; sourceTree = "<group>"; };
		63FAAC172AA012A10050BF9F /* MyProfileView.swift */ = {isa = PBXFileReference; fileEncoding = 4; lastKnownFileType = sourcecode.swift; path = MyProfileView.swift; sourceTree = "<group>"; };
		63FAAC182AA012A10050BF9F /* MyProfileViewController.swift */ = {isa = PBXFileReference; fileEncoding = 4; lastKnownFileType = sourcecode.swift; path = MyProfileViewController.swift; sourceTree = "<group>"; };
		63FAAC1A2AA012A10050BF9F /* ChangeNameViewController.swift */ = {isa = PBXFileReference; fileEncoding = 4; lastKnownFileType = sourcecode.swift; path = ChangeNameViewController.swift; sourceTree = "<group>"; };
		63FAAC1B2AA012A10050BF9F /* ChangeNameView.swift */ = {isa = PBXFileReference; fileEncoding = 4; lastKnownFileType = sourcecode.swift; path = ChangeNameView.swift; sourceTree = "<group>"; };
		63FAAC252AA013590050BF9F /* BaseViewController.swift */ = {isa = PBXFileReference; fileEncoding = 4; lastKnownFileType = sourcecode.swift; path = BaseViewController.swift; sourceTree = "<group>"; };
		63FAAC262AA013590050BF9F /* BaseView.swift */ = {isa = PBXFileReference; fileEncoding = 4; lastKnownFileType = sourcecode.swift; path = BaseView.swift; sourceTree = "<group>"; };
		63FAAC2A2AA013AE0050BF9F /* NotificationConter+.swift */ = {isa = PBXFileReference; fileEncoding = 4; lastKnownFileType = sourcecode.swift; path = "NotificationConter+.swift"; sourceTree = "<group>"; };
		63FAAC2D2AA014570050BF9F /* ProfileImageView.swift */ = {isa = PBXFileReference; fileEncoding = 4; lastKnownFileType = sourcecode.swift; path = ProfileImageView.swift; sourceTree = "<group>"; };
		63FAAC302AA0147F0050BF9F /* DataPassDelegate.swift */ = {isa = PBXFileReference; fileEncoding = 4; lastKnownFileType = sourcecode.swift; path = DataPassDelegate.swift; sourceTree = "<group>"; };
/* End PBXFileReference section */

/* Begin PBXFrameworksBuildPhase section */
		63FAABF52AA011A90050BF9F /* Frameworks */ = {
			isa = PBXFrameworksBuildPhase;
			buildActionMask = 2147483647;
			files = (
			);
			runOnlyForDeploymentPostprocessing = 0;
		};
/* End PBXFrameworksBuildPhase section */

/* Begin PBXGroup section */
		63FAABEF2AA011A90050BF9F = {
			isa = PBXGroup;
			children = (
				63FAABFA2AA011A90050BF9F /* Harunstargram */,
				63FAABF92AA011A90050BF9F /* Products */,
			);
			sourceTree = "<group>";
		};
		63FAABF92AA011A90050BF9F /* Products */ = {
			isa = PBXGroup;
			children = (
				63FAABF82AA011A90050BF9F /* Harunstargram.app */,
			);
			name = Products;
			sourceTree = "<group>";
		};
		63FAABFA2AA011A90050BF9F /* Harunstargram */ = {
			isa = PBXGroup;
			children = (
				63FAABFB2AA011A90050BF9F /* AppDelegate.swift */,
				63FAABFD2AA011A90050BF9F /* SceneDelegate.swift */,
				63FAAC0F2AA012A10050BF9F /* Scenes */,
				63FAAC242AA013590050BF9F /* Base */,
				63FAAC2C2AA013FC0050BF9F /* Product */,
				63FAAC2F2AA0147F0050BF9F /* Protocol */,
				63FAAC292AA0137F0050BF9F /* Extension */,
				63FAAC042AA011AA0050BF9F /* Assets.xcassets */,
				63FAAC062AA011AA0050BF9F /* LaunchScreen.storyboard */,
				63FAAC092AA011AA0050BF9F /* Info.plist */,
			);
			path = Harunstargram;
			sourceTree = "<group>";
		};
		63FAAC0F2AA012A10050BF9F /* Scenes */ = {
			isa = PBXGroup;
			children = (
				63FAAC162AA012A10050BF9F /* MyProfile */,
				63FAAC102AA012A10050BF9F /* EditProfile */,
				63FAAC192AA012A10050BF9F /* ChangeName */,
				63FAAC132AA012A10050BF9F /* EditBio */,
			);
			path = Scenes;
			sourceTree = "<group>";
		};
		63FAAC102AA012A10050BF9F /* EditProfile */ = {
			isa = PBXGroup;
			children = (
				63FAAC112AA012A10050BF9F /* EditProfileView.swift */,
				63FAAC122AA012A10050BF9F /* EditProfileViewController.swift */,
			);
			path = EditProfile;
			sourceTree = "<group>";
		};
		63FAAC132AA012A10050BF9F /* EditBio */ = {
			isa = PBXGroup;
			children = (
				63FAAC142AA012A10050BF9F /* EditBioViewController.swift */,
				63FAAC152AA012A10050BF9F /* EditBioView.swift */,
			);
			path = EditBio;
			sourceTree = "<group>";
		};
		63FAAC162AA012A10050BF9F /* MyProfile */ = {
			isa = PBXGroup;
			children = (
				63FAAC172AA012A10050BF9F /* MyProfileView.swift */,
				63FAAC182AA012A10050BF9F /* MyProfileViewController.swift */,
			);
			path = MyProfile;
			sourceTree = "<group>";
		};
		63FAAC192AA012A10050BF9F /* ChangeName */ = {
			isa = PBXGroup;
			children = (
				63FAAC1B2AA012A10050BF9F /* ChangeNameView.swift */,
				63FAAC1A2AA012A10050BF9F /* ChangeNameViewController.swift */,
			);
			path = ChangeName;
			sourceTree = "<group>";
		};
		63FAAC242AA013590050BF9F /* Base */ = {
			isa = PBXGroup;
			children = (
				63FAAC252AA013590050BF9F /* BaseViewController.swift */,
				63FAAC262AA013590050BF9F /* BaseView.swift */,
			);
			name = Base;
			path = Harunstargram/Base;
			sourceTree = SOURCE_ROOT;
		};
		63FAAC292AA0137F0050BF9F /* Extension */ = {
			isa = PBXGroup;
			children = (
				63FAAC2A2AA013AE0050BF9F /* NotificationConter+.swift */,
			);
			path = Extension;
			sourceTree = "<group>";
		};
		63FAAC2C2AA013FC0050BF9F /* Product */ = {
			isa = PBXGroup;
			children = (
				63FAAC2D2AA014570050BF9F /* ProfileImageView.swift */,
			);
			path = Product;
			sourceTree = "<group>";
		};
		63FAAC2F2AA0147F0050BF9F /* Protocol */ = {
			isa = PBXGroup;
			children = (
				63FAAC302AA0147F0050BF9F /* DataPassDelegate.swift */,
			);
			path = Protocol;
			sourceTree = "<group>";
		};
/* End PBXGroup section */

/* Begin PBXNativeTarget section */
		63FAABF72AA011A90050BF9F /* Harunstargram */ = {
			isa = PBXNativeTarget;
			buildConfigurationList = 63FAAC0C2AA011AA0050BF9F /* Build configuration list for PBXNativeTarget "Harunstargram" */;
			buildPhases = (
				63FAABF42AA011A90050BF9F /* Sources */,
				63FAABF52AA011A90050BF9F /* Frameworks */,
				63FAABF62AA011A90050BF9F /* Resources */,
			);
			buildRules = (
			);
			dependencies = (
			);
			name = Harunstargram;
			productName = Harunstargram;
			productReference = 63FAABF82AA011A90050BF9F /* Harunstargram.app */;
			productType = "com.apple.product-type.application";
		};
/* End PBXNativeTarget section */

/* Begin PBXProject section */
		63FAABF02AA011A90050BF9F /* Project object */ = {
			isa = PBXProject;
			attributes = {
				BuildIndependentTargetsInParallel = 1;
				LastSwiftUpdateCheck = 1430;
				LastUpgradeCheck = 1430;
				TargetAttributes = {
					63FAABF72AA011A90050BF9F = {
						CreatedOnToolsVersion = 14.3.1;
					};
				};
			};
			buildConfigurationList = 63FAABF32AA011A90050BF9F /* Build configuration list for PBXProject "Harunstargram" */;
			compatibilityVersion = "Xcode 14.0";
			developmentRegion = en;
			hasScannedForEncodings = 0;
			knownRegions = (
				en,
				Base,
			);
			mainGroup = 63FAABEF2AA011A90050BF9F;
			productRefGroup = 63FAABF92AA011A90050BF9F /* Products */;
			projectDirPath = "";
			projectRoot = "";
			targets = (
				63FAABF72AA011A90050BF9F /* Harunstargram */,
			);
		};
/* End PBXProject section */

/* Begin PBXResourcesBuildPhase section */
		63FAABF62AA011A90050BF9F /* Resources */ = {
			isa = PBXResourcesBuildPhase;
			buildActionMask = 2147483647;
			files = (
				63FAAC082AA011AA0050BF9F /* LaunchScreen.storyboard in Resources */,
				63FAAC052AA011AA0050BF9F /* Assets.xcassets in Resources */,
			);
			runOnlyForDeploymentPostprocessing = 0;
		};
/* End PBXResourcesBuildPhase section */

/* Begin PBXSourcesBuildPhase section */
		63FAABF42AA011A90050BF9F /* Sources */ = {
			isa = PBXSourcesBuildPhase;
			buildActionMask = 2147483647;
			files = (
				63FAAC202AA012A10050BF9F /* MyProfileView.swift in Sources */,
				63FAAC282AA013590050BF9F /* BaseView.swift in Sources */,
				63FAAC2B2AA013AE0050BF9F /* NotificationConter+.swift in Sources */,
				63FAAC1F2AA012A10050BF9F /* EditBioView.swift in Sources */,
				63FAAC232AA012A10050BF9F /* ChangeNameView.swift in Sources */,
				63FAAC212AA012A10050BF9F /* MyProfileViewController.swift in Sources */,
				63FAAC272AA013590050BF9F /* BaseViewController.swift in Sources */,
				63FAABFC2AA011A90050BF9F /* AppDelegate.swift in Sources */,
				63FAAC1C2AA012A10050BF9F /* EditProfileView.swift in Sources */,
				63FAAC1D2AA012A10050BF9F /* EditProfileViewController.swift in Sources */,
				63FAAC222AA012A10050BF9F /* ChangeNameViewController.swift in Sources */,
				63FAAC2E2AA014570050BF9F /* ProfileImageView.swift in Sources */,
				63FAAC312AA0147F0050BF9F /* DataPassDelegate.swift in Sources */,
				63FAABFE2AA011A90050BF9F /* SceneDelegate.swift in Sources */,
				63FAAC1E2AA012A10050BF9F /* EditBioViewController.swift in Sources */,
			);
			runOnlyForDeploymentPostprocessing = 0;
		};
/* End PBXSourcesBuildPhase section */

/* Begin PBXVariantGroup section */
		63FAAC062AA011AA0050BF9F /* LaunchScreen.storyboard */ = {
			isa = PBXVariantGroup;
			children = (
				63FAAC072AA011AA0050BF9F /* Base */,
			);
			name = LaunchScreen.storyboard;
			sourceTree = "<group>";
		};
/* End PBXVariantGroup section */

/* Begin XCBuildConfiguration section */
		63FAAC0A2AA011AA0050BF9F /* Debug */ = {
			isa = XCBuildConfiguration;
			buildSettings = {
				ALWAYS_SEARCH_USER_PATHS = NO;
				CLANG_ANALYZER_NONNULL = YES;
				CLANG_ANALYZER_NUMBER_OBJECT_CONVERSION = YES_AGGRESSIVE;
				CLANG_CXX_LANGUAGE_STANDARD = "gnu++20";
				CLANG_ENABLE_MODULES = YES;
				CLANG_ENABLE_OBJC_ARC = YES;
				CLANG_ENABLE_OBJC_WEAK = YES;
				CLANG_WARN_BLOCK_CAPTURE_AUTORELEASING = YES;
				CLANG_WARN_BOOL_CONVERSION = YES;
				CLANG_WARN_COMMA = YES;
				CLANG_WARN_CONSTANT_CONVERSION = YES;
				CLANG_WARN_DEPRECATED_OBJC_IMPLEMENTATIONS = YES;
				CLANG_WARN_DIRECT_OBJC_ISA_USAGE = YES_ERROR;
				CLANG_WARN_DOCUMENTATION_COMMENTS = YES;
				CLANG_WARN_EMPTY_BODY = YES;
				CLANG_WARN_ENUM_CONVERSION = YES;
				CLANG_WARN_INFINITE_RECURSION = YES;
				CLANG_WARN_INT_CONVERSION = YES;
				CLANG_WARN_NON_LITERAL_NULL_CONVERSION = YES;
				CLANG_WARN_OBJC_IMPLICIT_RETAIN_SELF = YES;
				CLANG_WARN_OBJC_LITERAL_CONVERSION = YES;
				CLANG_WARN_OBJC_ROOT_CLASS = YES_ERROR;
				CLANG_WARN_QUOTED_INCLUDE_IN_FRAMEWORK_HEADER = YES;
				CLANG_WARN_RANGE_LOOP_ANALYSIS = YES;
				CLANG_WARN_STRICT_PROTOTYPES = YES;
				CLANG_WARN_SUSPICIOUS_MOVE = YES;
				CLANG_WARN_UNGUARDED_AVAILABILITY = YES_AGGRESSIVE;
				CLANG_WARN_UNREACHABLE_CODE = YES;
				CLANG_WARN__DUPLICATE_METHOD_MATCH = YES;
				COPY_PHASE_STRIP = NO;
				DEBUG_INFORMATION_FORMAT = dwarf;
				ENABLE_STRICT_OBJC_MSGSEND = YES;
				ENABLE_TESTABILITY = YES;
				GCC_C_LANGUAGE_STANDARD = gnu11;
				GCC_DYNAMIC_NO_PIC = NO;
				GCC_NO_COMMON_BLOCKS = YES;
				GCC_OPTIMIZATION_LEVEL = 0;
				GCC_PREPROCESSOR_DEFINITIONS = (
					"DEBUG=1",
					"$(inherited)",
				);
				GCC_WARN_64_TO_32_BIT_CONVERSION = YES;
				GCC_WARN_ABOUT_RETURN_TYPE = YES_ERROR;
				GCC_WARN_UNDECLARED_SELECTOR = YES;
				GCC_WARN_UNINITIALIZED_AUTOS = YES_AGGRESSIVE;
				GCC_WARN_UNUSED_FUNCTION = YES;
				GCC_WARN_UNUSED_VARIABLE = YES;
				IPHONEOS_DEPLOYMENT_TARGET = 16.4;
				MTL_ENABLE_DEBUG_INFO = INCLUDE_SOURCE;
				MTL_FAST_MATH = YES;
				ONLY_ACTIVE_ARCH = YES;
				SDKROOT = iphoneos;
				SWIFT_ACTIVE_COMPILATION_CONDITIONS = DEBUG;
				SWIFT_OPTIMIZATION_LEVEL = "-Onone";
			};
			name = Debug;
		};
		63FAAC0B2AA011AA0050BF9F /* Release */ = {
			isa = XCBuildConfiguration;
			buildSettings = {
				ALWAYS_SEARCH_USER_PATHS = NO;
				CLANG_ANALYZER_NONNULL = YES;
				CLANG_ANALYZER_NUMBER_OBJECT_CONVERSION = YES_AGGRESSIVE;
				CLANG_CXX_LANGUAGE_STANDARD = "gnu++20";
				CLANG_ENABLE_MODULES = YES;
				CLANG_ENABLE_OBJC_ARC = YES;
				CLANG_ENABLE_OBJC_WEAK = YES;
				CLANG_WARN_BLOCK_CAPTURE_AUTORELEASING = YES;
				CLANG_WARN_BOOL_CONVERSION = YES;
				CLANG_WARN_COMMA = YES;
				CLANG_WARN_CONSTANT_CONVERSION = YES;
				CLANG_WARN_DEPRECATED_OBJC_IMPLEMENTATIONS = YES;
				CLANG_WARN_DIRECT_OBJC_ISA_USAGE = YES_ERROR;
				CLANG_WARN_DOCUMENTATION_COMMENTS = YES;
				CLANG_WARN_EMPTY_BODY = YES;
				CLANG_WARN_ENUM_CONVERSION = YES;
				CLANG_WARN_INFINITE_RECURSION = YES;
				CLANG_WARN_INT_CONVERSION = YES;
				CLANG_WARN_NON_LITERAL_NULL_CONVERSION = YES;
				CLANG_WARN_OBJC_IMPLICIT_RETAIN_SELF = YES;
				CLANG_WARN_OBJC_LITERAL_CONVERSION = YES;
				CLANG_WARN_OBJC_ROOT_CLASS = YES_ERROR;
				CLANG_WARN_QUOTED_INCLUDE_IN_FRAMEWORK_HEADER = YES;
				CLANG_WARN_RANGE_LOOP_ANALYSIS = YES;
				CLANG_WARN_STRICT_PROTOTYPES = YES;
				CLANG_WARN_SUSPICIOUS_MOVE = YES;
				CLANG_WARN_UNGUARDED_AVAILABILITY = YES_AGGRESSIVE;
				CLANG_WARN_UNREACHABLE_CODE = YES;
				CLANG_WARN__DUPLICATE_METHOD_MATCH = YES;
				COPY_PHASE_STRIP = NO;
				DEBUG_INFORMATION_FORMAT = "dwarf-with-dsym";
				ENABLE_NS_ASSERTIONS = NO;
				ENABLE_STRICT_OBJC_MSGSEND = YES;
				GCC_C_LANGUAGE_STANDARD = gnu11;
				GCC_NO_COMMON_BLOCKS = YES;
				GCC_WARN_64_TO_32_BIT_CONVERSION = YES;
				GCC_WARN_ABOUT_RETURN_TYPE = YES_ERROR;
				GCC_WARN_UNDECLARED_SELECTOR = YES;
				GCC_WARN_UNINITIALIZED_AUTOS = YES_AGGRESSIVE;
				GCC_WARN_UNUSED_FUNCTION = YES;
				GCC_WARN_UNUSED_VARIABLE = YES;
				IPHONEOS_DEPLOYMENT_TARGET = 16.4;
				MTL_ENABLE_DEBUG_INFO = NO;
				MTL_FAST_MATH = YES;
				SDKROOT = iphoneos;
				SWIFT_COMPILATION_MODE = wholemodule;
				SWIFT_OPTIMIZATION_LEVEL = "-O";
				VALIDATE_PRODUCT = YES;
			};
			name = Release;
		};
		63FAAC0D2AA011AA0050BF9F /* Debug */ = {
			isa = XCBuildConfiguration;
			buildSettings = {
				ASSETCATALOG_COMPILER_APPICON_NAME = AppIcon;
				ASSETCATALOG_COMPILER_GLOBAL_ACCENT_COLOR_NAME = AccentColor;
				CODE_SIGN_STYLE = Automatic;
				CURRENT_PROJECT_VERSION = 1;
				GENERATE_INFOPLIST_FILE = YES;
				INFOPLIST_FILE = Harunstargram/Info.plist;
				INFOPLIST_KEY_UIApplicationSupportsIndirectInputEvents = YES;
				INFOPLIST_KEY_UILaunchStoryboardName = LaunchScreen;
				INFOPLIST_KEY_UISupportedInterfaceOrientations = UIInterfaceOrientationPortrait;
				INFOPLIST_KEY_UISupportedInterfaceOrientations_iPad = "UIInterfaceOrientationLandscapeLeft UIInterfaceOrientationLandscapeRight UIInterfaceOrientationPortrait UIInterfaceOrientationPortraitUpsideDown";
				LD_RUNPATH_SEARCH_PATHS = (
					"$(inherited)",
					"@executable_path/Frameworks",
				);
				MARKETING_VERSION = 1.0;
				PRODUCT_BUNDLE_IDENTIFIER = "com.steady-on.Harunstargram";
				PRODUCT_NAME = "$(TARGET_NAME)";
				SUPPORTED_PLATFORMS = "iphoneos iphonesimulator";
				SUPPORTS_MACCATALYST = NO;
				SUPPORTS_MAC_DESIGNED_FOR_IPHONE_IPAD = NO;
				SWIFT_EMIT_LOC_STRINGS = YES;
				SWIFT_VERSION = 5.0;
				TARGETED_DEVICE_FAMILY = 1;
			};
			name = Debug;
		};
		63FAAC0E2AA011AA0050BF9F /* Release */ = {
			isa = XCBuildConfiguration;
			buildSettings = {
				ASSETCATALOG_COMPILER_APPICON_NAME = AppIcon;
				ASSETCATALOG_COMPILER_GLOBAL_ACCENT_COLOR_NAME = AccentColor;
				CODE_SIGN_STYLE = Automatic;
				CURRENT_PROJECT_VERSION = 1;
				GENERATE_INFOPLIST_FILE = YES;
				INFOPLIST_FILE = Harunstargram/Info.plist;
				INFOPLIST_KEY_UIApplicationSupportsIndirectInputEvents = YES;
				INFOPLIST_KEY_UILaunchStoryboardName = LaunchScreen;
				INFOPLIST_KEY_UISupportedInterfaceOrientations = UIInterfaceOrientationPortrait;
				INFOPLIST_KEY_UISupportedInterfaceOrientations_iPad = "UIInterfaceOrientationLandscapeLeft UIInterfaceOrientationLandscapeRight UIInterfaceOrientationPortrait UIInterfaceOrientationPortraitUpsideDown";
				LD_RUNPATH_SEARCH_PATHS = (
					"$(inherited)",
					"@executable_path/Frameworks",
				);
				MARKETING_VERSION = 1.0;
				PRODUCT_BUNDLE_IDENTIFIER = "com.steady-on.Harunstargram";
				PRODUCT_NAME = "$(TARGET_NAME)";
				SUPPORTED_PLATFORMS = "iphoneos iphonesimulator";
				SUPPORTS_MACCATALYST = NO;
				SUPPORTS_MAC_DESIGNED_FOR_IPHONE_IPAD = NO;
				SWIFT_EMIT_LOC_STRINGS = YES;
				SWIFT_VERSION = 5.0;
				TARGETED_DEVICE_FAMILY = 1;
			};
			name = Release;
		};
/* End XCBuildConfiguration section */

/* Begin XCConfigurationList section */
		63FAABF32AA011A90050BF9F /* Build configuration list for PBXProject "Harunstargram" */ = {
			isa = XCConfigurationList;
			buildConfigurations = (
				63FAAC0A2AA011AA0050BF9F /* Debug */,
				63FAAC0B2AA011AA0050BF9F /* Release */,
			);
			defaultConfigurationIsVisible = 0;
			defaultConfigurationName = Release;
		};
		63FAAC0C2AA011AA0050BF9F /* Build configuration list for PBXNativeTarget "Harunstargram" */ = {
			isa = XCConfigurationList;
			buildConfigurations = (
				63FAAC0D2AA011AA0050BF9F /* Debug */,
				63FAAC0E2AA011AA0050BF9F /* Release */,
			);
			defaultConfigurationIsVisible = 0;
			defaultConfigurationName = Release;
		};
/* End XCConfigurationList section */
	};
	rootObject = 63FAABF02AA011A90050BF9F /* Project object */;
}
