// !$*UTF8*$!
{
	archiveVersion = 1;
	classes = {
	};
	objectVersion = 56;
	objects = {

/* Begin PBXBuildFile section */
		635459D42A8F4D5900125296 /* TintedLabel.swift in Sources */ = {isa = PBXBuildFile; fileRef = 635459D32A8F4D5900125296 /* TintedLabel.swift */; };
		635459D92A8F6E3E00125296 /* ReuseIdentifying.swift in Sources */ = {isa = PBXBuildFile; fileRef = 635459D82A8F6E3E00125296 /* ReuseIdentifying.swift */; };
		635459DB2A8F7A8500125296 /* UIImageView+.swift in Sources */ = {isa = PBXBuildFile; fileRef = 635459DA2A8F7A8500125296 /* UIImageView+.swift */; };
		635459DE2A8F815A00125296 /* MediaType.swift in Sources */ = {isa = PBXBuildFile; fileRef = 635459DD2A8F815A00125296 /* MediaType.swift */; };
		635459E02A8F866C00125296 /* TMDBData.swift in Sources */ = {isa = PBXBuildFile; fileRef = 635459DF2A8F866C00125296 /* TMDBData.swift */; };
		635459E22A8F896C00125296 /* Movie.swift in Sources */ = {isa = PBXBuildFile; fileRef = 635459E12A8F896C00125296 /* Movie.swift */; };
		635459E52A8F8AD000125296 /* TV.swift in Sources */ = {isa = PBXBuildFile; fileRef = 635459E42A8F8AD000125296 /* TV.swift */; };
		635459E92A8F8EE500125296 /* TMDBAPINetworkError.swift in Sources */ = {isa = PBXBuildFile; fileRef = 635459E82A8F8EE500125296 /* TMDBAPINetworkError.swift */; };
		635459EB2A8F96D100125296 /* MediaProtocol.swift in Sources */ = {isa = PBXBuildFile; fileRef = 635459EA2A8F96D100125296 /* MediaProtocol.swift */; };
		635459ED2A8F9E7C00125296 /* APIKey.swift in Sources */ = {isa = PBXBuildFile; fileRef = 635459EC2A8F9E7C00125296 /* APIKey.swift */; };
		635459EF2A8F9EFF00125296 /* TMDBEndpoint.swift in Sources */ = {isa = PBXBuildFile; fileRef = 635459EE2A8F9EFF00125296 /* TMDBEndpoint.swift */; };
		639EE1DA2A8CD1BB00A7B674 /* AppDelegate.swift in Sources */ = {isa = PBXBuildFile; fileRef = 639EE1D92A8CD1BB00A7B674 /* AppDelegate.swift */; };
		639EE1DC2A8CD1BB00A7B674 /* SceneDelegate.swift in Sources */ = {isa = PBXBuildFile; fileRef = 639EE1DB2A8CD1BB00A7B674 /* SceneDelegate.swift */; };
		639EE1DE2A8CD1BB00A7B674 /* ViewController.swift in Sources */ = {isa = PBXBuildFile; fileRef = 639EE1DD2A8CD1BB00A7B674 /* ViewController.swift */; };
		639EE1E12A8CD1BB00A7B674 /* Main.storyboard in Resources */ = {isa = PBXBuildFile; fileRef = 639EE1DF2A8CD1BB00A7B674 /* Main.storyboard */; };
		639EE1E32A8CD1BD00A7B674 /* Assets.xcassets in Resources */ = {isa = PBXBuildFile; fileRef = 639EE1E22A8CD1BD00A7B674 /* Assets.xcassets */; };
		639EE1E62A8CD1BD00A7B674 /* LaunchScreen.storyboard in Resources */ = {isa = PBXBuildFile; fileRef = 639EE1E42A8CD1BD00A7B674 /* LaunchScreen.storyboard */; };
/* End PBXBuildFile section */

/* Begin PBXFileReference section */
		635459D32A8F4D5900125296 /* TintedLabel.swift */ = {isa = PBXFileReference; lastKnownFileType = sourcecode.swift; path = TintedLabel.swift; sourceTree = "<group>"; };
		635459D82A8F6E3E00125296 /* ReuseIdentifying.swift */ = {isa = PBXFileReference; lastKnownFileType = sourcecode.swift; path = ReuseIdentifying.swift; sourceTree = "<group>"; };
		635459DA2A8F7A8500125296 /* UIImageView+.swift */ = {isa = PBXFileReference; lastKnownFileType = sourcecode.swift; path = "UIImageView+.swift"; sourceTree = "<group>"; };
		635459DD2A8F815A00125296 /* MediaType.swift */ = {isa = PBXFileReference; lastKnownFileType = sourcecode.swift; path = MediaType.swift; sourceTree = "<group>"; };
		635459DF2A8F866C00125296 /* TMDBData.swift */ = {isa = PBXFileReference; lastKnownFileType = sourcecode.swift; path = TMDBData.swift; sourceTree = "<group>"; };
		635459E12A8F896C00125296 /* Movie.swift */ = {isa = PBXFileReference; lastKnownFileType = sourcecode.swift; path = Movie.swift; sourceTree = "<group>"; };
		635459E42A8F8AD000125296 /* TV.swift */ = {isa = PBXFileReference; lastKnownFileType = sourcecode.swift; path = TV.swift; sourceTree = "<group>"; };
		635459E82A8F8EE500125296 /* TMDBAPINetworkError.swift */ = {isa = PBXFileReference; lastKnownFileType = sourcecode.swift; path = TMDBAPINetworkError.swift; sourceTree = "<group>"; };
		635459EA2A8F96D100125296 /* MediaProtocol.swift */ = {isa = PBXFileReference; lastKnownFileType = sourcecode.swift; path = MediaProtocol.swift; sourceTree = "<group>"; };
		635459EC2A8F9E7C00125296 /* APIKey.swift */ = {isa = PBXFileReference; fileEncoding = 4; lastKnownFileType = sourcecode.swift; name = APIKey.swift; path = ../../../../APIKey.swift; sourceTree = "<group>"; };
		635459EE2A8F9EFF00125296 /* TMDBEndpoint.swift */ = {isa = PBXFileReference; lastKnownFileType = sourcecode.swift; path = TMDBEndpoint.swift; sourceTree = "<group>"; };
		639EE1D62A8CD1BB00A7B674 /* AkiPedia.app */ = {isa = PBXFileReference; explicitFileType = wrapper.application; includeInIndex = 0; path = AkiPedia.app; sourceTree = BUILT_PRODUCTS_DIR; };
		639EE1D92A8CD1BB00A7B674 /* AppDelegate.swift */ = {isa = PBXFileReference; lastKnownFileType = sourcecode.swift; path = AppDelegate.swift; sourceTree = "<group>"; };
		639EE1DB2A8CD1BB00A7B674 /* SceneDelegate.swift */ = {isa = PBXFileReference; lastKnownFileType = sourcecode.swift; path = SceneDelegate.swift; sourceTree = "<group>"; };
		639EE1DD2A8CD1BB00A7B674 /* ViewController.swift */ = {isa = PBXFileReference; lastKnownFileType = sourcecode.swift; path = ViewController.swift; sourceTree = "<group>"; };
		639EE1E02A8CD1BB00A7B674 /* Base */ = {isa = PBXFileReference; lastKnownFileType = file.storyboard; name = Base; path = Base.lproj/Main.storyboard; sourceTree = "<group>"; };
		639EE1E22A8CD1BD00A7B674 /* Assets.xcassets */ = {isa = PBXFileReference; lastKnownFileType = folder.assetcatalog; path = Assets.xcassets; sourceTree = "<group>"; };
		639EE1E52A8CD1BD00A7B674 /* Base */ = {isa = PBXFileReference; lastKnownFileType = file.storyboard; name = Base; path = Base.lproj/LaunchScreen.storyboard; sourceTree = "<group>"; };
		639EE1E72A8CD1BD00A7B674 /* Info.plist */ = {isa = PBXFileReference; lastKnownFileType = text.plist.xml; path = Info.plist; sourceTree = "<group>"; };
/* End PBXFileReference section */

/* Begin PBXFrameworksBuildPhase section */
		639EE1D32A8CD1BB00A7B674 /* Frameworks */ = {
			isa = PBXFrameworksBuildPhase;
			buildActionMask = 2147483647;
			files = (
			);
			runOnlyForDeploymentPostprocessing = 0;
		};
/* End PBXFrameworksBuildPhase section */

/* Begin PBXGroup section */
		635459CC2A8F41A100125296 /* View */ = {
			isa = PBXGroup;
			children = (
				639EE1DF2A8CD1BB00A7B674 /* Main.storyboard */,
				635459CE2A8F489B00125296 /* MediaTableViewCell.swift */,
				635459CF2A8F489B00125296 /* MediaTableViewCell.xib */,
			);
			path = View;
			sourceTree = "<group>";
		};
		635459CD2A8F41B600125296 /* ViewController */ = {
			isa = PBXGroup;
			children = (
				639EE1DD2A8CD1BB00A7B674 /* ViewController.swift */,
			);
			path = ViewController;
			sourceTree = "<group>";
		};
		635459D22A8F4D3600125296 /* Product */ = {
			isa = PBXGroup;
			children = (
				635459D32A8F4D5900125296 /* TintedLabel.swift */,
			);
			path = Product;
			sourceTree = "<group>";
		};
		635459D72A8F6E2400125296 /* Extension */ = {
			isa = PBXGroup;
			children = (
				635459D82A8F6E3E00125296 /* ReuseIdentifying.swift */,
				635459DA2A8F7A8500125296 /* UIImageView+.swift */,
			);
			path = Extension;
			sourceTree = "<group>";
		};
		635459DC2A8F7CCA00125296 /* Model */ = {
			isa = PBXGroup;
			children = (
				635459DD2A8F815A00125296 /* MediaType.swift */,
				635459E12A8F896C00125296 /* Movie.swift */,
				635459E42A8F8AD000125296 /* TV.swift */,
				635459EA2A8F96D100125296 /* MediaProtocol.swift */,
			);
			path = Model;
			sourceTree = "<group>";
		};
		635459E32A8F899900125296 /* Network */ = {
			isa = PBXGroup;
			children = (
				635459EC2A8F9E7C00125296 /* APIKey.swift */,
				635459DF2A8F866C00125296 /* TMDBData.swift */,
				635459E82A8F8EE500125296 /* TMDBAPINetworkError.swift */,
				635459EE2A8F9EFF00125296 /* TMDBEndpoint.swift */,
			);
			path = Network;
			sourceTree = "<group>";
		};
		639EE1CD2A8CD1BB00A7B674 = {
			isa = PBXGroup;
			children = (
				639EE1D82A8CD1BB00A7B674 /* AkiPedia */,
				639EE1D72A8CD1BB00A7B674 /* Products */,
			);
			sourceTree = "<group>";
		};
		639EE1D72A8CD1BB00A7B674 /* Products */ = {
			isa = PBXGroup;
			children = (
				639EE1D62A8CD1BB00A7B674 /* AkiPedia.app */,
			);
			name = Products;
			sourceTree = "<group>";
		};
		639EE1D82A8CD1BB00A7B674 /* AkiPedia */ = {
			isa = PBXGroup;
			children = (
				639EE1D92A8CD1BB00A7B674 /* AppDelegate.swift */,
				639EE1DB2A8CD1BB00A7B674 /* SceneDelegate.swift */,
				639EE1DD2A8CD1BB00A7B674 /* ViewController.swift */,
				639EE1DF2A8CD1BB00A7B674 /* Main.storyboard */,
				635459DC2A8F7CCA00125296 /* Model */,
				635459E32A8F899900125296 /* Network */,
				635459D22A8F4D3600125296 /* Product */,
				635459D72A8F6E2400125296 /* Extension */,
				639EE1E22A8CD1BD00A7B674 /* Assets.xcassets */,
				639EE1E42A8CD1BD00A7B674 /* LaunchScreen.storyboard */,
				639EE1E72A8CD1BD00A7B674 /* Info.plist */,
			);
			path = AkiPedia;
			sourceTree = "<group>";
		};
/* End PBXGroup section */

/* Begin PBXNativeTarget section */
		639EE1D52A8CD1BB00A7B674 /* AkiPedia */ = {
			isa = PBXNativeTarget;
			buildConfigurationList = 639EE1EA2A8CD1BD00A7B674 /* Build configuration list for PBXNativeTarget "AkiPedia" */;
			buildPhases = (
				639EE1D22A8CD1BB00A7B674 /* Sources */,
				639EE1D32A8CD1BB00A7B674 /* Frameworks */,
				639EE1D42A8CD1BB00A7B674 /* Resources */,
			);
			buildRules = (
			);
			dependencies = (
			);
			name = AkiPedia;
			productName = AkiPedia;
			productReference = 639EE1D62A8CD1BB00A7B674 /* AkiPedia.app */;
			productType = "com.apple.product-type.application";
		};
/* End PBXNativeTarget section */

/* Begin PBXProject section */
		639EE1CE2A8CD1BB00A7B674 /* Project object */ = {
			isa = PBXProject;
			attributes = {
				BuildIndependentTargetsInParallel = 1;
				LastSwiftUpdateCheck = 1430;
				LastUpgradeCheck = 1430;
				TargetAttributes = {
					639EE1D52A8CD1BB00A7B674 = {
						CreatedOnToolsVersion = 14.3.1;
					};
				};
			};
			buildConfigurationList = 639EE1D12A8CD1BB00A7B674 /* Build configuration list for PBXProject "AkiPedia" */;
			compatibilityVersion = "Xcode 14.0";
			developmentRegion = en;
			hasScannedForEncodings = 0;
			knownRegions = (
				en,
				Base,
			);
			mainGroup = 639EE1CD2A8CD1BB00A7B674;
			productRefGroup = 639EE1D72A8CD1BB00A7B674 /* Products */;
			projectDirPath = "";
			projectRoot = "";
			targets = (
				639EE1D52A8CD1BB00A7B674 /* AkiPedia */,
			);
		};
/* End PBXProject section */

/* Begin PBXResourcesBuildPhase section */
		639EE1D42A8CD1BB00A7B674 /* Resources */ = {
			isa = PBXResourcesBuildPhase;
			buildActionMask = 2147483647;
			files = (
				639EE1E62A8CD1BD00A7B674 /* LaunchScreen.storyboard in Resources */,
				639EE1E32A8CD1BD00A7B674 /* Assets.xcassets in Resources */,
				639EE1E12A8CD1BB00A7B674 /* Main.storyboard in Resources */,
			);
			runOnlyForDeploymentPostprocessing = 0;
		};
/* End PBXResourcesBuildPhase section */

/* Begin PBXSourcesBuildPhase section */
		639EE1D22A8CD1BB00A7B674 /* Sources */ = {
			isa = PBXSourcesBuildPhase;
			buildActionMask = 2147483647;
			files = (
				635459DE2A8F815A00125296 /* MediaType.swift in Sources */,
				635459D92A8F6E3E00125296 /* ReuseIdentifying.swift in Sources */,
				639EE1DE2A8CD1BB00A7B674 /* ViewController.swift in Sources */,
				639EE1DA2A8CD1BB00A7B674 /* AppDelegate.swift in Sources */,
				635459EB2A8F96D100125296 /* MediaProtocol.swift in Sources */,
				635459EF2A8F9EFF00125296 /* TMDBEndpoint.swift in Sources */,
				635459E02A8F866C00125296 /* TMDBData.swift in Sources */,
				635459E52A8F8AD000125296 /* TV.swift in Sources */,
				635459D42A8F4D5900125296 /* TintedLabel.swift in Sources */,
				635459E92A8F8EE500125296 /* TMDBAPINetworkError.swift in Sources */,
				635459DB2A8F7A8500125296 /* UIImageView+.swift in Sources */,
				635459ED2A8F9E7C00125296 /* APIKey.swift in Sources */,
				639EE1DC2A8CD1BB00A7B674 /* SceneDelegate.swift in Sources */,
				635459E22A8F896C00125296 /* Movie.swift in Sources */,
			);
			runOnlyForDeploymentPostprocessing = 0;
		};
/* End PBXSourcesBuildPhase section */

/* Begin PBXVariantGroup section */
		639EE1DF2A8CD1BB00A7B674 /* Main.storyboard */ = {
			isa = PBXVariantGroup;
			children = (
				639EE1E02A8CD1BB00A7B674 /* Base */,
			);
			name = Main.storyboard;
			sourceTree = "<group>";
		};
		639EE1E42A8CD1BD00A7B674 /* LaunchScreen.storyboard */ = {
			isa = PBXVariantGroup;
			children = (
				639EE1E52A8CD1BD00A7B674 /* Base */,
			);
			name = LaunchScreen.storyboard;
			sourceTree = "<group>";
		};
/* End PBXVariantGroup section */

/* Begin XCBuildConfiguration section */
		639EE1E82A8CD1BD00A7B674 /* Debug */ = {
			isa = XCBuildConfiguration;
			buildSettings = {
				ALWAYS_SEARCH_USER_PATHS = NO;
				CLANG_ANALYZER_NONNULL = YES;
				CLANG_ANALYZER_NUMBER_OBJECT_CONVERSION = YES_AGGRESSIVE;
				CLANG_CXX_LANGUAGE_STANDARD = "gnu++20";
				CLANG_ENABLE_MODULES = YES;
				CLANG_ENABLE_OBJC_ARC = YES;
				CLANG_ENABLE_OBJC_WEAK = YES;
				CLANG_WARN_BLOCK_CAPTURE_AUTORELEASING = YES;
				CLANG_WARN_BOOL_CONVERSION = YES;
				CLANG_WARN_COMMA = YES;
				CLANG_WARN_CONSTANT_CONVERSION = YES;
				CLANG_WARN_DEPRECATED_OBJC_IMPLEMENTATIONS = YES;
				CLANG_WARN_DIRECT_OBJC_ISA_USAGE = YES_ERROR;
				CLANG_WARN_DOCUMENTATION_COMMENTS = YES;
				CLANG_WARN_EMPTY_BODY = YES;
				CLANG_WARN_ENUM_CONVERSION = YES;
				CLANG_WARN_INFINITE_RECURSION = YES;
				CLANG_WARN_INT_CONVERSION = YES;
				CLANG_WARN_NON_LITERAL_NULL_CONVERSION = YES;
				CLANG_WARN_OBJC_IMPLICIT_RETAIN_SELF = YES;
				CLANG_WARN_OBJC_LITERAL_CONVERSION = YES;
				CLANG_WARN_OBJC_ROOT_CLASS = YES_ERROR;
				CLANG_WARN_QUOTED_INCLUDE_IN_FRAMEWORK_HEADER = YES;
				CLANG_WARN_RANGE_LOOP_ANALYSIS = YES;
				CLANG_WARN_STRICT_PROTOTYPES = YES;
				CLANG_WARN_SUSPICIOUS_MOVE = YES;
				CLANG_WARN_UNGUARDED_AVAILABILITY = YES_AGGRESSIVE;
				CLANG_WARN_UNREACHABLE_CODE = YES;
				CLANG_WARN__DUPLICATE_METHOD_MATCH = YES;
				COPY_PHASE_STRIP = NO;
				DEBUG_INFORMATION_FORMAT = dwarf;
				ENABLE_STRICT_OBJC_MSGSEND = YES;
				ENABLE_TESTABILITY = YES;
				GCC_C_LANGUAGE_STANDARD = gnu11;
				GCC_DYNAMIC_NO_PIC = NO;
				GCC_NO_COMMON_BLOCKS = YES;
				GCC_OPTIMIZATION_LEVEL = 0;
				GCC_PREPROCESSOR_DEFINITIONS = (
					"DEBUG=1",
					"$(inherited)",
				);
				GCC_WARN_64_TO_32_BIT_CONVERSION = YES;
				GCC_WARN_ABOUT_RETURN_TYPE = YES_ERROR;
				GCC_WARN_UNDECLARED_SELECTOR = YES;
				GCC_WARN_UNINITIALIZED_AUTOS = YES_AGGRESSIVE;
				GCC_WARN_UNUSED_FUNCTION = YES;
				GCC_WARN_UNUSED_VARIABLE = YES;
				IPHONEOS_DEPLOYMENT_TARGET = 16.4;
				MTL_ENABLE_DEBUG_INFO = INCLUDE_SOURCE;
				MTL_FAST_MATH = YES;
				ONLY_ACTIVE_ARCH = YES;
				SDKROOT = iphoneos;
				SWIFT_ACTIVE_COMPILATION_CONDITIONS = DEBUG;
				SWIFT_OPTIMIZATION_LEVEL = "-Onone";
			};
			name = Debug;
		};
		639EE1E92A8CD1BD00A7B674 /* Release */ = {
			isa = XCBuildConfiguration;
			buildSettings = {
				ALWAYS_SEARCH_USER_PATHS = NO;
				CLANG_ANALYZER_NONNULL = YES;
				CLANG_ANALYZER_NUMBER_OBJECT_CONVERSION = YES_AGGRESSIVE;
				CLANG_CXX_LANGUAGE_STANDARD = "gnu++20";
				CLANG_ENABLE_MODULES = YES;
				CLANG_ENABLE_OBJC_ARC = YES;
				CLANG_ENABLE_OBJC_WEAK = YES;
				CLANG_WARN_BLOCK_CAPTURE_AUTORELEASING = YES;
				CLANG_WARN_BOOL_CONVERSION = YES;
				CLANG_WARN_COMMA = YES;
				CLANG_WARN_CONSTANT_CONVERSION = YES;
				CLANG_WARN_DEPRECATED_OBJC_IMPLEMENTATIONS = YES;
				CLANG_WARN_DIRECT_OBJC_ISA_USAGE = YES_ERROR;
				CLANG_WARN_DOCUMENTATION_COMMENTS = YES;
				CLANG_WARN_EMPTY_BODY = YES;
				CLANG_WARN_ENUM_CONVERSION = YES;
				CLANG_WARN_INFINITE_RECURSION = YES;
				CLANG_WARN_INT_CONVERSION = YES;
				CLANG_WARN_NON_LITERAL_NULL_CONVERSION = YES;
				CLANG_WARN_OBJC_IMPLICIT_RETAIN_SELF = YES;
				CLANG_WARN_OBJC_LITERAL_CONVERSION = YES;
				CLANG_WARN_OBJC_ROOT_CLASS = YES_ERROR;
				CLANG_WARN_QUOTED_INCLUDE_IN_FRAMEWORK_HEADER = YES;
				CLANG_WARN_RANGE_LOOP_ANALYSIS = YES;
				CLANG_WARN_STRICT_PROTOTYPES = YES;
				CLANG_WARN_SUSPICIOUS_MOVE = YES;
				CLANG_WARN_UNGUARDED_AVAILABILITY = YES_AGGRESSIVE;
				CLANG_WARN_UNREACHABLE_CODE = YES;
				CLANG_WARN__DUPLICATE_METHOD_MATCH = YES;
				COPY_PHASE_STRIP = NO;
				DEBUG_INFORMATION_FORMAT = "dwarf-with-dsym";
				ENABLE_NS_ASSERTIONS = NO;
				ENABLE_STRICT_OBJC_MSGSEND = YES;
				GCC_C_LANGUAGE_STANDARD = gnu11;
				GCC_NO_COMMON_BLOCKS = YES;
				GCC_WARN_64_TO_32_BIT_CONVERSION = YES;
				GCC_WARN_ABOUT_RETURN_TYPE = YES_ERROR;
				GCC_WARN_UNDECLARED_SELECTOR = YES;
				GCC_WARN_UNINITIALIZED_AUTOS = YES_AGGRESSIVE;
				GCC_WARN_UNUSED_FUNCTION = YES;
				GCC_WARN_UNUSED_VARIABLE = YES;
				IPHONEOS_DEPLOYMENT_TARGET = 16.4;
				MTL_ENABLE_DEBUG_INFO = NO;
				MTL_FAST_MATH = YES;
				SDKROOT = iphoneos;
				SWIFT_COMPILATION_MODE = wholemodule;
				SWIFT_OPTIMIZATION_LEVEL = "-O";
				VALIDATE_PRODUCT = YES;
			};
			name = Release;
		};
		639EE1EB2A8CD1BD00A7B674 /* Debug */ = {
			isa = XCBuildConfiguration;
			buildSettings = {
				ASSETCATALOG_COMPILER_APPICON_NAME = AppIcon;
				ASSETCATALOG_COMPILER_GLOBAL_ACCENT_COLOR_NAME = AccentColor;
				CODE_SIGN_STYLE = Automatic;
				CURRENT_PROJECT_VERSION = 1;
				GENERATE_INFOPLIST_FILE = YES;
				INFOPLIST_FILE = AkiPedia/Info.plist;
				INFOPLIST_KEY_UIApplicationSupportsIndirectInputEvents = YES;
				INFOPLIST_KEY_UILaunchStoryboardName = LaunchScreen;
				INFOPLIST_KEY_UIMainStoryboardFile = Main;
				INFOPLIST_KEY_UISupportedInterfaceOrientations_iPad = "UIInterfaceOrientationPortrait UIInterfaceOrientationPortraitUpsideDown UIInterfaceOrientationLandscapeLeft UIInterfaceOrientationLandscapeRight";
				INFOPLIST_KEY_UISupportedInterfaceOrientations_iPhone = "UIInterfaceOrientationPortrait UIInterfaceOrientationLandscapeLeft UIInterfaceOrientationLandscapeRight";
				LD_RUNPATH_SEARCH_PATHS = (
					"$(inherited)",
					"@executable_path/Frameworks",
				);
				MARKETING_VERSION = 1.0;
				PRODUCT_BUNDLE_IDENTIFIER = "com.steady-on.AkiPedia";
				PRODUCT_NAME = "$(TARGET_NAME)";
				SWIFT_EMIT_LOC_STRINGS = YES;
				SWIFT_VERSION = 5.0;
				TARGETED_DEVICE_FAMILY = "1,2";
			};
			name = Debug;
		};
		639EE1EC2A8CD1BD00A7B674 /* Release */ = {
			isa = XCBuildConfiguration;
			buildSettings = {
				ASSETCATALOG_COMPILER_APPICON_NAME = AppIcon;
				ASSETCATALOG_COMPILER_GLOBAL_ACCENT_COLOR_NAME = AccentColor;
				CODE_SIGN_STYLE = Automatic;
				CURRENT_PROJECT_VERSION = 1;
				GENERATE_INFOPLIST_FILE = YES;
				INFOPLIST_FILE = AkiPedia/Info.plist;
				INFOPLIST_KEY_UIApplicationSupportsIndirectInputEvents = YES;
				INFOPLIST_KEY_UILaunchStoryboardName = LaunchScreen;
				INFOPLIST_KEY_UIMainStoryboardFile = Main;
				INFOPLIST_KEY_UISupportedInterfaceOrientations_iPad = "UIInterfaceOrientationPortrait UIInterfaceOrientationPortraitUpsideDown UIInterfaceOrientationLandscapeLeft UIInterfaceOrientationLandscapeRight";
				INFOPLIST_KEY_UISupportedInterfaceOrientations_iPhone = "UIInterfaceOrientationPortrait UIInterfaceOrientationLandscapeLeft UIInterfaceOrientationLandscapeRight";
				LD_RUNPATH_SEARCH_PATHS = (
					"$(inherited)",
					"@executable_path/Frameworks",
				);
				MARKETING_VERSION = 1.0;
				PRODUCT_BUNDLE_IDENTIFIER = "com.steady-on.AkiPedia";
				PRODUCT_NAME = "$(TARGET_NAME)";
				SWIFT_EMIT_LOC_STRINGS = YES;
				SWIFT_VERSION = 5.0;
				TARGETED_DEVICE_FAMILY = "1,2";
			};
			name = Release;
		};
/* End XCBuildConfiguration section */

/* Begin XCConfigurationList section */
		639EE1D12A8CD1BB00A7B674 /* Build configuration list for PBXProject "AkiPedia" */ = {
			isa = XCConfigurationList;
			buildConfigurations = (
				639EE1E82A8CD1BD00A7B674 /* Debug */,
				639EE1E92A8CD1BD00A7B674 /* Release */,
			);
			defaultConfigurationIsVisible = 0;
			defaultConfigurationName = Release;
		};
		639EE1EA2A8CD1BD00A7B674 /* Build configuration list for PBXNativeTarget "AkiPedia" */ = {
			isa = XCConfigurationList;
			buildConfigurations = (
				639EE1EB2A8CD1BD00A7B674 /* Debug */,
				639EE1EC2A8CD1BD00A7B674 /* Release */,
			);
			defaultConfigurationIsVisible = 0;
			defaultConfigurationName = Release;
		};
/* End XCConfigurationList section */
	};
	rootObject = 639EE1CE2A8CD1BB00A7B674 /* Project object */;
}
