// !$*UTF8*$!
{
	archiveVersion = 1;
	classes = {
	};
	objectVersion = 56;
	objects = {

/* Begin PBXBuildFile section */
		63545A2A2A93370600125296 /* AppDelegate.swift in Sources */ = {isa = PBXBuildFile; fileRef = 63545A292A93370600125296 /* AppDelegate.swift */; };
		63545A2C2A93370600125296 /* SceneDelegate.swift in Sources */ = {isa = PBXBuildFile; fileRef = 63545A2B2A93370600125296 /* SceneDelegate.swift */; };
		63545A2E2A93370600125296 /* TrendRankingViewController.swift in Sources */ = {isa = PBXBuildFile; fileRef = 63545A2D2A93370600125296 /* TrendRankingViewController.swift */; };
		63545A312A93370600125296 /* Main.storyboard in Resources */ = {isa = PBXBuildFile; fileRef = 63545A2F2A93370600125296 /* Main.storyboard */; };
		63545A332A93370800125296 /* Assets.xcassets in Resources */ = {isa = PBXBuildFile; fileRef = 63545A322A93370800125296 /* Assets.xcassets */; };
		63545A362A93370800125296 /* LaunchScreen.storyboard in Resources */ = {isa = PBXBuildFile; fileRef = 63545A342A93370800125296 /* LaunchScreen.storyboard */; };
		63545A3E2A9337C800125296 /* APIKey.swift in Sources */ = {isa = PBXBuildFile; fileRef = 63545A3D2A9337C800125296 /* APIKey.swift */; };
		63545A462A933C9B00125296 /* TrendRankingTableViewCell.swift in Sources */ = {isa = PBXBuildFile; fileRef = 63545A442A933C9B00125296 /* TrendRankingTableViewCell.swift */; };
		63545A472A933C9B00125296 /* TrendRankingTableViewCell.xib in Resources */ = {isa = PBXBuildFile; fileRef = 63545A452A933C9B00125296 /* TrendRankingTableViewCell.xib */; };
/* End PBXBuildFile section */

/* Begin PBXFileReference section */
		63545A262A93370600125296 /* AkiPedia.app */ = {isa = PBXFileReference; explicitFileType = wrapper.application; includeInIndex = 0; path = AkiPedia.app; sourceTree = BUILT_PRODUCTS_DIR; };
		63545A292A93370600125296 /* AppDelegate.swift */ = {isa = PBXFileReference; lastKnownFileType = sourcecode.swift; path = AppDelegate.swift; sourceTree = "<group>"; };
		63545A2B2A93370600125296 /* SceneDelegate.swift */ = {isa = PBXFileReference; lastKnownFileType = sourcecode.swift; path = SceneDelegate.swift; sourceTree = "<group>"; };
		63545A2D2A93370600125296 /* TrendRankingViewController.swift */ = {isa = PBXFileReference; lastKnownFileType = sourcecode.swift; path = TrendRankingViewController.swift; sourceTree = "<group>"; };
		63545A302A93370600125296 /* Base */ = {isa = PBXFileReference; lastKnownFileType = file.storyboard; name = Base; path = Base.lproj/Main.storyboard; sourceTree = "<group>"; };
		63545A322A93370800125296 /* Assets.xcassets */ = {isa = PBXFileReference; lastKnownFileType = folder.assetcatalog; path = Assets.xcassets; sourceTree = "<group>"; };
		63545A352A93370800125296 /* Base */ = {isa = PBXFileReference; lastKnownFileType = file.storyboard; name = Base; path = Base.lproj/LaunchScreen.storyboard; sourceTree = "<group>"; };
		63545A372A93370800125296 /* Info.plist */ = {isa = PBXFileReference; lastKnownFileType = text.plist.xml; path = Info.plist; sourceTree = "<group>"; };
		63545A3D2A9337C800125296 /* APIKey.swift */ = {isa = PBXFileReference; fileEncoding = 4; lastKnownFileType = sourcecode.swift; path = APIKey.swift; sourceTree = "<group>"; };
		63545A442A933C9B00125296 /* TrendRankingTableViewCell.swift */ = {isa = PBXFileReference; lastKnownFileType = sourcecode.swift; path = TrendRankingTableViewCell.swift; sourceTree = "<group>"; };
		63545A452A933C9B00125296 /* TrendRankingTableViewCell.xib */ = {isa = PBXFileReference; lastKnownFileType = file.xib; path = TrendRankingTableViewCell.xib; sourceTree = "<group>"; };
/* End PBXFileReference section */

/* Begin PBXFrameworksBuildPhase section */
		63545A232A93370600125296 /* Frameworks */ = {
			isa = PBXFrameworksBuildPhase;
			buildActionMask = 2147483647;
			files = (
			);
			runOnlyForDeploymentPostprocessing = 0;
		};
/* End PBXFrameworksBuildPhase section */

/* Begin PBXGroup section */
		63545A1D2A93370600125296 = {
			isa = PBXGroup;
			children = (
				63545A282A93370600125296 /* AkiPedia */,
				63545A272A93370600125296 /* Products */,
			);
			sourceTree = "<group>";
		};
		63545A272A93370600125296 /* Products */ = {
			isa = PBXGroup;
			children = (
				63545A262A93370600125296 /* AkiPedia.app */,
			);
			name = Products;
			sourceTree = "<group>";
		};
		63545A282A93370600125296 /* AkiPedia */ = {
			isa = PBXGroup;
			children = (
				63545A292A93370600125296 /* AppDelegate.swift */,
				63545A2B2A93370600125296 /* SceneDelegate.swift */,
				63545A3F2A9337F900125296 /* View */,
				63545A402A9337FF00125296 /* ViewController */,
				63545A482A934FCF00125296 /* Product */,
				63545A412A93380F00125296 /* Network */,
				63545A322A93370800125296 /* Assets.xcassets */,
				63545A342A93370800125296 /* LaunchScreen.storyboard */,
				63545A372A93370800125296 /* Info.plist */,
			);
			path = AkiPedia;
			sourceTree = "<group>";
		};
		63545A3F2A9337F900125296 /* View */ = {
			isa = PBXGroup;
			children = (
				63545A2F2A93370600125296 /* Main.storyboard */,
				63545A442A933C9B00125296 /* TrendRankingTableViewCell.swift */,
				63545A452A933C9B00125296 /* TrendRankingTableViewCell.xib */,
			);
			path = View;
			sourceTree = "<group>";
		};
		63545A402A9337FF00125296 /* ViewController */ = {
			isa = PBXGroup;
			children = (
				63545A2D2A93370600125296 /* TrendRankingViewController.swift */,
			);
			path = ViewController;
			sourceTree = "<group>";
		};
		63545A412A93380F00125296 /* Network */ = {
			isa = PBXGroup;
			children = (
				63545A3D2A9337C800125296 /* APIKey.swift */,
			);
			path = Network;
			sourceTree = "<group>";
		};
		63545A482A934FCF00125296 /* Product */ = {
			isa = PBXGroup;
			children = (
			);
			path = Product;
			sourceTree = "<group>";
		};
/* End PBXGroup section */

/* Begin PBXNativeTarget section */
		63545A252A93370600125296 /* AkiPedia */ = {
			isa = PBXNativeTarget;
			buildConfigurationList = 63545A3A2A93370800125296 /* Build configuration list for PBXNativeTarget "AkiPedia" */;
			buildPhases = (
				63545A222A93370600125296 /* Sources */,
				63545A232A93370600125296 /* Frameworks */,
				63545A242A93370600125296 /* Resources */,
			);
			buildRules = (
			);
			dependencies = (
			);
			name = AkiPedia;
			productName = AkiPedia;
			productReference = 63545A262A93370600125296 /* AkiPedia.app */;
			productType = "com.apple.product-type.application";
		};
/* End PBXNativeTarget section */

/* Begin PBXProject section */
		63545A1E2A93370600125296 /* Project object */ = {
			isa = PBXProject;
			attributes = {
				BuildIndependentTargetsInParallel = 1;
				LastSwiftUpdateCheck = 1430;
				LastUpgradeCheck = 1430;
				TargetAttributes = {
					63545A252A93370600125296 = {
						CreatedOnToolsVersion = 14.3.1;
					};
				};
			};
			buildConfigurationList = 63545A212A93370600125296 /* Build configuration list for PBXProject "AkiPedia" */;
			compatibilityVersion = "Xcode 14.0";
			developmentRegion = en;
			hasScannedForEncodings = 0;
			knownRegions = (
				en,
				Base,
			);
			mainGroup = 63545A1D2A93370600125296;
			productRefGroup = 63545A272A93370600125296 /* Products */;
			projectDirPath = "";
			projectRoot = "";
			targets = (
				63545A252A93370600125296 /* AkiPedia */,
			);
		};
/* End PBXProject section */

/* Begin PBXResourcesBuildPhase section */
		63545A242A93370600125296 /* Resources */ = {
			isa = PBXResourcesBuildPhase;
			buildActionMask = 2147483647;
			files = (
				63545A472A933C9B00125296 /* TrendRankingTableViewCell.xib in Resources */,
				63545A362A93370800125296 /* LaunchScreen.storyboard in Resources */,
				63545A332A93370800125296 /* Assets.xcassets in Resources */,
				63545A312A93370600125296 /* Main.storyboard in Resources */,
			);
			runOnlyForDeploymentPostprocessing = 0;
		};
/* End PBXResourcesBuildPhase section */

/* Begin PBXSourcesBuildPhase section */
		63545A222A93370600125296 /* Sources */ = {
			isa = PBXSourcesBuildPhase;
			buildActionMask = 2147483647;
			files = (
				63545A462A933C9B00125296 /* TrendRankingTableViewCell.swift in Sources */,
				63545A2E2A93370600125296 /* TrendRankingViewController.swift in Sources */,
				63545A2A2A93370600125296 /* AppDelegate.swift in Sources */,
				63545A3E2A9337C800125296 /* APIKey.swift in Sources */,
				63545A2C2A93370600125296 /* SceneDelegate.swift in Sources */,
			);
			runOnlyForDeploymentPostprocessing = 0;
		};
/* End PBXSourcesBuildPhase section */

/* Begin PBXVariantGroup section */
		63545A2F2A93370600125296 /* Main.storyboard */ = {
			isa = PBXVariantGroup;
			children = (
				63545A302A93370600125296 /* Base */,
			);
			name = Main.storyboard;
			sourceTree = "<group>";
		};
		63545A342A93370800125296 /* LaunchScreen.storyboard */ = {
			isa = PBXVariantGroup;
			children = (
				63545A352A93370800125296 /* Base */,
			);
			name = LaunchScreen.storyboard;
			sourceTree = "<group>";
		};
/* End PBXVariantGroup section */

/* Begin XCBuildConfiguration section */
		63545A382A93370800125296 /* Debug */ = {
			isa = XCBuildConfiguration;
			buildSettings = {
				ALWAYS_SEARCH_USER_PATHS = NO;
				CLANG_ANALYZER_NONNULL = YES;
				CLANG_ANALYZER_NUMBER_OBJECT_CONVERSION = YES_AGGRESSIVE;
				CLANG_CXX_LANGUAGE_STANDARD = "gnu++20";
				CLANG_ENABLE_MODULES = YES;
				CLANG_ENABLE_OBJC_ARC = YES;
				CLANG_ENABLE_OBJC_WEAK = YES;
				CLANG_WARN_BLOCK_CAPTURE_AUTORELEASING = YES;
				CLANG_WARN_BOOL_CONVERSION = YES;
				CLANG_WARN_COMMA = YES;
				CLANG_WARN_CONSTANT_CONVERSION = YES;
				CLANG_WARN_DEPRECATED_OBJC_IMPLEMENTATIONS = YES;
				CLANG_WARN_DIRECT_OBJC_ISA_USAGE = YES_ERROR;
				CLANG_WARN_DOCUMENTATION_COMMENTS = YES;
				CLANG_WARN_EMPTY_BODY = YES;
				CLANG_WARN_ENUM_CONVERSION = YES;
				CLANG_WARN_INFINITE_RECURSION = YES;
				CLANG_WARN_INT_CONVERSION = YES;
				CLANG_WARN_NON_LITERAL_NULL_CONVERSION = YES;
				CLANG_WARN_OBJC_IMPLICIT_RETAIN_SELF = YES;
				CLANG_WARN_OBJC_LITERAL_CONVERSION = YES;
				CLANG_WARN_OBJC_ROOT_CLASS = YES_ERROR;
				CLANG_WARN_QUOTED_INCLUDE_IN_FRAMEWORK_HEADER = YES;
				CLANG_WARN_RANGE_LOOP_ANALYSIS = YES;
				CLANG_WARN_STRICT_PROTOTYPES = YES;
				CLANG_WARN_SUSPICIOUS_MOVE = YES;
				CLANG_WARN_UNGUARDED_AVAILABILITY = YES_AGGRESSIVE;
				CLANG_WARN_UNREACHABLE_CODE = YES;
				CLANG_WARN__DUPLICATE_METHOD_MATCH = YES;
				COPY_PHASE_STRIP = NO;
				DEBUG_INFORMATION_FORMAT = dwarf;
				ENABLE_STRICT_OBJC_MSGSEND = YES;
				ENABLE_TESTABILITY = YES;
				GCC_C_LANGUAGE_STANDARD = gnu11;
				GCC_DYNAMIC_NO_PIC = NO;
				GCC_NO_COMMON_BLOCKS = YES;
				GCC_OPTIMIZATION_LEVEL = 0;
				GCC_PREPROCESSOR_DEFINITIONS = (
					"DEBUG=1",
					"$(inherited)",
				);
				GCC_WARN_64_TO_32_BIT_CONVERSION = YES;
				GCC_WARN_ABOUT_RETURN_TYPE = YES_ERROR;
				GCC_WARN_UNDECLARED_SELECTOR = YES;
				GCC_WARN_UNINITIALIZED_AUTOS = YES_AGGRESSIVE;
				GCC_WARN_UNUSED_FUNCTION = YES;
				GCC_WARN_UNUSED_VARIABLE = YES;
				IPHONEOS_DEPLOYMENT_TARGET = 16.4;
				MTL_ENABLE_DEBUG_INFO = INCLUDE_SOURCE;
				MTL_FAST_MATH = YES;
				ONLY_ACTIVE_ARCH = YES;
				SDKROOT = iphoneos;
				SWIFT_ACTIVE_COMPILATION_CONDITIONS = DEBUG;
				SWIFT_OPTIMIZATION_LEVEL = "-Onone";
			};
			name = Debug;
		};
		63545A392A93370800125296 /* Release */ = {
			isa = XCBuildConfiguration;
			buildSettings = {
				ALWAYS_SEARCH_USER_PATHS = NO;
				CLANG_ANALYZER_NONNULL = YES;
				CLANG_ANALYZER_NUMBER_OBJECT_CONVERSION = YES_AGGRESSIVE;
				CLANG_CXX_LANGUAGE_STANDARD = "gnu++20";
				CLANG_ENABLE_MODULES = YES;
				CLANG_ENABLE_OBJC_ARC = YES;
				CLANG_ENABLE_OBJC_WEAK = YES;
				CLANG_WARN_BLOCK_CAPTURE_AUTORELEASING = YES;
				CLANG_WARN_BOOL_CONVERSION = YES;
				CLANG_WARN_COMMA = YES;
				CLANG_WARN_CONSTANT_CONVERSION = YES;
				CLANG_WARN_DEPRECATED_OBJC_IMPLEMENTATIONS = YES;
				CLANG_WARN_DIRECT_OBJC_ISA_USAGE = YES_ERROR;
				CLANG_WARN_DOCUMENTATION_COMMENTS = YES;
				CLANG_WARN_EMPTY_BODY = YES;
				CLANG_WARN_ENUM_CONVERSION = YES;
				CLANG_WARN_INFINITE_RECURSION = YES;
				CLANG_WARN_INT_CONVERSION = YES;
				CLANG_WARN_NON_LITERAL_NULL_CONVERSION = YES;
				CLANG_WARN_OBJC_IMPLICIT_RETAIN_SELF = YES;
				CLANG_WARN_OBJC_LITERAL_CONVERSION = YES;
				CLANG_WARN_OBJC_ROOT_CLASS = YES_ERROR;
				CLANG_WARN_QUOTED_INCLUDE_IN_FRAMEWORK_HEADER = YES;
				CLANG_WARN_RANGE_LOOP_ANALYSIS = YES;
				CLANG_WARN_STRICT_PROTOTYPES = YES;
				CLANG_WARN_SUSPICIOUS_MOVE = YES;
				CLANG_WARN_UNGUARDED_AVAILABILITY = YES_AGGRESSIVE;
				CLANG_WARN_UNREACHABLE_CODE = YES;
				CLANG_WARN__DUPLICATE_METHOD_MATCH = YES;
				COPY_PHASE_STRIP = NO;
				DEBUG_INFORMATION_FORMAT = "dwarf-with-dsym";
				ENABLE_NS_ASSERTIONS = NO;
				ENABLE_STRICT_OBJC_MSGSEND = YES;
				GCC_C_LANGUAGE_STANDARD = gnu11;
				GCC_NO_COMMON_BLOCKS = YES;
				GCC_WARN_64_TO_32_BIT_CONVERSION = YES;
				GCC_WARN_ABOUT_RETURN_TYPE = YES_ERROR;
				GCC_WARN_UNDECLARED_SELECTOR = YES;
				GCC_WARN_UNINITIALIZED_AUTOS = YES_AGGRESSIVE;
				GCC_WARN_UNUSED_FUNCTION = YES;
				GCC_WARN_UNUSED_VARIABLE = YES;
				IPHONEOS_DEPLOYMENT_TARGET = 16.4;
				MTL_ENABLE_DEBUG_INFO = NO;
				MTL_FAST_MATH = YES;
				SDKROOT = iphoneos;
				SWIFT_COMPILATION_MODE = wholemodule;
				SWIFT_OPTIMIZATION_LEVEL = "-O";
				VALIDATE_PRODUCT = YES;
			};
			name = Release;
		};
		63545A3B2A93370800125296 /* Debug */ = {
			isa = XCBuildConfiguration;
			buildSettings = {
				ASSETCATALOG_COMPILER_APPICON_NAME = AppIcon;
				ASSETCATALOG_COMPILER_GLOBAL_ACCENT_COLOR_NAME = AccentColor;
				CODE_SIGN_STYLE = Automatic;
				CURRENT_PROJECT_VERSION = 1;
				GENERATE_INFOPLIST_FILE = YES;
				INFOPLIST_FILE = AkiPedia/Info.plist;
				INFOPLIST_KEY_UIApplicationSupportsIndirectInputEvents = YES;
				INFOPLIST_KEY_UILaunchStoryboardName = LaunchScreen;
				INFOPLIST_KEY_UIMainStoryboardFile = Main;
				INFOPLIST_KEY_UISupportedInterfaceOrientations = UIInterfaceOrientationPortrait;
				INFOPLIST_KEY_UISupportedInterfaceOrientations_iPad = "UIInterfaceOrientationLandscapeLeft UIInterfaceOrientationLandscapeRight UIInterfaceOrientationPortrait UIInterfaceOrientationPortraitUpsideDown";
				IPHONEOS_DEPLOYMENT_TARGET = 15.0;
				LD_RUNPATH_SEARCH_PATHS = (
					"$(inherited)",
					"@executable_path/Frameworks",
				);
				MARKETING_VERSION = 1.0;
				PRODUCT_BUNDLE_IDENTIFIER = "com.steady-on.AkiPedia";
				PRODUCT_NAME = "$(TARGET_NAME)";
				SUPPORTED_PLATFORMS = "iphoneos iphonesimulator";
				SUPPORTS_MACCATALYST = NO;
				SUPPORTS_MAC_DESIGNED_FOR_IPHONE_IPAD = NO;
				SWIFT_EMIT_LOC_STRINGS = YES;
				SWIFT_VERSION = 5.0;
				TARGETED_DEVICE_FAMILY = 1;
			};
			name = Debug;
		};
		63545A3C2A93370800125296 /* Release */ = {
			isa = XCBuildConfiguration;
			buildSettings = {
				ASSETCATALOG_COMPILER_APPICON_NAME = AppIcon;
				ASSETCATALOG_COMPILER_GLOBAL_ACCENT_COLOR_NAME = AccentColor;
				CODE_SIGN_STYLE = Automatic;
				CURRENT_PROJECT_VERSION = 1;
				GENERATE_INFOPLIST_FILE = YES;
				INFOPLIST_FILE = AkiPedia/Info.plist;
				INFOPLIST_KEY_UIApplicationSupportsIndirectInputEvents = YES;
				INFOPLIST_KEY_UILaunchStoryboardName = LaunchScreen;
				INFOPLIST_KEY_UIMainStoryboardFile = Main;
				INFOPLIST_KEY_UISupportedInterfaceOrientations = UIInterfaceOrientationPortrait;
				INFOPLIST_KEY_UISupportedInterfaceOrientations_iPad = "UIInterfaceOrientationLandscapeLeft UIInterfaceOrientationLandscapeRight UIInterfaceOrientationPortrait UIInterfaceOrientationPortraitUpsideDown";
				IPHONEOS_DEPLOYMENT_TARGET = 15.0;
				LD_RUNPATH_SEARCH_PATHS = (
					"$(inherited)",
					"@executable_path/Frameworks",
				);
				MARKETING_VERSION = 1.0;
				PRODUCT_BUNDLE_IDENTIFIER = "com.steady-on.AkiPedia";
				PRODUCT_NAME = "$(TARGET_NAME)";
				SUPPORTED_PLATFORMS = "iphoneos iphonesimulator";
				SUPPORTS_MACCATALYST = NO;
				SUPPORTS_MAC_DESIGNED_FOR_IPHONE_IPAD = NO;
				SWIFT_EMIT_LOC_STRINGS = YES;
				SWIFT_VERSION = 5.0;
				TARGETED_DEVICE_FAMILY = 1;
			};
			name = Release;
		};
/* End XCBuildConfiguration section */

/* Begin XCConfigurationList section */
		63545A212A93370600125296 /* Build configuration list for PBXProject "AkiPedia" */ = {
			isa = XCConfigurationList;
			buildConfigurations = (
				63545A382A93370800125296 /* Debug */,
				63545A392A93370800125296 /* Release */,
			);
			defaultConfigurationIsVisible = 0;
			defaultConfigurationName = Release;
		};
		63545A3A2A93370800125296 /* Build configuration list for PBXNativeTarget "AkiPedia" */ = {
			isa = XCConfigurationList;
			buildConfigurations = (
				63545A3B2A93370800125296 /* Debug */,
				63545A3C2A93370800125296 /* Release */,
			);
			defaultConfigurationIsVisible = 0;
			defaultConfigurationName = Release;
		};
/* End XCConfigurationList section */
	};
	rootObject = 63545A1E2A93370600125296 /* Project object */;
}
