// !$*UTF8*$!
{
	archiveVersion = 1;
	classes = {
	};
	objectVersion = 56;
	objects = {

/* Begin PBXBuildFile section */
		639EE2162A8E048E00A7B674 /* AppDelegate.swift in Sources */ = {isa = PBXBuildFile; fileRef = 639EE2152A8E048E00A7B674 /* AppDelegate.swift */; };
		639EE2182A8E048E00A7B674 /* SceneDelegate.swift in Sources */ = {isa = PBXBuildFile; fileRef = 639EE2172A8E048E00A7B674 /* SceneDelegate.swift */; };
		639EE21A2A8E048E00A7B674 /* MainViewController.swift in Sources */ = {isa = PBXBuildFile; fileRef = 639EE2192A8E048E00A7B674 /* MainViewController.swift */; };
		639EE21D2A8E048E00A7B674 /* Main.storyboard in Resources */ = {isa = PBXBuildFile; fileRef = 639EE21B2A8E048E00A7B674 /* Main.storyboard */; };
		639EE21F2A8E048F00A7B674 /* Assets.xcassets in Resources */ = {isa = PBXBuildFile; fileRef = 639EE21E2A8E048F00A7B674 /* Assets.xcassets */; };
		639EE2222A8E048F00A7B674 /* LaunchScreen.storyboard in Resources */ = {isa = PBXBuildFile; fileRef = 639EE2202A8E048F00A7B674 /* LaunchScreen.storyboard */; };
		639EE22F2A8E0BDA00A7B674 /* KakaoAPIManager.swift in Sources */ = {isa = PBXBuildFile; fileRef = 639EE22E2A8E0BDA00A7B674 /* KakaoAPIManager.swift */; };
		639EE2312A8E111500A7B674 /* APIKey.swift in Sources */ = {isa = PBXBuildFile; fileRef = 639EE2302A8E111500A7B674 /* APIKey.swift */; };
		639EE2342A8E1DF600A7B674 /* SearchResult.swift in Sources */ = {isa = PBXBuildFile; fileRef = 639EE2332A8E1DF600A7B674 /* SearchResult.swift */; };
		639EE2392A8E301B00A7B674 /* ReuseIdentifying.swift in Sources */ = {isa = PBXBuildFile; fileRef = 639EE2382A8E301B00A7B674 /* ReuseIdentifying.swift */; };
		639EE23B2A8E309000A7B674 /* UIImageView+.swift in Sources */ = {isa = PBXBuildFile; fileRef = 639EE23A2A8E309000A7B674 /* UIImageView+.swift */; };
		639EE2402A8E317000A7B674 /* VideoTableViewCell.swift in Sources */ = {isa = PBXBuildFile; fileRef = 639EE23E2A8E317000A7B674 /* VideoTableViewCell.swift */; };
		639EE2412A8E317000A7B674 /* VideoTableViewCell.xib in Resources */ = {isa = PBXBuildFile; fileRef = 639EE23F2A8E317000A7B674 /* VideoTableViewCell.xib */; };
		639EE2462A8E3B2200A7B674 /* Video.swift in Sources */ = {isa = PBXBuildFile; fileRef = 639EE2452A8E3B2200A7B674 /* Video.swift */; };
		639EE2482A8E41C600A7B674 /* Date+.swift in Sources */ = {isa = PBXBuildFile; fileRef = 639EE2472A8E41C600A7B674 /* Date+.swift */; };
/* End PBXBuildFile section */

/* Begin PBXFileReference section */
		639EE2122A8E048E00A7B674 /* VideoSearcher.app */ = {isa = PBXFileReference; explicitFileType = wrapper.application; includeInIndex = 0; path = VideoSearcher.app; sourceTree = BUILT_PRODUCTS_DIR; };
		639EE2152A8E048E00A7B674 /* AppDelegate.swift */ = {isa = PBXFileReference; lastKnownFileType = sourcecode.swift; path = AppDelegate.swift; sourceTree = "<group>"; };
		639EE2172A8E048E00A7B674 /* SceneDelegate.swift */ = {isa = PBXFileReference; lastKnownFileType = sourcecode.swift; path = SceneDelegate.swift; sourceTree = "<group>"; };
		639EE2192A8E048E00A7B674 /* MainViewController.swift */ = {isa = PBXFileReference; lastKnownFileType = sourcecode.swift; path = MainViewController.swift; sourceTree = "<group>"; };
		639EE21C2A8E048E00A7B674 /* Base */ = {isa = PBXFileReference; lastKnownFileType = file.storyboard; name = Base; path = Base.lproj/Main.storyboard; sourceTree = "<group>"; };
		639EE21E2A8E048F00A7B674 /* Assets.xcassets */ = {isa = PBXFileReference; lastKnownFileType = folder.assetcatalog; path = Assets.xcassets; sourceTree = "<group>"; };
		639EE2212A8E048F00A7B674 /* Base */ = {isa = PBXFileReference; lastKnownFileType = file.storyboard; name = Base; path = Base.lproj/LaunchScreen.storyboard; sourceTree = "<group>"; };
		639EE2232A8E048F00A7B674 /* Info.plist */ = {isa = PBXFileReference; lastKnownFileType = text.plist.xml; path = Info.plist; sourceTree = "<group>"; };
		639EE22E2A8E0BDA00A7B674 /* KakaoAPIManager.swift */ = {isa = PBXFileReference; lastKnownFileType = sourcecode.swift; path = KakaoAPIManager.swift; sourceTree = "<group>"; };
		639EE2302A8E111500A7B674 /* APIKey.swift */ = {isa = PBXFileReference; fileEncoding = 4; lastKnownFileType = sourcecode.swift; name = APIKey.swift; path = ../../../../APIKey.swift; sourceTree = "<group>"; };
		639EE2332A8E1DF600A7B674 /* SearchResult.swift */ = {isa = PBXFileReference; lastKnownFileType = sourcecode.swift; path = SearchResult.swift; sourceTree = "<group>"; };
		639EE2382A8E301B00A7B674 /* ReuseIdentifying.swift */ = {isa = PBXFileReference; lastKnownFileType = sourcecode.swift; path = ReuseIdentifying.swift; sourceTree = "<group>"; };
		639EE23A2A8E309000A7B674 /* UIImageView+.swift */ = {isa = PBXFileReference; lastKnownFileType = sourcecode.swift; path = "UIImageView+.swift"; sourceTree = "<group>"; };
		639EE23E2A8E317000A7B674 /* VideoTableViewCell.swift */ = {isa = PBXFileReference; lastKnownFileType = sourcecode.swift; path = VideoTableViewCell.swift; sourceTree = "<group>"; };
		639EE23F2A8E317000A7B674 /* VideoTableViewCell.xib */ = {isa = PBXFileReference; lastKnownFileType = file.xib; path = VideoTableViewCell.xib; sourceTree = "<group>"; };
		639EE2452A8E3B2200A7B674 /* Video.swift */ = {isa = PBXFileReference; lastKnownFileType = sourcecode.swift; path = Video.swift; sourceTree = "<group>"; };
		639EE2472A8E41C600A7B674 /* Date+.swift */ = {isa = PBXFileReference; lastKnownFileType = sourcecode.swift; path = "Date+.swift"; sourceTree = "<group>"; };
/* End PBXFileReference section */

/* Begin PBXFrameworksBuildPhase section */
		639EE20F2A8E048E00A7B674 /* Frameworks */ = {
			isa = PBXFrameworksBuildPhase;
			buildActionMask = 2147483647;
			files = (
			);
			runOnlyForDeploymentPostprocessing = 0;
		};
/* End PBXFrameworksBuildPhase section */

/* Begin PBXGroup section */
		639EE2092A8E048D00A7B674 = {
			isa = PBXGroup;
			children = (
				639EE2142A8E048E00A7B674 /* VideoSearcher */,
				639EE2132A8E048E00A7B674 /* Products */,
			);
			sourceTree = "<group>";
		};
		639EE2132A8E048E00A7B674 /* Products */ = {
			isa = PBXGroup;
			children = (
				639EE2122A8E048E00A7B674 /* VideoSearcher.app */,
			);
			name = Products;
			sourceTree = "<group>";
		};
		639EE2142A8E048E00A7B674 /* VideoSearcher */ = {
			isa = PBXGroup;
			children = (
				639EE2152A8E048E00A7B674 /* AppDelegate.swift */,
				639EE2172A8E048E00A7B674 /* SceneDelegate.swift */,
				639EE22D2A8E0A4000A7B674 /* View */,
				639EE22C2A8E09BE00A7B674 /* ViewController */,
				639EE2322A8E1DD900A7B674 /* Model */,
				639EE22B2A8E099F00A7B674 /* Network */,
				639EE2372A8E2FEC00A7B674 /* Extension */,
				639EE2232A8E048F00A7B674 /* Info.plist */,
				639EE21E2A8E048F00A7B674 /* Assets.xcassets */,
				639EE2202A8E048F00A7B674 /* LaunchScreen.storyboard */,
			);
			path = VideoSearcher;
			sourceTree = "<group>";
		};
		639EE22B2A8E099F00A7B674 /* Network */ = {
			isa = PBXGroup;
			children = (
				639EE2302A8E111500A7B674 /* APIKey.swift */,
				639EE22E2A8E0BDA00A7B674 /* KakaoAPIManager.swift */,
			);
			path = Network;
			sourceTree = "<group>";
		};
		639EE22C2A8E09BE00A7B674 /* ViewController */ = {
			isa = PBXGroup;
			children = (
				639EE2192A8E048E00A7B674 /* MainViewController.swift */,
			);
			path = ViewController;
			sourceTree = "<group>";
		};
		639EE22D2A8E0A4000A7B674 /* View */ = {
			isa = PBXGroup;
			children = (
				639EE21B2A8E048E00A7B674 /* Main.storyboard */,
				639EE23E2A8E317000A7B674 /* VideoTableViewCell.swift */,
				639EE23F2A8E317000A7B674 /* VideoTableViewCell.xib */,
			);
			path = View;
			sourceTree = "<group>";
		};
		639EE2322A8E1DD900A7B674 /* Model */ = {
			isa = PBXGroup;
			children = (
				639EE2332A8E1DF600A7B674 /* SearchResult.swift */,
				639EE2452A8E3B2200A7B674 /* Video.swift */,
			);
			path = Model;
			sourceTree = "<group>";
		};
		639EE2372A8E2FEC00A7B674 /* Extension */ = {
			isa = PBXGroup;
			children = (
				639EE2382A8E301B00A7B674 /* ReuseIdentifying.swift */,
				639EE23A2A8E309000A7B674 /* UIImageView+.swift */,
				639EE2472A8E41C600A7B674 /* Date+.swift */,
			);
			path = Extension;
			sourceTree = "<group>";
		};
/* End PBXGroup section */

/* Begin PBXNativeTarget section */
		639EE2112A8E048E00A7B674 /* VideoSearcher */ = {
			isa = PBXNativeTarget;
			buildConfigurationList = 639EE2262A8E048F00A7B674 /* Build configuration list for PBXNativeTarget "VideoSearcher" */;
			buildPhases = (
				639EE20E2A8E048E00A7B674 /* Sources */,
				639EE20F2A8E048E00A7B674 /* Frameworks */,
				639EE2102A8E048E00A7B674 /* Resources */,
			);
			buildRules = (
			);
			dependencies = (
			);
			name = VideoSearcher;
			productName = VideoSearcher;
			productReference = 639EE2122A8E048E00A7B674 /* VideoSearcher.app */;
			productType = "com.apple.product-type.application";
		};
/* End PBXNativeTarget section */

/* Begin PBXProject section */
		639EE20A2A8E048D00A7B674 /* Project object */ = {
			isa = PBXProject;
			attributes = {
				BuildIndependentTargetsInParallel = 1;
				LastSwiftUpdateCheck = 1430;
				LastUpgradeCheck = 1430;
				TargetAttributes = {
					639EE2112A8E048E00A7B674 = {
						CreatedOnToolsVersion = 14.3.1;
					};
				};
			};
			buildConfigurationList = 639EE20D2A8E048D00A7B674 /* Build configuration list for PBXProject "VideoSearcher" */;
			compatibilityVersion = "Xcode 14.0";
			developmentRegion = en;
			hasScannedForEncodings = 0;
			knownRegions = (
				en,
				Base,
			);
			mainGroup = 639EE2092A8E048D00A7B674;
			productRefGroup = 639EE2132A8E048E00A7B674 /* Products */;
			projectDirPath = "";
			projectRoot = "";
			targets = (
				639EE2112A8E048E00A7B674 /* VideoSearcher */,
			);
		};
/* End PBXProject section */

/* Begin PBXResourcesBuildPhase section */
		639EE2102A8E048E00A7B674 /* Resources */ = {
			isa = PBXResourcesBuildPhase;
			buildActionMask = 2147483647;
			files = (
				639EE2222A8E048F00A7B674 /* LaunchScreen.storyboard in Resources */,
				639EE2412A8E317000A7B674 /* VideoTableViewCell.xib in Resources */,
				639EE21F2A8E048F00A7B674 /* Assets.xcassets in Resources */,
				639EE21D2A8E048E00A7B674 /* Main.storyboard in Resources */,
			);
			runOnlyForDeploymentPostprocessing = 0;
		};
/* End PBXResourcesBuildPhase section */

/* Begin PBXSourcesBuildPhase section */
		639EE20E2A8E048E00A7B674 /* Sources */ = {
			isa = PBXSourcesBuildPhase;
			buildActionMask = 2147483647;
			files = (
				639EE2482A8E41C600A7B674 /* Date+.swift in Sources */,
				639EE2392A8E301B00A7B674 /* ReuseIdentifying.swift in Sources */,
				639EE21A2A8E048E00A7B674 /* MainViewController.swift in Sources */,
				639EE2162A8E048E00A7B674 /* AppDelegate.swift in Sources */,
				639EE22F2A8E0BDA00A7B674 /* KakaoAPIManager.swift in Sources */,
				639EE2312A8E111500A7B674 /* APIKey.swift in Sources */,
				639EE23B2A8E309000A7B674 /* UIImageView+.swift in Sources */,
				639EE2342A8E1DF600A7B674 /* SearchResult.swift in Sources */,
				639EE2182A8E048E00A7B674 /* SceneDelegate.swift in Sources */,
				639EE2402A8E317000A7B674 /* VideoTableViewCell.swift in Sources */,
				639EE2462A8E3B2200A7B674 /* Video.swift in Sources */,
			);
			runOnlyForDeploymentPostprocessing = 0;
		};
/* End PBXSourcesBuildPhase section */

/* Begin PBXVariantGroup section */
		639EE21B2A8E048E00A7B674 /* Main.storyboard */ = {
			isa = PBXVariantGroup;
			children = (
				639EE21C2A8E048E00A7B674 /* Base */,
			);
			name = Main.storyboard;
			sourceTree = "<group>";
		};
		639EE2202A8E048F00A7B674 /* LaunchScreen.storyboard */ = {
			isa = PBXVariantGroup;
			children = (
				639EE2212A8E048F00A7B674 /* Base */,
			);
			name = LaunchScreen.storyboard;
			sourceTree = "<group>";
		};
/* End PBXVariantGroup section */

/* Begin XCBuildConfiguration section */
		639EE2242A8E048F00A7B674 /* Debug */ = {
			isa = XCBuildConfiguration;
			buildSettings = {
				ALWAYS_SEARCH_USER_PATHS = NO;
				CLANG_ANALYZER_NONNULL = YES;
				CLANG_ANALYZER_NUMBER_OBJECT_CONVERSION = YES_AGGRESSIVE;
				CLANG_CXX_LANGUAGE_STANDARD = "gnu++20";
				CLANG_ENABLE_MODULES = YES;
				CLANG_ENABLE_OBJC_ARC = YES;
				CLANG_ENABLE_OBJC_WEAK = YES;
				CLANG_WARN_BLOCK_CAPTURE_AUTORELEASING = YES;
				CLANG_WARN_BOOL_CONVERSION = YES;
				CLANG_WARN_COMMA = YES;
				CLANG_WARN_CONSTANT_CONVERSION = YES;
				CLANG_WARN_DEPRECATED_OBJC_IMPLEMENTATIONS = YES;
				CLANG_WARN_DIRECT_OBJC_ISA_USAGE = YES_ERROR;
				CLANG_WARN_DOCUMENTATION_COMMENTS = YES;
				CLANG_WARN_EMPTY_BODY = YES;
				CLANG_WARN_ENUM_CONVERSION = YES;
				CLANG_WARN_INFINITE_RECURSION = YES;
				CLANG_WARN_INT_CONVERSION = YES;
				CLANG_WARN_NON_LITERAL_NULL_CONVERSION = YES;
				CLANG_WARN_OBJC_IMPLICIT_RETAIN_SELF = YES;
				CLANG_WARN_OBJC_LITERAL_CONVERSION = YES;
				CLANG_WARN_OBJC_ROOT_CLASS = YES_ERROR;
				CLANG_WARN_QUOTED_INCLUDE_IN_FRAMEWORK_HEADER = YES;
				CLANG_WARN_RANGE_LOOP_ANALYSIS = YES;
				CLANG_WARN_STRICT_PROTOTYPES = YES;
				CLANG_WARN_SUSPICIOUS_MOVE = YES;
				CLANG_WARN_UNGUARDED_AVAILABILITY = YES_AGGRESSIVE;
				CLANG_WARN_UNREACHABLE_CODE = YES;
				CLANG_WARN__DUPLICATE_METHOD_MATCH = YES;
				COPY_PHASE_STRIP = NO;
				DEBUG_INFORMATION_FORMAT = dwarf;
				ENABLE_STRICT_OBJC_MSGSEND = YES;
				ENABLE_TESTABILITY = YES;
				GCC_C_LANGUAGE_STANDARD = gnu11;
				GCC_DYNAMIC_NO_PIC = NO;
				GCC_NO_COMMON_BLOCKS = YES;
				GCC_OPTIMIZATION_LEVEL = 0;
				GCC_PREPROCESSOR_DEFINITIONS = (
					"DEBUG=1",
					"$(inherited)",
				);
				GCC_WARN_64_TO_32_BIT_CONVERSION = YES;
				GCC_WARN_ABOUT_RETURN_TYPE = YES_ERROR;
				GCC_WARN_UNDECLARED_SELECTOR = YES;
				GCC_WARN_UNINITIALIZED_AUTOS = YES_AGGRESSIVE;
				GCC_WARN_UNUSED_FUNCTION = YES;
				GCC_WARN_UNUSED_VARIABLE = YES;
				IPHONEOS_DEPLOYMENT_TARGET = 16.4;
				MTL_ENABLE_DEBUG_INFO = INCLUDE_SOURCE;
				MTL_FAST_MATH = YES;
				ONLY_ACTIVE_ARCH = YES;
				SDKROOT = iphoneos;
				SWIFT_ACTIVE_COMPILATION_CONDITIONS = DEBUG;
				SWIFT_OPTIMIZATION_LEVEL = "-Onone";
			};
			name = Debug;
		};
		639EE2252A8E048F00A7B674 /* Release */ = {
			isa = XCBuildConfiguration;
			buildSettings = {
				ALWAYS_SEARCH_USER_PATHS = NO;
				CLANG_ANALYZER_NONNULL = YES;
				CLANG_ANALYZER_NUMBER_OBJECT_CONVERSION = YES_AGGRESSIVE;
				CLANG_CXX_LANGUAGE_STANDARD = "gnu++20";
				CLANG_ENABLE_MODULES = YES;
				CLANG_ENABLE_OBJC_ARC = YES;
				CLANG_ENABLE_OBJC_WEAK = YES;
				CLANG_WARN_BLOCK_CAPTURE_AUTORELEASING = YES;
				CLANG_WARN_BOOL_CONVERSION = YES;
				CLANG_WARN_COMMA = YES;
				CLANG_WARN_CONSTANT_CONVERSION = YES;
				CLANG_WARN_DEPRECATED_OBJC_IMPLEMENTATIONS = YES;
				CLANG_WARN_DIRECT_OBJC_ISA_USAGE = YES_ERROR;
				CLANG_WARN_DOCUMENTATION_COMMENTS = YES;
				CLANG_WARN_EMPTY_BODY = YES;
				CLANG_WARN_ENUM_CONVERSION = YES;
				CLANG_WARN_INFINITE_RECURSION = YES;
				CLANG_WARN_INT_CONVERSION = YES;
				CLANG_WARN_NON_LITERAL_NULL_CONVERSION = YES;
				CLANG_WARN_OBJC_IMPLICIT_RETAIN_SELF = YES;
				CLANG_WARN_OBJC_LITERAL_CONVERSION = YES;
				CLANG_WARN_OBJC_ROOT_CLASS = YES_ERROR;
				CLANG_WARN_QUOTED_INCLUDE_IN_FRAMEWORK_HEADER = YES;
				CLANG_WARN_RANGE_LOOP_ANALYSIS = YES;
				CLANG_WARN_STRICT_PROTOTYPES = YES;
				CLANG_WARN_SUSPICIOUS_MOVE = YES;
				CLANG_WARN_UNGUARDED_AVAILABILITY = YES_AGGRESSIVE;
				CLANG_WARN_UNREACHABLE_CODE = YES;
				CLANG_WARN__DUPLICATE_METHOD_MATCH = YES;
				COPY_PHASE_STRIP = NO;
				DEBUG_INFORMATION_FORMAT = "dwarf-with-dsym";
				ENABLE_NS_ASSERTIONS = NO;
				ENABLE_STRICT_OBJC_MSGSEND = YES;
				GCC_C_LANGUAGE_STANDARD = gnu11;
				GCC_NO_COMMON_BLOCKS = YES;
				GCC_WARN_64_TO_32_BIT_CONVERSION = YES;
				GCC_WARN_ABOUT_RETURN_TYPE = YES_ERROR;
				GCC_WARN_UNDECLARED_SELECTOR = YES;
				GCC_WARN_UNINITIALIZED_AUTOS = YES_AGGRESSIVE;
				GCC_WARN_UNUSED_FUNCTION = YES;
				GCC_WARN_UNUSED_VARIABLE = YES;
				IPHONEOS_DEPLOYMENT_TARGET = 16.4;
				MTL_ENABLE_DEBUG_INFO = NO;
				MTL_FAST_MATH = YES;
				SDKROOT = iphoneos;
				SWIFT_COMPILATION_MODE = wholemodule;
				SWIFT_OPTIMIZATION_LEVEL = "-O";
				VALIDATE_PRODUCT = YES;
			};
			name = Release;
		};
		639EE2272A8E048F00A7B674 /* Debug */ = {
			isa = XCBuildConfiguration;
			buildSettings = {
				ASSETCATALOG_COMPILER_APPICON_NAME = AppIcon;
				ASSETCATALOG_COMPILER_GLOBAL_ACCENT_COLOR_NAME = AccentColor;
				CODE_SIGN_STYLE = Automatic;
				CURRENT_PROJECT_VERSION = 1;
				GENERATE_INFOPLIST_FILE = YES;
				INFOPLIST_FILE = VideoSearcher/Info.plist;
				INFOPLIST_KEY_UIApplicationSupportsIndirectInputEvents = YES;
				INFOPLIST_KEY_UILaunchStoryboardName = LaunchScreen;
				INFOPLIST_KEY_UIMainStoryboardFile = Main;
				INFOPLIST_KEY_UISupportedInterfaceOrientations = UIInterfaceOrientationPortrait;
				INFOPLIST_KEY_UISupportedInterfaceOrientations_iPad = "UIInterfaceOrientationLandscapeLeft UIInterfaceOrientationLandscapeRight UIInterfaceOrientationPortrait UIInterfaceOrientationPortraitUpsideDown";
				IPHONEOS_DEPLOYMENT_TARGET = 15.0;
				LD_RUNPATH_SEARCH_PATHS = (
					"$(inherited)",
					"@executable_path/Frameworks",
				);
				MARKETING_VERSION = 1.0;
				PRODUCT_BUNDLE_IDENTIFIER = "com.steady-on.VideoSearcher";
				PRODUCT_NAME = "$(TARGET_NAME)";
				SUPPORTED_PLATFORMS = "iphoneos iphonesimulator";
				SUPPORTS_MACCATALYST = NO;
				SUPPORTS_MAC_DESIGNED_FOR_IPHONE_IPAD = NO;
				SWIFT_EMIT_LOC_STRINGS = YES;
				SWIFT_VERSION = 5.0;
				TARGETED_DEVICE_FAMILY = 1;
			};
			name = Debug;
		};
		639EE2282A8E048F00A7B674 /* Release */ = {
			isa = XCBuildConfiguration;
			buildSettings = {
				ASSETCATALOG_COMPILER_APPICON_NAME = AppIcon;
				ASSETCATALOG_COMPILER_GLOBAL_ACCENT_COLOR_NAME = AccentColor;
				CODE_SIGN_STYLE = Automatic;
				CURRENT_PROJECT_VERSION = 1;
				GENERATE_INFOPLIST_FILE = YES;
				INFOPLIST_FILE = VideoSearcher/Info.plist;
				INFOPLIST_KEY_UIApplicationSupportsIndirectInputEvents = YES;
				INFOPLIST_KEY_UILaunchStoryboardName = LaunchScreen;
				INFOPLIST_KEY_UIMainStoryboardFile = Main;
				INFOPLIST_KEY_UISupportedInterfaceOrientations = UIInterfaceOrientationPortrait;
				INFOPLIST_KEY_UISupportedInterfaceOrientations_iPad = "UIInterfaceOrientationLandscapeLeft UIInterfaceOrientationLandscapeRight UIInterfaceOrientationPortrait UIInterfaceOrientationPortraitUpsideDown";
				IPHONEOS_DEPLOYMENT_TARGET = 15.0;
				LD_RUNPATH_SEARCH_PATHS = (
					"$(inherited)",
					"@executable_path/Frameworks",
				);
				MARKETING_VERSION = 1.0;
				PRODUCT_BUNDLE_IDENTIFIER = "com.steady-on.VideoSearcher";
				PRODUCT_NAME = "$(TARGET_NAME)";
				SUPPORTED_PLATFORMS = "iphoneos iphonesimulator";
				SUPPORTS_MACCATALYST = NO;
				SUPPORTS_MAC_DESIGNED_FOR_IPHONE_IPAD = NO;
				SWIFT_EMIT_LOC_STRINGS = YES;
				SWIFT_VERSION = 5.0;
				TARGETED_DEVICE_FAMILY = 1;
			};
			name = Release;
		};
/* End XCBuildConfiguration section */

/* Begin XCConfigurationList section */
		639EE20D2A8E048D00A7B674 /* Build configuration list for PBXProject "VideoSearcher" */ = {
			isa = XCConfigurationList;
			buildConfigurations = (
				639EE2242A8E048F00A7B674 /* Debug */,
				639EE2252A8E048F00A7B674 /* Release */,
			);
			defaultConfigurationIsVisible = 0;
			defaultConfigurationName = Release;
		};
		639EE2262A8E048F00A7B674 /* Build configuration list for PBXNativeTarget "VideoSearcher" */ = {
			isa = XCConfigurationList;
			buildConfigurations = (
				639EE2272A8E048F00A7B674 /* Debug */,
				639EE2282A8E048F00A7B674 /* Release */,
			);
			defaultConfigurationIsVisible = 0;
			defaultConfigurationName = Release;
		};
/* End XCConfigurationList section */
	};
	rootObject = 639EE20A2A8E048D00A7B674 /* Project object */;
}
