// !$*UTF8*$!
{
	archiveVersion = 1;
	classes = {
	};
	objectVersion = 56;
	objects = {

/* Begin PBXBuildFile section */
		63AB57462A839C7A00A138C7 /* AppDelegate.swift in Sources */ = {isa = PBXBuildFile; fileRef = 63AB57452A839C7A00A138C7 /* AppDelegate.swift */; };
		63AB57482A839C7A00A138C7 /* SceneDelegate.swift in Sources */ = {isa = PBXBuildFile; fileRef = 63AB57472A839C7A00A138C7 /* SceneDelegate.swift */; };
		63AB574A2A839C7A00A138C7 /* RecommandBeerViewController.swift in Sources */ = {isa = PBXBuildFile; fileRef = 63AB57492A839C7A00A138C7 /* RecommandBeerViewController.swift */; };
		63AB574D2A839C7A00A138C7 /* Main.storyboard in Resources */ = {isa = PBXBuildFile; fileRef = 63AB574B2A839C7A00A138C7 /* Main.storyboard */; };
		63AB574F2A839C7A00A138C7 /* Assets.xcassets in Resources */ = {isa = PBXBuildFile; fileRef = 63AB574E2A839C7A00A138C7 /* Assets.xcassets */; };
		63AB57522A839C7A00A138C7 /* LaunchScreen.storyboard in Resources */ = {isa = PBXBuildFile; fileRef = 63AB57502A839C7A00A138C7 /* LaunchScreen.storyboard */; };
		63AB575B2A83A10400A138C7 /* UIColor+.swift in Sources */ = {isa = PBXBuildFile; fileRef = 63AB575A2A83A10400A138C7 /* UIColor+.swift */; };
		63C85A492A83F1BD0007F1B0 /* Alamofire in Frameworks */ = {isa = PBXBuildFile; productRef = 63C85A482A83F1BD0007F1B0 /* Alamofire */; };
		63C85A4C2A83F1C80007F1B0 /* SwiftyJSON in Frameworks */ = {isa = PBXBuildFile; productRef = 63C85A4B2A83F1C80007F1B0 /* SwiftyJSON */; };
		63C85A4E2A83FEB80007F1B0 /* CoverViewController.swift in Sources */ = {isa = PBXBuildFile; fileRef = 63C85A4D2A83FEB80007F1B0 /* CoverViewController.swift */; };
		63C85A502A848C430007F1B0 /* BeerCollectionViewCell.swift in Sources */ = {isa = PBXBuildFile; fileRef = 63C85A4F2A848C430007F1B0 /* BeerCollectionViewCell.swift */; };
		63C85A522A848CB90007F1B0 /* BeerCollectionViewController.swift in Sources */ = {isa = PBXBuildFile; fileRef = 63C85A512A848CB90007F1B0 /* BeerCollectionViewController.swift */; };
		63C85A542A8490E10007F1B0 /* Beer.swift in Sources */ = {isa = PBXBuildFile; fileRef = 63C85A532A8490E10007F1B0 /* Beer.swift */; };
		63C85A572A8496E60007F1B0 /* BeerManager.swift in Sources */ = {isa = PBXBuildFile; fileRef = 63C85A562A8496E60007F1B0 /* BeerManager.swift */; };
		63C85A592A8512090007F1B0 /* DynamicCollectionViewLayout.swift in Sources */ = {isa = PBXBuildFile; fileRef = 63C85A582A8512090007F1B0 /* DynamicCollectionViewLayout.swift */; };
		63C85A5B2A85B62A0007F1B0 /* DynamicFlowLayout.swift in Sources */ = {isa = PBXBuildFile; fileRef = 63C85A5A2A85B62A0007F1B0 /* DynamicFlowLayout.swift */; };
/* End PBXBuildFile section */

/* Begin PBXFileReference section */
		63AB57422A839C7A00A138C7 /* FeelLikeBeer.app */ = {isa = PBXFileReference; explicitFileType = wrapper.application; includeInIndex = 0; path = FeelLikeBeer.app; sourceTree = BUILT_PRODUCTS_DIR; };
		63AB57452A839C7A00A138C7 /* AppDelegate.swift */ = {isa = PBXFileReference; lastKnownFileType = sourcecode.swift; path = AppDelegate.swift; sourceTree = "<group>"; };
		63AB57472A839C7A00A138C7 /* SceneDelegate.swift */ = {isa = PBXFileReference; lastKnownFileType = sourcecode.swift; path = SceneDelegate.swift; sourceTree = "<group>"; };
		63AB57492A839C7A00A138C7 /* RecommandBeerViewController.swift */ = {isa = PBXFileReference; lastKnownFileType = sourcecode.swift; path = RecommandBeerViewController.swift; sourceTree = "<group>"; };
		63AB574C2A839C7A00A138C7 /* Base */ = {isa = PBXFileReference; lastKnownFileType = file.storyboard; name = Base; path = Base.lproj/Main.storyboard; sourceTree = "<group>"; };
		63AB574E2A839C7A00A138C7 /* Assets.xcassets */ = {isa = PBXFileReference; lastKnownFileType = folder.assetcatalog; path = Assets.xcassets; sourceTree = "<group>"; };
		63AB57512A839C7A00A138C7 /* Base */ = {isa = PBXFileReference; lastKnownFileType = file.storyboard; name = Base; path = Base.lproj/LaunchScreen.storyboard; sourceTree = "<group>"; };
		63AB57532A839C7A00A138C7 /* Info.plist */ = {isa = PBXFileReference; lastKnownFileType = text.plist.xml; path = Info.plist; sourceTree = "<group>"; };
		63AB575A2A83A10400A138C7 /* UIColor+.swift */ = {isa = PBXFileReference; lastKnownFileType = sourcecode.swift; path = "UIColor+.swift"; sourceTree = "<group>"; };
		63C85A4D2A83FEB80007F1B0 /* CoverViewController.swift */ = {isa = PBXFileReference; lastKnownFileType = sourcecode.swift; path = CoverViewController.swift; sourceTree = "<group>"; };
		63C85A4F2A848C430007F1B0 /* BeerCollectionViewCell.swift */ = {isa = PBXFileReference; lastKnownFileType = sourcecode.swift; path = BeerCollectionViewCell.swift; sourceTree = "<group>"; };
		63C85A512A848CB90007F1B0 /* BeerCollectionViewController.swift */ = {isa = PBXFileReference; lastKnownFileType = sourcecode.swift; path = BeerCollectionViewController.swift; sourceTree = "<group>"; };
		63C85A532A8490E10007F1B0 /* Beer.swift */ = {isa = PBXFileReference; lastKnownFileType = sourcecode.swift; path = Beer.swift; sourceTree = "<group>"; };
		63C85A562A8496E60007F1B0 /* BeerManager.swift */ = {isa = PBXFileReference; lastKnownFileType = sourcecode.swift; path = BeerManager.swift; sourceTree = "<group>"; };
		63C85A582A8512090007F1B0 /* DynamicCollectionViewLayout.swift */ = {isa = PBXFileReference; lastKnownFileType = sourcecode.swift; path = DynamicCollectionViewLayout.swift; sourceTree = "<group>"; };
		63C85A5A2A85B62A0007F1B0 /* DynamicFlowLayout.swift */ = {isa = PBXFileReference; lastKnownFileType = sourcecode.swift; path = DynamicFlowLayout.swift; sourceTree = "<group>"; };
/* End PBXFileReference section */

/* Begin PBXFrameworksBuildPhase section */
		63AB573F2A839C7A00A138C7 /* Frameworks */ = {
			isa = PBXFrameworksBuildPhase;
			buildActionMask = 2147483647;
			files = (
				63C85A4C2A83F1C80007F1B0 /* SwiftyJSON in Frameworks */,
				63C85A492A83F1BD0007F1B0 /* Alamofire in Frameworks */,
			);
			runOnlyForDeploymentPostprocessing = 0;
		};
/* End PBXFrameworksBuildPhase section */

/* Begin PBXGroup section */
		63AB57392A839C7A00A138C7 = {
			isa = PBXGroup;
			children = (
				63AB57442A839C7A00A138C7 /* FeelLikeBeer */,
				63AB57432A839C7A00A138C7 /* Products */,
			);
			sourceTree = "<group>";
		};
		63AB57432A839C7A00A138C7 /* Products */ = {
			isa = PBXGroup;
			children = (
				63AB57422A839C7A00A138C7 /* FeelLikeBeer.app */,
			);
			name = Products;
			sourceTree = "<group>";
		};
		63AB57442A839C7A00A138C7 /* FeelLikeBeer */ = {
			isa = PBXGroup;
			children = (
				63AB57452A839C7A00A138C7 /* AppDelegate.swift */,
				63AB57472A839C7A00A138C7 /* SceneDelegate.swift */,
				63AB57492A839C7A00A138C7 /* RecommandBeerViewController.swift */,
				63AB574B2A839C7A00A138C7 /* Main.storyboard */,
				63C85A512A848CB90007F1B0 /* BeerCollectionViewController.swift */,
				63C85A4F2A848C430007F1B0 /* BeerCollectionViewCell.swift */,
				63C85A4D2A83FEB80007F1B0 /* CoverViewController.swift */,
				63C85A582A8512090007F1B0 /* DynamicCollectionViewLayout.swift */,
				63C85A5A2A85B62A0007F1B0 /* DynamicFlowLayout.swift */,
				63C85A552A8491CF0007F1B0 /* Model */,
				63AB57592A83A0CC00A138C7 /* extension */,
				63AB574E2A839C7A00A138C7 /* Assets.xcassets */,
				63AB57502A839C7A00A138C7 /* LaunchScreen.storyboard */,
				63AB57532A839C7A00A138C7 /* Info.plist */,
			);
			path = FeelLikeBeer;
			sourceTree = "<group>";
		};
		63AB57592A83A0CC00A138C7 /* extension */ = {
			isa = PBXGroup;
			children = (
				63AB575A2A83A10400A138C7 /* UIColor+.swift */,
			);
			path = extension;
			sourceTree = "<group>";
		};
		63C85A552A8491CF0007F1B0 /* Model */ = {
			isa = PBXGroup;
			children = (
				63C85A532A8490E10007F1B0 /* Beer.swift */,
				63C85A562A8496E60007F1B0 /* BeerManager.swift */,
			);
			path = Model;
			sourceTree = "<group>";
		};
/* End PBXGroup section */

/* Begin PBXNativeTarget section */
		63AB57412A839C7A00A138C7 /* FeelLikeBeer */ = {
			isa = PBXNativeTarget;
			buildConfigurationList = 63AB57562A839C7A00A138C7 /* Build configuration list for PBXNativeTarget "FeelLikeBeer" */;
			buildPhases = (
				63AB573E2A839C7A00A138C7 /* Sources */,
				63AB573F2A839C7A00A138C7 /* Frameworks */,
				63AB57402A839C7A00A138C7 /* Resources */,
			);
			buildRules = (
			);
			dependencies = (
			);
			name = FeelLikeBeer;
			packageProductDependencies = (
				63C85A482A83F1BD0007F1B0 /* Alamofire */,
				63C85A4B2A83F1C80007F1B0 /* SwiftyJSON */,
			);
			productName = FeelLikeBeer;
			productReference = 63AB57422A839C7A00A138C7 /* FeelLikeBeer.app */;
			productType = "com.apple.product-type.application";
		};
/* End PBXNativeTarget section */

/* Begin PBXProject section */
		63AB573A2A839C7A00A138C7 /* Project object */ = {
			isa = PBXProject;
			attributes = {
				BuildIndependentTargetsInParallel = 1;
				LastSwiftUpdateCheck = 1430;
				LastUpgradeCheck = 1430;
				TargetAttributes = {
					63AB57412A839C7A00A138C7 = {
						CreatedOnToolsVersion = 14.3.1;
					};
				};
			};
			buildConfigurationList = 63AB573D2A839C7A00A138C7 /* Build configuration list for PBXProject "FeelLikeBeer" */;
			compatibilityVersion = "Xcode 14.0";
			developmentRegion = en;
			hasScannedForEncodings = 0;
			knownRegions = (
				en,
				Base,
			);
			mainGroup = 63AB57392A839C7A00A138C7;
			packageReferences = (
				63C85A472A83F1BD0007F1B0 /* XCRemoteSwiftPackageReference "Alamofire" */,
				63C85A4A2A83F1C80007F1B0 /* XCRemoteSwiftPackageReference "SwiftyJSON" */,
			);
			productRefGroup = 63AB57432A839C7A00A138C7 /* Products */;
			projectDirPath = "";
			projectRoot = "";
			targets = (
				63AB57412A839C7A00A138C7 /* FeelLikeBeer */,
			);
		};
/* End PBXProject section */

/* Begin PBXResourcesBuildPhase section */
		63AB57402A839C7A00A138C7 /* Resources */ = {
			isa = PBXResourcesBuildPhase;
			buildActionMask = 2147483647;
			files = (
				63AB57522A839C7A00A138C7 /* LaunchScreen.storyboard in Resources */,
				63AB574F2A839C7A00A138C7 /* Assets.xcassets in Resources */,
				63AB574D2A839C7A00A138C7 /* Main.storyboard in Resources */,
			);
			runOnlyForDeploymentPostprocessing = 0;
		};
/* End PBXResourcesBuildPhase section */

/* Begin PBXSourcesBuildPhase section */
		63AB573E2A839C7A00A138C7 /* Sources */ = {
			isa = PBXSourcesBuildPhase;
			buildActionMask = 2147483647;
			files = (
				63C85A572A8496E60007F1B0 /* BeerManager.swift in Sources */,
				63AB574A2A839C7A00A138C7 /* RecommandBeerViewController.swift in Sources */,
				63AB575B2A83A10400A138C7 /* UIColor+.swift in Sources */,
				63C85A522A848CB90007F1B0 /* BeerCollectionViewController.swift in Sources */,
				63C85A5B2A85B62A0007F1B0 /* DynamicFlowLayout.swift in Sources */,
				63C85A592A8512090007F1B0 /* DynamicCollectionViewLayout.swift in Sources */,
				63C85A542A8490E10007F1B0 /* Beer.swift in Sources */,
				63C85A502A848C430007F1B0 /* BeerCollectionViewCell.swift in Sources */,
				63C85A4E2A83FEB80007F1B0 /* CoverViewController.swift in Sources */,
				63AB57462A839C7A00A138C7 /* AppDelegate.swift in Sources */,
				63AB57482A839C7A00A138C7 /* SceneDelegate.swift in Sources */,
			);
			runOnlyForDeploymentPostprocessing = 0;
		};
/* End PBXSourcesBuildPhase section */

/* Begin PBXVariantGroup section */
		63AB574B2A839C7A00A138C7 /* Main.storyboard */ = {
			isa = PBXVariantGroup;
			children = (
				63AB574C2A839C7A00A138C7 /* Base */,
			);
			name = Main.storyboard;
			sourceTree = "<group>";
		};
		63AB57502A839C7A00A138C7 /* LaunchScreen.storyboard */ = {
			isa = PBXVariantGroup;
			children = (
				63AB57512A839C7A00A138C7 /* Base */,
			);
			name = LaunchScreen.storyboard;
			sourceTree = "<group>";
		};
/* End PBXVariantGroup section */

/* Begin XCBuildConfiguration section */
		63AB57542A839C7A00A138C7 /* Debug */ = {
			isa = XCBuildConfiguration;
			buildSettings = {
				ALWAYS_SEARCH_USER_PATHS = NO;
				CLANG_ANALYZER_NONNULL = YES;
				CLANG_ANALYZER_NUMBER_OBJECT_CONVERSION = YES_AGGRESSIVE;
				CLANG_CXX_LANGUAGE_STANDARD = "gnu++20";
				CLANG_ENABLE_MODULES = YES;
				CLANG_ENABLE_OBJC_ARC = YES;
				CLANG_ENABLE_OBJC_WEAK = YES;
				CLANG_WARN_BLOCK_CAPTURE_AUTORELEASING = YES;
				CLANG_WARN_BOOL_CONVERSION = YES;
				CLANG_WARN_COMMA = YES;
				CLANG_WARN_CONSTANT_CONVERSION = YES;
				CLANG_WARN_DEPRECATED_OBJC_IMPLEMENTATIONS = YES;
				CLANG_WARN_DIRECT_OBJC_ISA_USAGE = YES_ERROR;
				CLANG_WARN_DOCUMENTATION_COMMENTS = YES;
				CLANG_WARN_EMPTY_BODY = YES;
				CLANG_WARN_ENUM_CONVERSION = YES;
				CLANG_WARN_INFINITE_RECURSION = YES;
				CLANG_WARN_INT_CONVERSION = YES;
				CLANG_WARN_NON_LITERAL_NULL_CONVERSION = YES;
				CLANG_WARN_OBJC_IMPLICIT_RETAIN_SELF = YES;
				CLANG_WARN_OBJC_LITERAL_CONVERSION = YES;
				CLANG_WARN_OBJC_ROOT_CLASS = YES_ERROR;
				CLANG_WARN_QUOTED_INCLUDE_IN_FRAMEWORK_HEADER = YES;
				CLANG_WARN_RANGE_LOOP_ANALYSIS = YES;
				CLANG_WARN_STRICT_PROTOTYPES = YES;
				CLANG_WARN_SUSPICIOUS_MOVE = YES;
				CLANG_WARN_UNGUARDED_AVAILABILITY = YES_AGGRESSIVE;
				CLANG_WARN_UNREACHABLE_CODE = YES;
				CLANG_WARN__DUPLICATE_METHOD_MATCH = YES;
				COPY_PHASE_STRIP = NO;
				DEBUG_INFORMATION_FORMAT = dwarf;
				ENABLE_STRICT_OBJC_MSGSEND = YES;
				ENABLE_TESTABILITY = YES;
				GCC_C_LANGUAGE_STANDARD = gnu11;
				GCC_DYNAMIC_NO_PIC = NO;
				GCC_NO_COMMON_BLOCKS = YES;
				GCC_OPTIMIZATION_LEVEL = 0;
				GCC_PREPROCESSOR_DEFINITIONS = (
					"DEBUG=1",
					"$(inherited)",
				);
				GCC_WARN_64_TO_32_BIT_CONVERSION = YES;
				GCC_WARN_ABOUT_RETURN_TYPE = YES_ERROR;
				GCC_WARN_UNDECLARED_SELECTOR = YES;
				GCC_WARN_UNINITIALIZED_AUTOS = YES_AGGRESSIVE;
				GCC_WARN_UNUSED_FUNCTION = YES;
				GCC_WARN_UNUSED_VARIABLE = YES;
				IPHONEOS_DEPLOYMENT_TARGET = 16.4;
				MTL_ENABLE_DEBUG_INFO = INCLUDE_SOURCE;
				MTL_FAST_MATH = YES;
				ONLY_ACTIVE_ARCH = YES;
				SDKROOT = iphoneos;
				SWIFT_ACTIVE_COMPILATION_CONDITIONS = DEBUG;
				SWIFT_OPTIMIZATION_LEVEL = "-Onone";
			};
			name = Debug;
		};
		63AB57552A839C7A00A138C7 /* Release */ = {
			isa = XCBuildConfiguration;
			buildSettings = {
				ALWAYS_SEARCH_USER_PATHS = NO;
				CLANG_ANALYZER_NONNULL = YES;
				CLANG_ANALYZER_NUMBER_OBJECT_CONVERSION = YES_AGGRESSIVE;
				CLANG_CXX_LANGUAGE_STANDARD = "gnu++20";
				CLANG_ENABLE_MODULES = YES;
				CLANG_ENABLE_OBJC_ARC = YES;
				CLANG_ENABLE_OBJC_WEAK = YES;
				CLANG_WARN_BLOCK_CAPTURE_AUTORELEASING = YES;
				CLANG_WARN_BOOL_CONVERSION = YES;
				CLANG_WARN_COMMA = YES;
				CLANG_WARN_CONSTANT_CONVERSION = YES;
				CLANG_WARN_DEPRECATED_OBJC_IMPLEMENTATIONS = YES;
				CLANG_WARN_DIRECT_OBJC_ISA_USAGE = YES_ERROR;
				CLANG_WARN_DOCUMENTATION_COMMENTS = YES;
				CLANG_WARN_EMPTY_BODY = YES;
				CLANG_WARN_ENUM_CONVERSION = YES;
				CLANG_WARN_INFINITE_RECURSION = YES;
				CLANG_WARN_INT_CONVERSION = YES;
				CLANG_WARN_NON_LITERAL_NULL_CONVERSION = YES;
				CLANG_WARN_OBJC_IMPLICIT_RETAIN_SELF = YES;
				CLANG_WARN_OBJC_LITERAL_CONVERSION = YES;
				CLANG_WARN_OBJC_ROOT_CLASS = YES_ERROR;
				CLANG_WARN_QUOTED_INCLUDE_IN_FRAMEWORK_HEADER = YES;
				CLANG_WARN_RANGE_LOOP_ANALYSIS = YES;
				CLANG_WARN_STRICT_PROTOTYPES = YES;
				CLANG_WARN_SUSPICIOUS_MOVE = YES;
				CLANG_WARN_UNGUARDED_AVAILABILITY = YES_AGGRESSIVE;
				CLANG_WARN_UNREACHABLE_CODE = YES;
				CLANG_WARN__DUPLICATE_METHOD_MATCH = YES;
				COPY_PHASE_STRIP = NO;
				DEBUG_INFORMATION_FORMAT = "dwarf-with-dsym";
				ENABLE_NS_ASSERTIONS = NO;
				ENABLE_STRICT_OBJC_MSGSEND = YES;
				GCC_C_LANGUAGE_STANDARD = gnu11;
				GCC_NO_COMMON_BLOCKS = YES;
				GCC_WARN_64_TO_32_BIT_CONVERSION = YES;
				GCC_WARN_ABOUT_RETURN_TYPE = YES_ERROR;
				GCC_WARN_UNDECLARED_SELECTOR = YES;
				GCC_WARN_UNINITIALIZED_AUTOS = YES_AGGRESSIVE;
				GCC_WARN_UNUSED_FUNCTION = YES;
				GCC_WARN_UNUSED_VARIABLE = YES;
				IPHONEOS_DEPLOYMENT_TARGET = 16.4;
				MTL_ENABLE_DEBUG_INFO = NO;
				MTL_FAST_MATH = YES;
				SDKROOT = iphoneos;
				SWIFT_COMPILATION_MODE = wholemodule;
				SWIFT_OPTIMIZATION_LEVEL = "-O";
				VALIDATE_PRODUCT = YES;
			};
			name = Release;
		};
		63AB57572A839C7A00A138C7 /* Debug */ = {
			isa = XCBuildConfiguration;
			buildSettings = {
				ASSETCATALOG_COMPILER_APPICON_NAME = AppIcon;
				ASSETCATALOG_COMPILER_GLOBAL_ACCENT_COLOR_NAME = AccentColor;
				CODE_SIGN_STYLE = Automatic;
				CURRENT_PROJECT_VERSION = 1;
				GENERATE_INFOPLIST_FILE = YES;
				INFOPLIST_FILE = FeelLikeBeer/Info.plist;
				INFOPLIST_KEY_UIApplicationSupportsIndirectInputEvents = YES;
				INFOPLIST_KEY_UILaunchStoryboardName = LaunchScreen;
				INFOPLIST_KEY_UIMainStoryboardFile = Main;
				INFOPLIST_KEY_UISupportedInterfaceOrientations_iPad = "UIInterfaceOrientationPortrait UIInterfaceOrientationPortraitUpsideDown UIInterfaceOrientationLandscapeLeft UIInterfaceOrientationLandscapeRight";
				INFOPLIST_KEY_UISupportedInterfaceOrientations_iPhone = "UIInterfaceOrientationPortrait UIInterfaceOrientationLandscapeLeft UIInterfaceOrientationLandscapeRight";
				LD_RUNPATH_SEARCH_PATHS = (
					"$(inherited)",
					"@executable_path/Frameworks",
				);
				MARKETING_VERSION = 1.0;
				PRODUCT_BUNDLE_IDENTIFIER = "com.steady-on.FeelLikeBeer";
				PRODUCT_NAME = "$(TARGET_NAME)";
				SWIFT_EMIT_LOC_STRINGS = YES;
				SWIFT_VERSION = 5.0;
				TARGETED_DEVICE_FAMILY = "1,2";
			};
			name = Debug;
		};
		63AB57582A839C7A00A138C7 /* Release */ = {
			isa = XCBuildConfiguration;
			buildSettings = {
				ASSETCATALOG_COMPILER_APPICON_NAME = AppIcon;
				ASSETCATALOG_COMPILER_GLOBAL_ACCENT_COLOR_NAME = AccentColor;
				CODE_SIGN_STYLE = Automatic;
				CURRENT_PROJECT_VERSION = 1;
				GENERATE_INFOPLIST_FILE = YES;
				INFOPLIST_FILE = FeelLikeBeer/Info.plist;
				INFOPLIST_KEY_UIApplicationSupportsIndirectInputEvents = YES;
				INFOPLIST_KEY_UILaunchStoryboardName = LaunchScreen;
				INFOPLIST_KEY_UIMainStoryboardFile = Main;
				INFOPLIST_KEY_UISupportedInterfaceOrientations_iPad = "UIInterfaceOrientationPortrait UIInterfaceOrientationPortraitUpsideDown UIInterfaceOrientationLandscapeLeft UIInterfaceOrientationLandscapeRight";
				INFOPLIST_KEY_UISupportedInterfaceOrientations_iPhone = "UIInterfaceOrientationPortrait UIInterfaceOrientationLandscapeLeft UIInterfaceOrientationLandscapeRight";
				LD_RUNPATH_SEARCH_PATHS = (
					"$(inherited)",
					"@executable_path/Frameworks",
				);
				MARKETING_VERSION = 1.0;
				PRODUCT_BUNDLE_IDENTIFIER = "com.steady-on.FeelLikeBeer";
				PRODUCT_NAME = "$(TARGET_NAME)";
				SWIFT_EMIT_LOC_STRINGS = YES;
				SWIFT_VERSION = 5.0;
				TARGETED_DEVICE_FAMILY = "1,2";
			};
			name = Release;
		};
/* End XCBuildConfiguration section */

/* Begin XCConfigurationList section */
		63AB573D2A839C7A00A138C7 /* Build configuration list for PBXProject "FeelLikeBeer" */ = {
			isa = XCConfigurationList;
			buildConfigurations = (
				63AB57542A839C7A00A138C7 /* Debug */,
				63AB57552A839C7A00A138C7 /* Release */,
			);
			defaultConfigurationIsVisible = 0;
			defaultConfigurationName = Release;
		};
		63AB57562A839C7A00A138C7 /* Build configuration list for PBXNativeTarget "FeelLikeBeer" */ = {
			isa = XCConfigurationList;
			buildConfigurations = (
				63AB57572A839C7A00A138C7 /* Debug */,
				63AB57582A839C7A00A138C7 /* Release */,
			);
			defaultConfigurationIsVisible = 0;
			defaultConfigurationName = Release;
		};
/* End XCConfigurationList section */

/* Begin XCRemoteSwiftPackageReference section */
		63C85A472A83F1BD0007F1B0 /* XCRemoteSwiftPackageReference "Alamofire" */ = {
			isa = XCRemoteSwiftPackageReference;
			repositoryURL = "https://github.com/Alamofire/Alamofire.git";
			requirement = {
				kind = upToNextMajorVersion;
				minimumVersion = 5.0.0;
			};
		};
		63C85A4A2A83F1C80007F1B0 /* XCRemoteSwiftPackageReference "SwiftyJSON" */ = {
			isa = XCRemoteSwiftPackageReference;
			repositoryURL = "https://github.com/SwiftyJSON/SwiftyJSON.git";
			requirement = {
				kind = upToNextMajorVersion;
				minimumVersion = 5.0.0;
			};
		};
/* End XCRemoteSwiftPackageReference section */

/* Begin XCSwiftPackageProductDependency section */
		63C85A482A83F1BD0007F1B0 /* Alamofire */ = {
			isa = XCSwiftPackageProductDependency;
			package = 63C85A472A83F1BD0007F1B0 /* XCRemoteSwiftPackageReference "Alamofire" */;
			productName = Alamofire;
		};
		63C85A4B2A83F1C80007F1B0 /* SwiftyJSON */ = {
			isa = XCSwiftPackageProductDependency;
			package = 63C85A4A2A83F1C80007F1B0 /* XCRemoteSwiftPackageReference "SwiftyJSON" */;
			productName = SwiftyJSON;
		};
/* End XCSwiftPackageProductDependency section */
	};
	rootObject = 63AB573A2A839C7A00A138C7 /* Project object */;
}
