// !$*UTF8*$!
{
	archiveVersion = 1;
	classes = {
	};
	objectVersion = 56;
	objects = {

/* Begin PBXBuildFile section */
		633FCBB12A7A4C8300873965 /* BrowseViewController.swift in Sources */ = {isa = PBXBuildFile; fileRef = 633FCBB02A7A4C8300873965 /* BrowseViewController.swift */; };
		633FCBB42A7A4FF900873965 /* BrowseCollectionViewCell.swift in Sources */ = {isa = PBXBuildFile; fileRef = 633FCBB22A7A4FF900873965 /* BrowseCollectionViewCell.swift */; };
		633FCBB52A7A4FF900873965 /* BrowseCollectionViewCell.xib in Resources */ = {isa = PBXBuildFile; fileRef = 633FCBB32A7A4FF900873965 /* BrowseCollectionViewCell.xib */; };
		639EE18E2A889AB100A7B674 /* APIKey.swift in Sources */ = {isa = PBXBuildFile; fileRef = 639EE18D2A889AB100A7B674 /* APIKey.swift */; };
		63BEC8A32AA5AC5500E37EAC /* Realm in Frameworks */ = {isa = PBXBuildFile; productRef = 63BEC8A22AA5AC5500E37EAC /* Realm */; };
		63BEC8A52AA5AC5500E37EAC /* RealmSwift in Frameworks */ = {isa = PBXBuildFile; productRef = 63BEC8A42AA5AC5500E37EAC /* RealmSwift */; };
		63BEC8A82AA5AD6600E37EAC /* MyBook.swift in Sources */ = {isa = PBXBuildFile; fileRef = 63BEC8A72AA5AD6600E37EAC /* MyBook.swift */; };
		63BEC8AB2AA5C62100E37EAC /* MainTabBarController.swift in Sources */ = {isa = PBXBuildFile; fileRef = 63BEC8AA2AA5C62100E37EAC /* MainTabBarController.swift */; };
		63BEC8B02AA5DEC000E37EAC /* BaseViewController.swift in Sources */ = {isa = PBXBuildFile; fileRef = 63BEC8AF2AA5DEC000E37EAC /* BaseViewController.swift */; };
		63BEC8B72AA5E93400E37EAC /* BaseTableViewCell.swift in Sources */ = {isa = PBXBuildFile; fileRef = 63BEC8B62AA5E93400E37EAC /* BaseTableViewCell.swift */; };
		63BEC8BA2AA5EA3100E37EAC /* BWTableViewCell.swift in Sources */ = {isa = PBXBuildFile; fileRef = 63BEC8B92AA5EA3100E37EAC /* BWTableViewCell.swift */; };
		63C85A6B2A8624330007F1B0 /* KakaoAPIManager.swift in Sources */ = {isa = PBXBuildFile; fileRef = 63C85A6A2A8624330007F1B0 /* KakaoAPIManager.swift */; };
		63C85A742A8637090007F1B0 /* BookData.swift in Sources */ = {isa = PBXBuildFile; fileRef = 63C85A732A8637090007F1B0 /* BookData.swift */; };
		63C85A782A8799000007F1B0 /* ReusableIdentifiable.swift in Sources */ = {isa = PBXBuildFile; fileRef = 63C85A772A8799000007F1B0 /* ReusableIdentifiable.swift */; };
		63E2C9722A77A90D0064163A /* AppDelegate.swift in Sources */ = {isa = PBXBuildFile; fileRef = 63E2C9712A77A90D0064163A /* AppDelegate.swift */; };
		63E2C9742A77A90D0064163A /* SceneDelegate.swift in Sources */ = {isa = PBXBuildFile; fileRef = 63E2C9732A77A90D0064163A /* SceneDelegate.swift */; };
		63E2C9762A77A90D0064163A /* MainViewController.swift in Sources */ = {isa = PBXBuildFile; fileRef = 63E2C9752A77A90D0064163A /* MainViewController.swift */; };
		63E2C9792A77A90D0064163A /* Main.storyboard in Resources */ = {isa = PBXBuildFile; fileRef = 63E2C9772A77A90D0064163A /* Main.storyboard */; };
		63E2C97B2A77A90F0064163A /* Assets.xcassets in Resources */ = {isa = PBXBuildFile; fileRef = 63E2C97A2A77A90F0064163A /* Assets.xcassets */; };
		63E2C97E2A77A90F0064163A /* LaunchScreen.storyboard in Resources */ = {isa = PBXBuildFile; fileRef = 63E2C97C2A77A90F0064163A /* LaunchScreen.storyboard */; };
		63E2C98B2A77B0650064163A /* BookCollectionViewCell.swift in Sources */ = {isa = PBXBuildFile; fileRef = 63E2C9892A77B0650064163A /* BookCollectionViewCell.swift */; };
		63E2C98C2A77B0650064163A /* BookCollectionViewCell.xib in Resources */ = {isa = PBXBuildFile; fileRef = 63E2C98A2A77B0650064163A /* BookCollectionViewCell.xib */; };
		63E2C9902A77BD2F0064163A /* BookData.json in Resources */ = {isa = PBXBuildFile; fileRef = 63E2C98F2A77BD2F0064163A /* BookData.json */; };
		63E2C9922A77C6740064163A /* Book.swift in Sources */ = {isa = PBXBuildFile; fileRef = 63E2C9912A77C6740064163A /* Book.swift */; };
		63E2C9942A77C81D0064163A /* JSONBookData.swift in Sources */ = {isa = PBXBuildFile; fileRef = 63E2C9932A77C81D0064163A /* JSONBookData.swift */; };
		63E2C9962A77CE640064163A /* SearchViewController.swift in Sources */ = {isa = PBXBuildFile; fileRef = 63E2C9952A77CE640064163A /* SearchViewController.swift */; };
		63E2C9982A77D7DD0064163A /* DetailViewController.swift in Sources */ = {isa = PBXBuildFile; fileRef = 63E2C9972A77D7DD0064163A /* DetailViewController.swift */; };
		63E2C99F2A77E3820064163A /* BookTableViewCell.swift in Sources */ = {isa = PBXBuildFile; fileRef = 63E2C99D2A77E3820064163A /* BookTableViewCell.swift */; };
		63E2C9A02A77E3820064163A /* BookTableViewCell.xib in Resources */ = {isa = PBXBuildFile; fileRef = 63E2C99E2A77E3820064163A /* BookTableViewCell.xib */; };
		63E2C9A22A7970010064163A /* UIImageView+.swift in Sources */ = {isa = PBXBuildFile; fileRef = 63E2C9A12A7970010064163A /* UIImageView+.swift */; };
		63E2C9A92A797B2E0064163A /* SearchTableViewCell.swift in Sources */ = {isa = PBXBuildFile; fileRef = 63E2C9A72A797B2E0064163A /* SearchTableViewCell.swift */; };
		63E2C9AA2A797B2E0064163A /* SearchTableViewCell.xib in Resources */ = {isa = PBXBuildFile; fileRef = 63E2C9A82A797B2E0064163A /* SearchTableViewCell.xib */; };
/* End PBXBuildFile section */

/* Begin PBXFileReference section */
		633FCBB02A7A4C8300873965 /* BrowseViewController.swift */ = {isa = PBXFileReference; lastKnownFileType = sourcecode.swift; path = BrowseViewController.swift; sourceTree = "<group>"; };
		633FCBB22A7A4FF900873965 /* BrowseCollectionViewCell.swift */ = {isa = PBXFileReference; lastKnownFileType = sourcecode.swift; path = BrowseCollectionViewCell.swift; sourceTree = "<group>"; };
		633FCBB32A7A4FF900873965 /* BrowseCollectionViewCell.xib */ = {isa = PBXFileReference; lastKnownFileType = file.xib; path = BrowseCollectionViewCell.xib; sourceTree = "<group>"; };
		639EE18D2A889AB100A7B674 /* APIKey.swift */ = {isa = PBXFileReference; fileEncoding = 4; lastKnownFileType = sourcecode.swift; name = APIKey.swift; path = ../../../../APIKey.swift; sourceTree = "<group>"; };
		63BEC8A72AA5AD6600E37EAC /* MyBook.swift */ = {isa = PBXFileReference; lastKnownFileType = sourcecode.swift; path = MyBook.swift; sourceTree = "<group>"; };
		63BEC8AA2AA5C62100E37EAC /* MainTabBarController.swift */ = {isa = PBXFileReference; lastKnownFileType = sourcecode.swift; path = MainTabBarController.swift; sourceTree = "<group>"; };
		63BEC8AF2AA5DEC000E37EAC /* BaseViewController.swift */ = {isa = PBXFileReference; lastKnownFileType = sourcecode.swift; path = BaseViewController.swift; sourceTree = "<group>"; };
		63BEC8B62AA5E93400E37EAC /* BaseTableViewCell.swift */ = {isa = PBXFileReference; lastKnownFileType = sourcecode.swift; path = BaseTableViewCell.swift; sourceTree = "<group>"; };
		63BEC8B92AA5EA3100E37EAC /* BWTableViewCell.swift */ = {isa = PBXFileReference; lastKnownFileType = sourcecode.swift; path = BWTableViewCell.swift; sourceTree = "<group>"; };
		63C85A6A2A8624330007F1B0 /* KakaoAPIManager.swift */ = {isa = PBXFileReference; lastKnownFileType = sourcecode.swift; path = KakaoAPIManager.swift; sourceTree = "<group>"; };
		63C85A732A8637090007F1B0 /* BookData.swift */ = {isa = PBXFileReference; lastKnownFileType = sourcecode.swift; path = BookData.swift; sourceTree = "<group>"; };
		63C85A772A8799000007F1B0 /* ReusableIdentifiable.swift */ = {isa = PBXFileReference; lastKnownFileType = sourcecode.swift; path = ReusableIdentifiable.swift; sourceTree = "<group>"; };
		63E2C96E2A77A90D0064163A /* Bookworm.app */ = {isa = PBXFileReference; explicitFileType = wrapper.application; includeInIndex = 0; path = Bookworm.app; sourceTree = BUILT_PRODUCTS_DIR; };
		63E2C9712A77A90D0064163A /* AppDelegate.swift */ = {isa = PBXFileReference; lastKnownFileType = sourcecode.swift; path = AppDelegate.swift; sourceTree = "<group>"; };
		63E2C9732A77A90D0064163A /* SceneDelegate.swift */ = {isa = PBXFileReference; lastKnownFileType = sourcecode.swift; path = SceneDelegate.swift; sourceTree = "<group>"; };
		63E2C9752A77A90D0064163A /* MainViewController.swift */ = {isa = PBXFileReference; lastKnownFileType = sourcecode.swift; path = MainViewController.swift; sourceTree = "<group>"; };
		63E2C9782A77A90D0064163A /* Base */ = {isa = PBXFileReference; lastKnownFileType = file.storyboard; name = Base; path = Base.lproj/Main.storyboard; sourceTree = "<group>"; };
		63E2C97A2A77A90F0064163A /* Assets.xcassets */ = {isa = PBXFileReference; lastKnownFileType = folder.assetcatalog; path = Assets.xcassets; sourceTree = "<group>"; };
		63E2C97D2A77A90F0064163A /* Base */ = {isa = PBXFileReference; lastKnownFileType = file.storyboard; name = Base; path = Base.lproj/LaunchScreen.storyboard; sourceTree = "<group>"; };
		63E2C97F2A77A90F0064163A /* Info.plist */ = {isa = PBXFileReference; lastKnownFileType = text.plist.xml; path = Info.plist; sourceTree = "<group>"; };
		63E2C9892A77B0650064163A /* BookCollectionViewCell.swift */ = {isa = PBXFileReference; lastKnownFileType = sourcecode.swift; path = BookCollectionViewCell.swift; sourceTree = "<group>"; };
		63E2C98A2A77B0650064163A /* BookCollectionViewCell.xib */ = {isa = PBXFileReference; lastKnownFileType = file.xib; path = BookCollectionViewCell.xib; sourceTree = "<group>"; };
		63E2C98F2A77BD2F0064163A /* BookData.json */ = {isa = PBXFileReference; fileEncoding = 4; lastKnownFileType = text.json; path = BookData.json; sourceTree = "<group>"; };
		63E2C9912A77C6740064163A /* Book.swift */ = {isa = PBXFileReference; lastKnownFileType = sourcecode.swift; path = Book.swift; sourceTree = "<group>"; };
		63E2C9932A77C81D0064163A /* JSONBookData.swift */ = {isa = PBXFileReference; lastKnownFileType = sourcecode.swift; path = JSONBookData.swift; sourceTree = "<group>"; };
		63E2C9952A77CE640064163A /* SearchViewController.swift */ = {isa = PBXFileReference; lastKnownFileType = sourcecode.swift; path = SearchViewController.swift; sourceTree = "<group>"; };
		63E2C9972A77D7DD0064163A /* DetailViewController.swift */ = {isa = PBXFileReference; lastKnownFileType = sourcecode.swift; path = DetailViewController.swift; sourceTree = "<group>"; };
		63E2C99D2A77E3820064163A /* BookTableViewCell.swift */ = {isa = PBXFileReference; lastKnownFileType = sourcecode.swift; path = BookTableViewCell.swift; sourceTree = "<group>"; };
		63E2C99E2A77E3820064163A /* BookTableViewCell.xib */ = {isa = PBXFileReference; lastKnownFileType = file.xib; path = BookTableViewCell.xib; sourceTree = "<group>"; };
		63E2C9A12A7970010064163A /* UIImageView+.swift */ = {isa = PBXFileReference; lastKnownFileType = sourcecode.swift; path = "UIImageView+.swift"; sourceTree = "<group>"; };
		63E2C9A72A797B2E0064163A /* SearchTableViewCell.swift */ = {isa = PBXFileReference; lastKnownFileType = sourcecode.swift; path = SearchTableViewCell.swift; sourceTree = "<group>"; };
		63E2C9A82A797B2E0064163A /* SearchTableViewCell.xib */ = {isa = PBXFileReference; lastKnownFileType = file.xib; path = SearchTableViewCell.xib; sourceTree = "<group>"; };
/* End PBXFileReference section */

/* Begin PBXFrameworksBuildPhase section */
		63E2C96B2A77A90D0064163A /* Frameworks */ = {
			isa = PBXFrameworksBuildPhase;
			buildActionMask = 2147483647;
			files = (
				63BEC8A52AA5AC5500E37EAC /* RealmSwift in Frameworks */,
				63BEC8A32AA5AC5500E37EAC /* Realm in Frameworks */,
			);
			runOnlyForDeploymentPostprocessing = 0;
		};
/* End PBXFrameworksBuildPhase section */

/* Begin PBXGroup section */
		63BEC8A62AA5AD0200E37EAC /* Realm */ = {
			isa = PBXGroup;
			children = (
				63BEC8A72AA5AD6600E37EAC /* MyBook.swift */,
			);
			path = Realm;
			sourceTree = "<group>";
		};
		63BEC8A92AA5C5EA00E37EAC /* Scene */ = {
			isa = PBXGroup;
			children = (
				63BEC8AA2AA5C62100E37EAC /* MainTabBarController.swift */,
				63BEC8B52AA5E89100E37EAC /* Cell */,
			);
			path = Scene;
			sourceTree = "<group>";
		};
		63BEC8AE2AA5DEA800E37EAC /* Base */ = {
			isa = PBXGroup;
			children = (
				63BEC8AF2AA5DEC000E37EAC /* BaseViewController.swift */,
				63BEC8B62AA5E93400E37EAC /* BaseTableViewCell.swift */,
			);
			path = Base;
			sourceTree = "<group>";
		};
		63BEC8B52AA5E89100E37EAC /* Cell */ = {
			isa = PBXGroup;
			children = (
				63BEC8B92AA5EA3100E37EAC /* BWTableViewCell.swift */,
			);
			path = Cell;
			sourceTree = "<group>";
		};
		63C85A712A8628090007F1B0 /* Network */ = {
			isa = PBXGroup;
			children = (
				639EE18D2A889AB100A7B674 /* APIKey.swift */,
				63C85A6A2A8624330007F1B0 /* KakaoAPIManager.swift */,
			);
			path = Network;
			sourceTree = "<group>";
		};
		63C85A722A8636EE0007F1B0 /* Model */ = {
			isa = PBXGroup;
			children = (
				63E2C9912A77C6740064163A /* Book.swift */,
				63C85A732A8637090007F1B0 /* BookData.swift */,
			);
			path = Model;
			sourceTree = "<group>";
		};
		63C85A792A87995A0007F1B0 /* ViewControllers */ = {
			isa = PBXGroup;
			children = (
				63E2C9752A77A90D0064163A /* MainViewController.swift */,
				63E2C9972A77D7DD0064163A /* DetailViewController.swift */,
				633FCBB02A7A4C8300873965 /* BrowseViewController.swift */,
				63E2C9952A77CE640064163A /* SearchViewController.swift */,
			);
			path = ViewControllers;
			sourceTree = "<group>";
		};
		63E2C9652A77A90D0064163A = {
			isa = PBXGroup;
			children = (
				63E2C9702A77A90D0064163A /* Bookworm */,
				63E2C96F2A77A90D0064163A /* Products */,
			);
			sourceTree = "<group>";
		};
		63E2C96F2A77A90D0064163A /* Products */ = {
			isa = PBXGroup;
			children = (
				63E2C96E2A77A90D0064163A /* Bookworm.app */,
			);
			name = Products;
			sourceTree = "<group>";
		};
		63E2C9702A77A90D0064163A /* Bookworm */ = {
			isa = PBXGroup;
			children = (
				63E2C9712A77A90D0064163A /* AppDelegate.swift */,
				63E2C9732A77A90D0064163A /* SceneDelegate.swift */,
				63E2C9772A77A90D0064163A /* Main.storyboard */,
				63BEC8A92AA5C5EA00E37EAC /* Scene */,
				63C85A792A87995A0007F1B0 /* ViewControllers */,
				633FCBB22A7A4FF900873965 /* BrowseCollectionViewCell.swift */,
				633FCBB32A7A4FF900873965 /* BrowseCollectionViewCell.xib */,
				63E2C99D2A77E3820064163A /* BookTableViewCell.swift */,
				63E2C99E2A77E3820064163A /* BookTableViewCell.xib */,
				63E2C9A72A797B2E0064163A /* SearchTableViewCell.swift */,
				63E2C9A82A797B2E0064163A /* SearchTableViewCell.xib */,
				63E2C9892A77B0650064163A /* BookCollectionViewCell.swift */,
				63E2C98A2A77B0650064163A /* BookCollectionViewCell.xib */,
				63BEC8AE2AA5DEA800E37EAC /* Base */,
				63C85A722A8636EE0007F1B0 /* Model */,
				63BEC8A62AA5AD0200E37EAC /* Realm */,
				63C85A712A8628090007F1B0 /* Network */,
				63E2C9A32A7970230064163A /* Extension */,
				63E2C9932A77C81D0064163A /* JSONBookData.swift */,
				63E2C98F2A77BD2F0064163A /* BookData.json */,
				63E2C97A2A77A90F0064163A /* Assets.xcassets */,
				63E2C97C2A77A90F0064163A /* LaunchScreen.storyboard */,
				63E2C97F2A77A90F0064163A /* Info.plist */,
			);
			path = Bookworm;
			sourceTree = "<group>";
		};
		63E2C9A32A7970230064163A /* Extension */ = {
			isa = PBXGroup;
			children = (
				63C85A772A8799000007F1B0 /* ReusableIdentifiable.swift */,
				63E2C9A12A7970010064163A /* UIImageView+.swift */,
			);
			path = Extension;
			sourceTree = "<group>";
		};
/* End PBXGroup section */

/* Begin PBXNativeTarget section */
		63E2C96D2A77A90D0064163A /* Bookworm */ = {
			isa = PBXNativeTarget;
			buildConfigurationList = 63E2C9822A77A90F0064163A /* Build configuration list for PBXNativeTarget "Bookworm" */;
			buildPhases = (
				63E2C96A2A77A90D0064163A /* Sources */,
				63E2C96B2A77A90D0064163A /* Frameworks */,
				63E2C96C2A77A90D0064163A /* Resources */,
			);
			buildRules = (
			);
			dependencies = (
			);
			name = Bookworm;
			packageProductDependencies = (
				63BEC8A22AA5AC5500E37EAC /* Realm */,
				63BEC8A42AA5AC5500E37EAC /* RealmSwift */,
			);
			productName = Bookworm;
			productReference = 63E2C96E2A77A90D0064163A /* Bookworm.app */;
			productType = "com.apple.product-type.application";
		};
/* End PBXNativeTarget section */

/* Begin PBXProject section */
		63E2C9662A77A90D0064163A /* Project object */ = {
			isa = PBXProject;
			attributes = {
				BuildIndependentTargetsInParallel = 1;
				LastSwiftUpdateCheck = 1430;
				LastUpgradeCheck = 1430;
				TargetAttributes = {
					63E2C96D2A77A90D0064163A = {
						CreatedOnToolsVersion = 14.3.1;
					};
				};
			};
			buildConfigurationList = 63E2C9692A77A90D0064163A /* Build configuration list for PBXProject "Bookworm" */;
			compatibilityVersion = "Xcode 14.0";
			developmentRegion = en;
			hasScannedForEncodings = 0;
			knownRegions = (
				en,
				Base,
			);
			mainGroup = 63E2C9652A77A90D0064163A;
			packageReferences = (
				63BEC8A12AA5AC5500E37EAC /* XCRemoteSwiftPackageReference "realm-swift" */,
			);
			productRefGroup = 63E2C96F2A77A90D0064163A /* Products */;
			projectDirPath = "";
			projectRoot = "";
			targets = (
				63E2C96D2A77A90D0064163A /* Bookworm */,
			);
		};
/* End PBXProject section */

/* Begin PBXResourcesBuildPhase section */
		63E2C96C2A77A90D0064163A /* Resources */ = {
			isa = PBXResourcesBuildPhase;
			buildActionMask = 2147483647;
			files = (
				63E2C97E2A77A90F0064163A /* LaunchScreen.storyboard in Resources */,
				63E2C9902A77BD2F0064163A /* BookData.json in Resources */,
				63E2C9A02A77E3820064163A /* BookTableViewCell.xib in Resources */,
				63E2C98C2A77B0650064163A /* BookCollectionViewCell.xib in Resources */,
				63E2C9AA2A797B2E0064163A /* SearchTableViewCell.xib in Resources */,
				63E2C97B2A77A90F0064163A /* Assets.xcassets in Resources */,
				633FCBB52A7A4FF900873965 /* BrowseCollectionViewCell.xib in Resources */,
				63E2C9792A77A90D0064163A /* Main.storyboard in Resources */,
			);
			runOnlyForDeploymentPostprocessing = 0;
		};
/* End PBXResourcesBuildPhase section */

/* Begin PBXSourcesBuildPhase section */
		63E2C96A2A77A90D0064163A /* Sources */ = {
			isa = PBXSourcesBuildPhase;
			buildActionMask = 2147483647;
			files = (
				63C85A782A8799000007F1B0 /* ReusableIdentifiable.swift in Sources */,
				63BEC8BA2AA5EA3100E37EAC /* BWTableViewCell.swift in Sources */,
				63E2C9762A77A90D0064163A /* MainViewController.swift in Sources */,
				633FCBB42A7A4FF900873965 /* BrowseCollectionViewCell.swift in Sources */,
				63E2C9962A77CE640064163A /* SearchViewController.swift in Sources */,
				63E2C98B2A77B0650064163A /* BookCollectionViewCell.swift in Sources */,
				63BEC8B02AA5DEC000E37EAC /* BaseViewController.swift in Sources */,
				63C85A6B2A8624330007F1B0 /* KakaoAPIManager.swift in Sources */,
				63E2C9942A77C81D0064163A /* JSONBookData.swift in Sources */,
				63E2C9A92A797B2E0064163A /* SearchTableViewCell.swift in Sources */,
				63E2C9A22A7970010064163A /* UIImageView+.swift in Sources */,
				633FCBB12A7A4C8300873965 /* BrowseViewController.swift in Sources */,
				63E2C99F2A77E3820064163A /* BookTableViewCell.swift in Sources */,
				63E2C9722A77A90D0064163A /* AppDelegate.swift in Sources */,
				63BEC8A82AA5AD6600E37EAC /* MyBook.swift in Sources */,
				63BEC8AB2AA5C62100E37EAC /* MainTabBarController.swift in Sources */,
				63BEC8B72AA5E93400E37EAC /* BaseTableViewCell.swift in Sources */,
				63E2C9922A77C6740064163A /* Book.swift in Sources */,
				63E2C9742A77A90D0064163A /* SceneDelegate.swift in Sources */,
				63C85A742A8637090007F1B0 /* BookData.swift in Sources */,
				639EE18E2A889AB100A7B674 /* APIKey.swift in Sources */,
				63E2C9982A77D7DD0064163A /* DetailViewController.swift in Sources */,
			);
			runOnlyForDeploymentPostprocessing = 0;
		};
/* End PBXSourcesBuildPhase section */

/* Begin PBXVariantGroup section */
		63E2C9772A77A90D0064163A /* Main.storyboard */ = {
			isa = PBXVariantGroup;
			children = (
				63E2C9782A77A90D0064163A /* Base */,
			);
			name = Main.storyboard;
			sourceTree = "<group>";
		};
		63E2C97C2A77A90F0064163A /* LaunchScreen.storyboard */ = {
			isa = PBXVariantGroup;
			children = (
				63E2C97D2A77A90F0064163A /* Base */,
			);
			name = LaunchScreen.storyboard;
			sourceTree = "<group>";
		};
/* End PBXVariantGroup section */

/* Begin XCBuildConfiguration section */
		63E2C9802A77A90F0064163A /* Debug */ = {
			isa = XCBuildConfiguration;
			buildSettings = {
				ALWAYS_SEARCH_USER_PATHS = NO;
				CLANG_ANALYZER_NONNULL = YES;
				CLANG_ANALYZER_NUMBER_OBJECT_CONVERSION = YES_AGGRESSIVE;
				CLANG_CXX_LANGUAGE_STANDARD = "gnu++20";
				CLANG_ENABLE_MODULES = YES;
				CLANG_ENABLE_OBJC_ARC = YES;
				CLANG_ENABLE_OBJC_WEAK = YES;
				CLANG_WARN_BLOCK_CAPTURE_AUTORELEASING = YES;
				CLANG_WARN_BOOL_CONVERSION = YES;
				CLANG_WARN_COMMA = YES;
				CLANG_WARN_CONSTANT_CONVERSION = YES;
				CLANG_WARN_DEPRECATED_OBJC_IMPLEMENTATIONS = YES;
				CLANG_WARN_DIRECT_OBJC_ISA_USAGE = YES_ERROR;
				CLANG_WARN_DOCUMENTATION_COMMENTS = YES;
				CLANG_WARN_EMPTY_BODY = YES;
				CLANG_WARN_ENUM_CONVERSION = YES;
				CLANG_WARN_INFINITE_RECURSION = YES;
				CLANG_WARN_INT_CONVERSION = YES;
				CLANG_WARN_NON_LITERAL_NULL_CONVERSION = YES;
				CLANG_WARN_OBJC_IMPLICIT_RETAIN_SELF = YES;
				CLANG_WARN_OBJC_LITERAL_CONVERSION = YES;
				CLANG_WARN_OBJC_ROOT_CLASS = YES_ERROR;
				CLANG_WARN_QUOTED_INCLUDE_IN_FRAMEWORK_HEADER = YES;
				CLANG_WARN_RANGE_LOOP_ANALYSIS = YES;
				CLANG_WARN_STRICT_PROTOTYPES = YES;
				CLANG_WARN_SUSPICIOUS_MOVE = YES;
				CLANG_WARN_UNGUARDED_AVAILABILITY = YES_AGGRESSIVE;
				CLANG_WARN_UNREACHABLE_CODE = YES;
				CLANG_WARN__DUPLICATE_METHOD_MATCH = YES;
				COPY_PHASE_STRIP = NO;
				DEBUG_INFORMATION_FORMAT = dwarf;
				ENABLE_STRICT_OBJC_MSGSEND = YES;
				ENABLE_TESTABILITY = YES;
				GCC_C_LANGUAGE_STANDARD = gnu11;
				GCC_DYNAMIC_NO_PIC = NO;
				GCC_NO_COMMON_BLOCKS = YES;
				GCC_OPTIMIZATION_LEVEL = 0;
				GCC_PREPROCESSOR_DEFINITIONS = (
					"DEBUG=1",
					"$(inherited)",
				);
				GCC_WARN_64_TO_32_BIT_CONVERSION = YES;
				GCC_WARN_ABOUT_RETURN_TYPE = YES_ERROR;
				GCC_WARN_UNDECLARED_SELECTOR = YES;
				GCC_WARN_UNINITIALIZED_AUTOS = YES_AGGRESSIVE;
				GCC_WARN_UNUSED_FUNCTION = YES;
				GCC_WARN_UNUSED_VARIABLE = YES;
				IPHONEOS_DEPLOYMENT_TARGET = 16.4;
				MTL_ENABLE_DEBUG_INFO = INCLUDE_SOURCE;
				MTL_FAST_MATH = YES;
				ONLY_ACTIVE_ARCH = YES;
				SDKROOT = iphoneos;
				SWIFT_ACTIVE_COMPILATION_CONDITIONS = DEBUG;
				SWIFT_OPTIMIZATION_LEVEL = "-Onone";
			};
			name = Debug;
		};
		63E2C9812A77A90F0064163A /* Release */ = {
			isa = XCBuildConfiguration;
			buildSettings = {
				ALWAYS_SEARCH_USER_PATHS = NO;
				CLANG_ANALYZER_NONNULL = YES;
				CLANG_ANALYZER_NUMBER_OBJECT_CONVERSION = YES_AGGRESSIVE;
				CLANG_CXX_LANGUAGE_STANDARD = "gnu++20";
				CLANG_ENABLE_MODULES = YES;
				CLANG_ENABLE_OBJC_ARC = YES;
				CLANG_ENABLE_OBJC_WEAK = YES;
				CLANG_WARN_BLOCK_CAPTURE_AUTORELEASING = YES;
				CLANG_WARN_BOOL_CONVERSION = YES;
				CLANG_WARN_COMMA = YES;
				CLANG_WARN_CONSTANT_CONVERSION = YES;
				CLANG_WARN_DEPRECATED_OBJC_IMPLEMENTATIONS = YES;
				CLANG_WARN_DIRECT_OBJC_ISA_USAGE = YES_ERROR;
				CLANG_WARN_DOCUMENTATION_COMMENTS = YES;
				CLANG_WARN_EMPTY_BODY = YES;
				CLANG_WARN_ENUM_CONVERSION = YES;
				CLANG_WARN_INFINITE_RECURSION = YES;
				CLANG_WARN_INT_CONVERSION = YES;
				CLANG_WARN_NON_LITERAL_NULL_CONVERSION = YES;
				CLANG_WARN_OBJC_IMPLICIT_RETAIN_SELF = YES;
				CLANG_WARN_OBJC_LITERAL_CONVERSION = YES;
				CLANG_WARN_OBJC_ROOT_CLASS = YES_ERROR;
				CLANG_WARN_QUOTED_INCLUDE_IN_FRAMEWORK_HEADER = YES;
				CLANG_WARN_RANGE_LOOP_ANALYSIS = YES;
				CLANG_WARN_STRICT_PROTOTYPES = YES;
				CLANG_WARN_SUSPICIOUS_MOVE = YES;
				CLANG_WARN_UNGUARDED_AVAILABILITY = YES_AGGRESSIVE;
				CLANG_WARN_UNREACHABLE_CODE = YES;
				CLANG_WARN__DUPLICATE_METHOD_MATCH = YES;
				COPY_PHASE_STRIP = NO;
				DEBUG_INFORMATION_FORMAT = "dwarf-with-dsym";
				ENABLE_NS_ASSERTIONS = NO;
				ENABLE_STRICT_OBJC_MSGSEND = YES;
				GCC_C_LANGUAGE_STANDARD = gnu11;
				GCC_NO_COMMON_BLOCKS = YES;
				GCC_WARN_64_TO_32_BIT_CONVERSION = YES;
				GCC_WARN_ABOUT_RETURN_TYPE = YES_ERROR;
				GCC_WARN_UNDECLARED_SELECTOR = YES;
				GCC_WARN_UNINITIALIZED_AUTOS = YES_AGGRESSIVE;
				GCC_WARN_UNUSED_FUNCTION = YES;
				GCC_WARN_UNUSED_VARIABLE = YES;
				IPHONEOS_DEPLOYMENT_TARGET = 16.4;
				MTL_ENABLE_DEBUG_INFO = NO;
				MTL_FAST_MATH = YES;
				SDKROOT = iphoneos;
				SWIFT_COMPILATION_MODE = wholemodule;
				SWIFT_OPTIMIZATION_LEVEL = "-O";
				VALIDATE_PRODUCT = YES;
			};
			name = Release;
		};
		63E2C9832A77A90F0064163A /* Debug */ = {
			isa = XCBuildConfiguration;
			buildSettings = {
				ASSETCATALOG_COMPILER_APPICON_NAME = AppIcon;
				ASSETCATALOG_COMPILER_GLOBAL_ACCENT_COLOR_NAME = AccentColor;
				CODE_SIGN_STYLE = Automatic;
				CURRENT_PROJECT_VERSION = 1;
				GENERATE_INFOPLIST_FILE = YES;
				INFOPLIST_FILE = Bookworm/Info.plist;
				INFOPLIST_KEY_UIApplicationSupportsIndirectInputEvents = YES;
				INFOPLIST_KEY_UILaunchStoryboardName = LaunchScreen;
				INFOPLIST_KEY_UIMainStoryboardFile = Main;
				INFOPLIST_KEY_UISupportedInterfaceOrientations_iPad = "UIInterfaceOrientationPortrait UIInterfaceOrientationPortraitUpsideDown UIInterfaceOrientationLandscapeLeft UIInterfaceOrientationLandscapeRight";
				INFOPLIST_KEY_UISupportedInterfaceOrientations_iPhone = "UIInterfaceOrientationPortrait UIInterfaceOrientationLandscapeLeft UIInterfaceOrientationLandscapeRight";
				LD_RUNPATH_SEARCH_PATHS = (
					"$(inherited)",
					"@executable_path/Frameworks",
				);
				MARKETING_VERSION = 1.0;
				PRODUCT_BUNDLE_IDENTIFIER = "com.steady-on.Bookworm";
				PRODUCT_NAME = "$(TARGET_NAME)";
				SWIFT_EMIT_LOC_STRINGS = YES;
				SWIFT_VERSION = 5.0;
				TARGETED_DEVICE_FAMILY = "1,2";
			};
			name = Debug;
		};
		63E2C9842A77A90F0064163A /* Release */ = {
			isa = XCBuildConfiguration;
			buildSettings = {
				ASSETCATALOG_COMPILER_APPICON_NAME = AppIcon;
				ASSETCATALOG_COMPILER_GLOBAL_ACCENT_COLOR_NAME = AccentColor;
				CODE_SIGN_STYLE = Automatic;
				CURRENT_PROJECT_VERSION = 1;
				GENERATE_INFOPLIST_FILE = YES;
				INFOPLIST_FILE = Bookworm/Info.plist;
				INFOPLIST_KEY_UIApplicationSupportsIndirectInputEvents = YES;
				INFOPLIST_KEY_UILaunchStoryboardName = LaunchScreen;
				INFOPLIST_KEY_UIMainStoryboardFile = Main;
				INFOPLIST_KEY_UISupportedInterfaceOrientations_iPad = "UIInterfaceOrientationPortrait UIInterfaceOrientationPortraitUpsideDown UIInterfaceOrientationLandscapeLeft UIInterfaceOrientationLandscapeRight";
				INFOPLIST_KEY_UISupportedInterfaceOrientations_iPhone = "UIInterfaceOrientationPortrait UIInterfaceOrientationLandscapeLeft UIInterfaceOrientationLandscapeRight";
				LD_RUNPATH_SEARCH_PATHS = (
					"$(inherited)",
					"@executable_path/Frameworks",
				);
				MARKETING_VERSION = 1.0;
				PRODUCT_BUNDLE_IDENTIFIER = "com.steady-on.Bookworm";
				PRODUCT_NAME = "$(TARGET_NAME)";
				SWIFT_EMIT_LOC_STRINGS = YES;
				SWIFT_VERSION = 5.0;
				TARGETED_DEVICE_FAMILY = "1,2";
			};
			name = Release;
		};
/* End XCBuildConfiguration section */

/* Begin XCConfigurationList section */
		63E2C9692A77A90D0064163A /* Build configuration list for PBXProject "Bookworm" */ = {
			isa = XCConfigurationList;
			buildConfigurations = (
				63E2C9802A77A90F0064163A /* Debug */,
				63E2C9812A77A90F0064163A /* Release */,
			);
			defaultConfigurationIsVisible = 0;
			defaultConfigurationName = Release;
		};
		63E2C9822A77A90F0064163A /* Build configuration list for PBXNativeTarget "Bookworm" */ = {
			isa = XCConfigurationList;
			buildConfigurations = (
				63E2C9832A77A90F0064163A /* Debug */,
				63E2C9842A77A90F0064163A /* Release */,
			);
			defaultConfigurationIsVisible = 0;
			defaultConfigurationName = Release;
		};
/* End XCConfigurationList section */

/* Begin XCRemoteSwiftPackageReference section */
		63BEC8A12AA5AC5500E37EAC /* XCRemoteSwiftPackageReference "realm-swift" */ = {
			isa = XCRemoteSwiftPackageReference;
			repositoryURL = "https://github.com/realm/realm-swift.git";
			requirement = {
				kind = upToNextMajorVersion;
				minimumVersion = 10.42.1;
			};
		};
/* End XCRemoteSwiftPackageReference section */

/* Begin XCSwiftPackageProductDependency section */
		63BEC8A22AA5AC5500E37EAC /* Realm */ = {
			isa = XCSwiftPackageProductDependency;
			package = 63BEC8A12AA5AC5500E37EAC /* XCRemoteSwiftPackageReference "realm-swift" */;
			productName = Realm;
		};
		63BEC8A42AA5AC5500E37EAC /* RealmSwift */ = {
			isa = XCSwiftPackageProductDependency;
			package = 63BEC8A12AA5AC5500E37EAC /* XCRemoteSwiftPackageReference "realm-swift" */;
			productName = RealmSwift;
		};
/* End XCSwiftPackageProductDependency section */
	};
	rootObject = 63E2C9662A77A90D0064163A /* Project object */;
}
