// !$*UTF8*$!
{
	archiveVersion = 1;
	classes = {
	};
	objectVersion = 56;
	objects = {

/* Begin PBXBuildFile section */
		63FAAAB32A9616D70050BF9F /* AppDelegate.swift in Sources */ = {isa = PBXBuildFile; fileRef = 63FAAAB22A9616D70050BF9F /* AppDelegate.swift */; };
		63FAAAB52A9616D70050BF9F /* SceneDelegate.swift in Sources */ = {isa = PBXBuildFile; fileRef = 63FAAAB42A9616D70050BF9F /* SceneDelegate.swift */; };
		63FAAAB72A9616D70050BF9F /* TheaterMapViewController.swift in Sources */ = {isa = PBXBuildFile; fileRef = 63FAAAB62A9616D70050BF9F /* TheaterMapViewController.swift */; };
		63FAAABA2A9616D70050BF9F /* Main.storyboard in Resources */ = {isa = PBXBuildFile; fileRef = 63FAAAB82A9616D70050BF9F /* Main.storyboard */; };
		63FAAABC2A9616D80050BF9F /* Assets.xcassets in Resources */ = {isa = PBXBuildFile; fileRef = 63FAAABB2A9616D80050BF9F /* Assets.xcassets */; };
		63FAAABF2A9616D80050BF9F /* LaunchScreen.storyboard in Resources */ = {isa = PBXBuildFile; fileRef = 63FAAABD2A9616D80050BF9F /* LaunchScreen.storyboard */; };
		63FAAAC82A9617720050BF9F /* TheaterStore.swift in Sources */ = {isa = PBXBuildFile; fileRef = 63FAAAC72A9617720050BF9F /* TheaterStore.swift */; };
/* End PBXBuildFile section */

/* Begin PBXFileReference section */
		63FAAAAF2A9616D70050BF9F /* TheaterAroundMe.app */ = {isa = PBXFileReference; explicitFileType = wrapper.application; includeInIndex = 0; path = TheaterAroundMe.app; sourceTree = BUILT_PRODUCTS_DIR; };
		63FAAAB22A9616D70050BF9F /* AppDelegate.swift */ = {isa = PBXFileReference; lastKnownFileType = sourcecode.swift; path = AppDelegate.swift; sourceTree = "<group>"; };
		63FAAAB42A9616D70050BF9F /* SceneDelegate.swift */ = {isa = PBXFileReference; lastKnownFileType = sourcecode.swift; path = SceneDelegate.swift; sourceTree = "<group>"; };
		63FAAAB62A9616D70050BF9F /* TheaterMapViewController.swift */ = {isa = PBXFileReference; lastKnownFileType = sourcecode.swift; path = TheaterMapViewController.swift; sourceTree = "<group>"; };
		63FAAAB92A9616D70050BF9F /* Base */ = {isa = PBXFileReference; lastKnownFileType = file.storyboard; name = Base; path = Base.lproj/Main.storyboard; sourceTree = "<group>"; };
		63FAAABB2A9616D80050BF9F /* Assets.xcassets */ = {isa = PBXFileReference; lastKnownFileType = folder.assetcatalog; path = Assets.xcassets; sourceTree = "<group>"; };
		63FAAABE2A9616D80050BF9F /* Base */ = {isa = PBXFileReference; lastKnownFileType = file.storyboard; name = Base; path = Base.lproj/LaunchScreen.storyboard; sourceTree = "<group>"; };
		63FAAAC02A9616D80050BF9F /* Info.plist */ = {isa = PBXFileReference; lastKnownFileType = text.plist.xml; path = Info.plist; sourceTree = "<group>"; };
		63FAAAC72A9617720050BF9F /* TheaterStore.swift */ = {isa = PBXFileReference; lastKnownFileType = sourcecode.swift; path = TheaterStore.swift; sourceTree = "<group>"; };
/* End PBXFileReference section */

/* Begin PBXFrameworksBuildPhase section */
		63FAAAAC2A9616D70050BF9F /* Frameworks */ = {
			isa = PBXFrameworksBuildPhase;
			buildActionMask = 2147483647;
			files = (
			);
			runOnlyForDeploymentPostprocessing = 0;
		};
/* End PBXFrameworksBuildPhase section */

/* Begin PBXGroup section */
		63FAAAA62A9616D60050BF9F = {
			isa = PBXGroup;
			children = (
				63FAAAB12A9616D70050BF9F /* TheaterAroundMe */,
				63FAAAB02A9616D70050BF9F /* Products */,
			);
			sourceTree = "<group>";
		};
		63FAAAB02A9616D70050BF9F /* Products */ = {
			isa = PBXGroup;
			children = (
				63FAAAAF2A9616D70050BF9F /* TheaterAroundMe.app */,
			);
			name = Products;
			sourceTree = "<group>";
		};
		63FAAAB12A9616D70050BF9F /* TheaterAroundMe */ = {
			isa = PBXGroup;
			children = (
				63FAAAB22A9616D70050BF9F /* AppDelegate.swift */,
				63FAAAB42A9616D70050BF9F /* SceneDelegate.swift */,
				63FAAAB62A9616D70050BF9F /* TheaterMapViewController.swift */,
				63FAAAB82A9616D70050BF9F /* Main.storyboard */,
				63FAAAC62A9617580050BF9F /* Model */,
				63FAAABB2A9616D80050BF9F /* Assets.xcassets */,
				63FAAABD2A9616D80050BF9F /* LaunchScreen.storyboard */,
				63FAAAC02A9616D80050BF9F /* Info.plist */,
			);
			path = TheaterAroundMe;
			sourceTree = "<group>";
		};
		63FAAAC62A9617580050BF9F /* Model */ = {
			isa = PBXGroup;
			children = (
				63FAAAC72A9617720050BF9F /* TheaterStore.swift */,
			);
			path = Model;
			sourceTree = "<group>";
		};
/* End PBXGroup section */

/* Begin PBXNativeTarget section */
		63FAAAAE2A9616D70050BF9F /* TheaterAroundMe */ = {
			isa = PBXNativeTarget;
			buildConfigurationList = 63FAAAC32A9616D80050BF9F /* Build configuration list for PBXNativeTarget "TheaterAroundMe" */;
			buildPhases = (
				63FAAAAB2A9616D70050BF9F /* Sources */,
				63FAAAAC2A9616D70050BF9F /* Frameworks */,
				63FAAAAD2A9616D70050BF9F /* Resources */,
			);
			buildRules = (
			);
			dependencies = (
			);
			name = TheaterAroundMe;
			productName = TheaterAroundMe;
			productReference = 63FAAAAF2A9616D70050BF9F /* TheaterAroundMe.app */;
			productType = "com.apple.product-type.application";
		};
/* End PBXNativeTarget section */

/* Begin PBXProject section */
		63FAAAA72A9616D60050BF9F /* Project object */ = {
			isa = PBXProject;
			attributes = {
				BuildIndependentTargetsInParallel = 1;
				LastSwiftUpdateCheck = 1430;
				LastUpgradeCheck = 1430;
				TargetAttributes = {
					63FAAAAE2A9616D70050BF9F = {
						CreatedOnToolsVersion = 14.3.1;
					};
				};
			};
			buildConfigurationList = 63FAAAAA2A9616D60050BF9F /* Build configuration list for PBXProject "TheaterAroundMe" */;
			compatibilityVersion = "Xcode 14.0";
			developmentRegion = en;
			hasScannedForEncodings = 0;
			knownRegions = (
				en,
				Base,
			);
			mainGroup = 63FAAAA62A9616D60050BF9F;
			productRefGroup = 63FAAAB02A9616D70050BF9F /* Products */;
			projectDirPath = "";
			projectRoot = "";
			targets = (
				63FAAAAE2A9616D70050BF9F /* TheaterAroundMe */,
			);
		};
/* End PBXProject section */

/* Begin PBXResourcesBuildPhase section */
		63FAAAAD2A9616D70050BF9F /* Resources */ = {
			isa = PBXResourcesBuildPhase;
			buildActionMask = 2147483647;
			files = (
				63FAAABF2A9616D80050BF9F /* LaunchScreen.storyboard in Resources */,
				63FAAABC2A9616D80050BF9F /* Assets.xcassets in Resources */,
				63FAAABA2A9616D70050BF9F /* Main.storyboard in Resources */,
			);
			runOnlyForDeploymentPostprocessing = 0;
		};
/* End PBXResourcesBuildPhase section */

/* Begin PBXSourcesBuildPhase section */
		63FAAAAB2A9616D70050BF9F /* Sources */ = {
			isa = PBXSourcesBuildPhase;
			buildActionMask = 2147483647;
			files = (
				63FAAAB72A9616D70050BF9F /* TheaterMapViewController.swift in Sources */,
				63FAAAB32A9616D70050BF9F /* AppDelegate.swift in Sources */,
				63FAAAB52A9616D70050BF9F /* SceneDelegate.swift in Sources */,
				63FAAAC82A9617720050BF9F /* TheaterStore.swift in Sources */,
			);
			runOnlyForDeploymentPostprocessing = 0;
		};
/* End PBXSourcesBuildPhase section */

/* Begin PBXVariantGroup section */
		63FAAAB82A9616D70050BF9F /* Main.storyboard */ = {
			isa = PBXVariantGroup;
			children = (
				63FAAAB92A9616D70050BF9F /* Base */,
			);
			name = Main.storyboard;
			sourceTree = "<group>";
		};
		63FAAABD2A9616D80050BF9F /* LaunchScreen.storyboard */ = {
			isa = PBXVariantGroup;
			children = (
				63FAAABE2A9616D80050BF9F /* Base */,
			);
			name = LaunchScreen.storyboard;
			sourceTree = "<group>";
		};
/* End PBXVariantGroup section */

/* Begin XCBuildConfiguration section */
		63FAAAC12A9616D80050BF9F /* Debug */ = {
			isa = XCBuildConfiguration;
			buildSettings = {
				ALWAYS_SEARCH_USER_PATHS = NO;
				CLANG_ANALYZER_NONNULL = YES;
				CLANG_ANALYZER_NUMBER_OBJECT_CONVERSION = YES_AGGRESSIVE;
				CLANG_CXX_LANGUAGE_STANDARD = "gnu++20";
				CLANG_ENABLE_MODULES = YES;
				CLANG_ENABLE_OBJC_ARC = YES;
				CLANG_ENABLE_OBJC_WEAK = YES;
				CLANG_WARN_BLOCK_CAPTURE_AUTORELEASING = YES;
				CLANG_WARN_BOOL_CONVERSION = YES;
				CLANG_WARN_COMMA = YES;
				CLANG_WARN_CONSTANT_CONVERSION = YES;
				CLANG_WARN_DEPRECATED_OBJC_IMPLEMENTATIONS = YES;
				CLANG_WARN_DIRECT_OBJC_ISA_USAGE = YES_ERROR;
				CLANG_WARN_DOCUMENTATION_COMMENTS = YES;
				CLANG_WARN_EMPTY_BODY = YES;
				CLANG_WARN_ENUM_CONVERSION = YES;
				CLANG_WARN_INFINITE_RECURSION = YES;
				CLANG_WARN_INT_CONVERSION = YES;
				CLANG_WARN_NON_LITERAL_NULL_CONVERSION = YES;
				CLANG_WARN_OBJC_IMPLICIT_RETAIN_SELF = YES;
				CLANG_WARN_OBJC_LITERAL_CONVERSION = YES;
				CLANG_WARN_OBJC_ROOT_CLASS = YES_ERROR;
				CLANG_WARN_QUOTED_INCLUDE_IN_FRAMEWORK_HEADER = YES;
				CLANG_WARN_RANGE_LOOP_ANALYSIS = YES;
				CLANG_WARN_STRICT_PROTOTYPES = YES;
				CLANG_WARN_SUSPICIOUS_MOVE = YES;
				CLANG_WARN_UNGUARDED_AVAILABILITY = YES_AGGRESSIVE;
				CLANG_WARN_UNREACHABLE_CODE = YES;
				CLANG_WARN__DUPLICATE_METHOD_MATCH = YES;
				COPY_PHASE_STRIP = NO;
				DEBUG_INFORMATION_FORMAT = dwarf;
				ENABLE_STRICT_OBJC_MSGSEND = YES;
				ENABLE_TESTABILITY = YES;
				GCC_C_LANGUAGE_STANDARD = gnu11;
				GCC_DYNAMIC_NO_PIC = NO;
				GCC_NO_COMMON_BLOCKS = YES;
				GCC_OPTIMIZATION_LEVEL = 0;
				GCC_PREPROCESSOR_DEFINITIONS = (
					"DEBUG=1",
					"$(inherited)",
				);
				GCC_WARN_64_TO_32_BIT_CONVERSION = YES;
				GCC_WARN_ABOUT_RETURN_TYPE = YES_ERROR;
				GCC_WARN_UNDECLARED_SELECTOR = YES;
				GCC_WARN_UNINITIALIZED_AUTOS = YES_AGGRESSIVE;
				GCC_WARN_UNUSED_FUNCTION = YES;
				GCC_WARN_UNUSED_VARIABLE = YES;
				IPHONEOS_DEPLOYMENT_TARGET = 16.4;
				MTL_ENABLE_DEBUG_INFO = INCLUDE_SOURCE;
				MTL_FAST_MATH = YES;
				ONLY_ACTIVE_ARCH = YES;
				SDKROOT = iphoneos;
				SWIFT_ACTIVE_COMPILATION_CONDITIONS = DEBUG;
				SWIFT_OPTIMIZATION_LEVEL = "-Onone";
			};
			name = Debug;
		};
		63FAAAC22A9616D80050BF9F /* Release */ = {
			isa = XCBuildConfiguration;
			buildSettings = {
				ALWAYS_SEARCH_USER_PATHS = NO;
				CLANG_ANALYZER_NONNULL = YES;
				CLANG_ANALYZER_NUMBER_OBJECT_CONVERSION = YES_AGGRESSIVE;
				CLANG_CXX_LANGUAGE_STANDARD = "gnu++20";
				CLANG_ENABLE_MODULES = YES;
				CLANG_ENABLE_OBJC_ARC = YES;
				CLANG_ENABLE_OBJC_WEAK = YES;
				CLANG_WARN_BLOCK_CAPTURE_AUTORELEASING = YES;
				CLANG_WARN_BOOL_CONVERSION = YES;
				CLANG_WARN_COMMA = YES;
				CLANG_WARN_CONSTANT_CONVERSION = YES;
				CLANG_WARN_DEPRECATED_OBJC_IMPLEMENTATIONS = YES;
				CLANG_WARN_DIRECT_OBJC_ISA_USAGE = YES_ERROR;
				CLANG_WARN_DOCUMENTATION_COMMENTS = YES;
				CLANG_WARN_EMPTY_BODY = YES;
				CLANG_WARN_ENUM_CONVERSION = YES;
				CLANG_WARN_INFINITE_RECURSION = YES;
				CLANG_WARN_INT_CONVERSION = YES;
				CLANG_WARN_NON_LITERAL_NULL_CONVERSION = YES;
				CLANG_WARN_OBJC_IMPLICIT_RETAIN_SELF = YES;
				CLANG_WARN_OBJC_LITERAL_CONVERSION = YES;
				CLANG_WARN_OBJC_ROOT_CLASS = YES_ERROR;
				CLANG_WARN_QUOTED_INCLUDE_IN_FRAMEWORK_HEADER = YES;
				CLANG_WARN_RANGE_LOOP_ANALYSIS = YES;
				CLANG_WARN_STRICT_PROTOTYPES = YES;
				CLANG_WARN_SUSPICIOUS_MOVE = YES;
				CLANG_WARN_UNGUARDED_AVAILABILITY = YES_AGGRESSIVE;
				CLANG_WARN_UNREACHABLE_CODE = YES;
				CLANG_WARN__DUPLICATE_METHOD_MATCH = YES;
				COPY_PHASE_STRIP = NO;
				DEBUG_INFORMATION_FORMAT = "dwarf-with-dsym";
				ENABLE_NS_ASSERTIONS = NO;
				ENABLE_STRICT_OBJC_MSGSEND = YES;
				GCC_C_LANGUAGE_STANDARD = gnu11;
				GCC_NO_COMMON_BLOCKS = YES;
				GCC_WARN_64_TO_32_BIT_CONVERSION = YES;
				GCC_WARN_ABOUT_RETURN_TYPE = YES_ERROR;
				GCC_WARN_UNDECLARED_SELECTOR = YES;
				GCC_WARN_UNINITIALIZED_AUTOS = YES_AGGRESSIVE;
				GCC_WARN_UNUSED_FUNCTION = YES;
				GCC_WARN_UNUSED_VARIABLE = YES;
				IPHONEOS_DEPLOYMENT_TARGET = 16.4;
				MTL_ENABLE_DEBUG_INFO = NO;
				MTL_FAST_MATH = YES;
				SDKROOT = iphoneos;
				SWIFT_COMPILATION_MODE = wholemodule;
				SWIFT_OPTIMIZATION_LEVEL = "-O";
				VALIDATE_PRODUCT = YES;
			};
			name = Release;
		};
		63FAAAC42A9616D80050BF9F /* Debug */ = {
			isa = XCBuildConfiguration;
			buildSettings = {
				ASSETCATALOG_COMPILER_APPICON_NAME = AppIcon;
				ASSETCATALOG_COMPILER_GLOBAL_ACCENT_COLOR_NAME = AccentColor;
				CODE_SIGN_STYLE = Automatic;
				CURRENT_PROJECT_VERSION = 1;
				GENERATE_INFOPLIST_FILE = YES;
				INFOPLIST_FILE = TheaterAroundMe/Info.plist;
				INFOPLIST_KEY_UIApplicationSupportsIndirectInputEvents = YES;
				INFOPLIST_KEY_UILaunchStoryboardName = LaunchScreen;
				INFOPLIST_KEY_UIMainStoryboardFile = Main;
				INFOPLIST_KEY_UISupportedInterfaceOrientations = UIInterfaceOrientationPortrait;
				INFOPLIST_KEY_UISupportedInterfaceOrientations_iPad = "UIInterfaceOrientationLandscapeLeft UIInterfaceOrientationLandscapeRight UIInterfaceOrientationPortrait UIInterfaceOrientationPortraitUpsideDown";
				IPHONEOS_DEPLOYMENT_TARGET = 15.0;
				LD_RUNPATH_SEARCH_PATHS = (
					"$(inherited)",
					"@executable_path/Frameworks",
				);
				MARKETING_VERSION = 1.0;
				PRODUCT_BUNDLE_IDENTIFIER = "com.steady-on.TheaterAroundMe";
				PRODUCT_NAME = "$(TARGET_NAME)";
				SUPPORTED_PLATFORMS = "iphoneos iphonesimulator";
				SUPPORTS_MACCATALYST = NO;
				SUPPORTS_MAC_DESIGNED_FOR_IPHONE_IPAD = NO;
				SWIFT_EMIT_LOC_STRINGS = YES;
				SWIFT_VERSION = 5.0;
				TARGETED_DEVICE_FAMILY = 1;
			};
			name = Debug;
		};
		63FAAAC52A9616D80050BF9F /* Release */ = {
			isa = XCBuildConfiguration;
			buildSettings = {
				ASSETCATALOG_COMPILER_APPICON_NAME = AppIcon;
				ASSETCATALOG_COMPILER_GLOBAL_ACCENT_COLOR_NAME = AccentColor;
				CODE_SIGN_STYLE = Automatic;
				CURRENT_PROJECT_VERSION = 1;
				GENERATE_INFOPLIST_FILE = YES;
				INFOPLIST_FILE = TheaterAroundMe/Info.plist;
				INFOPLIST_KEY_UIApplicationSupportsIndirectInputEvents = YES;
				INFOPLIST_KEY_UILaunchStoryboardName = LaunchScreen;
				INFOPLIST_KEY_UIMainStoryboardFile = Main;
				INFOPLIST_KEY_UISupportedInterfaceOrientations = UIInterfaceOrientationPortrait;
				INFOPLIST_KEY_UISupportedInterfaceOrientations_iPad = "UIInterfaceOrientationLandscapeLeft UIInterfaceOrientationLandscapeRight UIInterfaceOrientationPortrait UIInterfaceOrientationPortraitUpsideDown";
				IPHONEOS_DEPLOYMENT_TARGET = 15.0;
				LD_RUNPATH_SEARCH_PATHS = (
					"$(inherited)",
					"@executable_path/Frameworks",
				);
				MARKETING_VERSION = 1.0;
				PRODUCT_BUNDLE_IDENTIFIER = "com.steady-on.TheaterAroundMe";
				PRODUCT_NAME = "$(TARGET_NAME)";
				SUPPORTED_PLATFORMS = "iphoneos iphonesimulator";
				SUPPORTS_MACCATALYST = NO;
				SUPPORTS_MAC_DESIGNED_FOR_IPHONE_IPAD = NO;
				SWIFT_EMIT_LOC_STRINGS = YES;
				SWIFT_VERSION = 5.0;
				TARGETED_DEVICE_FAMILY = 1;
			};
			name = Release;
		};
/* End XCBuildConfiguration section */

/* Begin XCConfigurationList section */
		63FAAAAA2A9616D60050BF9F /* Build configuration list for PBXProject "TheaterAroundMe" */ = {
			isa = XCConfigurationList;
			buildConfigurations = (
				63FAAAC12A9616D80050BF9F /* Debug */,
				63FAAAC22A9616D80050BF9F /* Release */,
			);
			defaultConfigurationIsVisible = 0;
			defaultConfigurationName = Release;
		};
		63FAAAC32A9616D80050BF9F /* Build configuration list for PBXNativeTarget "TheaterAroundMe" */ = {
			isa = XCConfigurationList;
			buildConfigurations = (
				63FAAAC42A9616D80050BF9F /* Debug */,
				63FAAAC52A9616D80050BF9F /* Release */,
			);
			defaultConfigurationIsVisible = 0;
			defaultConfigurationName = Release;
		};
/* End XCConfigurationList section */
	};
	rootObject = 63FAAAA72A9616D60050BF9F /* Project object */;
}
