// !$*UTF8*$!
{
	archiveVersion = 1;
	classes = {
	};
	objectVersion = 56;
	objects = {

/* Begin PBXBuildFile section */
		636B72442A87C078001817ED /* AppDelegate.swift in Sources */ = {isa = PBXBuildFile; fileRef = 636B72432A87C078001817ED /* AppDelegate.swift */; };
		636B72462A87C078001817ED /* SceneDelegate.swift in Sources */ = {isa = PBXBuildFile; fileRef = 636B72452A87C078001817ED /* SceneDelegate.swift */; };
		636B72482A87C078001817ED /* ViewController.swift in Sources */ = {isa = PBXBuildFile; fileRef = 636B72472A87C078001817ED /* ViewController.swift */; };
		636B724B2A87C078001817ED /* Main.storyboard in Resources */ = {isa = PBXBuildFile; fileRef = 636B72492A87C078001817ED /* Main.storyboard */; };
		636B724D2A87C079001817ED /* Assets.xcassets in Resources */ = {isa = PBXBuildFile; fileRef = 636B724C2A87C079001817ED /* Assets.xcassets */; };
		636B72502A87C079001817ED /* LaunchScreen.storyboard in Resources */ = {isa = PBXBuildFile; fileRef = 636B724E2A87C079001817ED /* LaunchScreen.storyboard */; };
		639EE17F2A885C3900A7B674 /* LanguageTarget.swift in Sources */ = {isa = PBXBuildFile; fileRef = 639EE17E2A885C3900A7B674 /* LanguageTarget.swift */; };
		639EE1862A888FED00A7B674 /* PapagoAPIEndpoint.swift in Sources */ = {isa = PBXBuildFile; fileRef = 639EE1852A888FED00A7B674 /* PapagoAPIEndpoint.swift */; };
		639EE1882A8896F500A7B674 /* DetectLangsData.swift in Sources */ = {isa = PBXBuildFile; fileRef = 639EE1872A8896F500A7B674 /* DetectLangsData.swift */; };
		639EE18A2A88983000A7B674 /* TranslationResultData.swift in Sources */ = {isa = PBXBuildFile; fileRef = 639EE1892A88983000A7B674 /* TranslationResultData.swift */; };
		639EE1902A889B6300A7B674 /* APIKey.swift in Sources */ = {isa = PBXBuildFile; fileRef = 639EE18F2A889B6300A7B674 /* APIKey.swift */; };
		639EE1922A889F3300A7B674 /* PapagoAPIManager.swift in Sources */ = {isa = PBXBuildFile; fileRef = 639EE1912A889F3300A7B674 /* PapagoAPIManager.swift */; };
/* End PBXBuildFile section */

/* Begin PBXFileReference section */
		636B72402A87C078001817ED /* LanguageTranslator.app */ = {isa = PBXFileReference; explicitFileType = wrapper.application; includeInIndex = 0; path = LanguageTranslator.app; sourceTree = BUILT_PRODUCTS_DIR; };
		636B72432A87C078001817ED /* AppDelegate.swift */ = {isa = PBXFileReference; lastKnownFileType = sourcecode.swift; path = AppDelegate.swift; sourceTree = "<group>"; };
		636B72452A87C078001817ED /* SceneDelegate.swift */ = {isa = PBXFileReference; lastKnownFileType = sourcecode.swift; path = SceneDelegate.swift; sourceTree = "<group>"; };
		636B72472A87C078001817ED /* ViewController.swift */ = {isa = PBXFileReference; lastKnownFileType = sourcecode.swift; path = ViewController.swift; sourceTree = "<group>"; };
		636B724A2A87C078001817ED /* Base */ = {isa = PBXFileReference; lastKnownFileType = file.storyboard; name = Base; path = Base.lproj/Main.storyboard; sourceTree = "<group>"; };
		636B724C2A87C079001817ED /* Assets.xcassets */ = {isa = PBXFileReference; lastKnownFileType = folder.assetcatalog; path = Assets.xcassets; sourceTree = "<group>"; };
		636B724F2A87C079001817ED /* Base */ = {isa = PBXFileReference; lastKnownFileType = file.storyboard; name = Base; path = Base.lproj/LaunchScreen.storyboard; sourceTree = "<group>"; };
		636B72512A87C079001817ED /* Info.plist */ = {isa = PBXFileReference; lastKnownFileType = text.plist.xml; path = Info.plist; sourceTree = "<group>"; };
		639EE17E2A885C3900A7B674 /* LanguageTarget.swift */ = {isa = PBXFileReference; lastKnownFileType = sourcecode.swift; path = LanguageTarget.swift; sourceTree = "<group>"; };
		639EE1852A888FED00A7B674 /* PapagoAPIEndpoint.swift */ = {isa = PBXFileReference; lastKnownFileType = sourcecode.swift; path = PapagoAPIEndpoint.swift; sourceTree = "<group>"; };
		639EE1872A8896F500A7B674 /* DetectLangsData.swift */ = {isa = PBXFileReference; lastKnownFileType = sourcecode.swift; path = DetectLangsData.swift; sourceTree = "<group>"; };
		639EE1892A88983000A7B674 /* TranslationResultData.swift */ = {isa = PBXFileReference; lastKnownFileType = sourcecode.swift; path = TranslationResultData.swift; sourceTree = "<group>"; };
		639EE18F2A889B6300A7B674 /* APIKey.swift */ = {isa = PBXFileReference; fileEncoding = 4; lastKnownFileType = sourcecode.swift; name = APIKey.swift; path = ../../../../APIKey.swift; sourceTree = "<group>"; };
		639EE1912A889F3300A7B674 /* PapagoAPIManager.swift */ = {isa = PBXFileReference; lastKnownFileType = sourcecode.swift; path = PapagoAPIManager.swift; sourceTree = "<group>"; };
/* End PBXFileReference section */

/* Begin PBXFrameworksBuildPhase section */
		636B723D2A87C078001817ED /* Frameworks */ = {
			isa = PBXFrameworksBuildPhase;
			buildActionMask = 2147483647;
			files = (
			);
			runOnlyForDeploymentPostprocessing = 0;
		};
/* End PBXFrameworksBuildPhase section */

/* Begin PBXGroup section */
		636B72372A87C078001817ED = {
			isa = PBXGroup;
			children = (
				636B72422A87C078001817ED /* LanguageTranslator */,
				636B72412A87C078001817ED /* Products */,
			);
			sourceTree = "<group>";
		};
		636B72412A87C078001817ED /* Products */ = {
			isa = PBXGroup;
			children = (
				636B72402A87C078001817ED /* LanguageTranslator.app */,
			);
			name = Products;
			sourceTree = "<group>";
		};
		636B72422A87C078001817ED /* LanguageTranslator */ = {
			isa = PBXGroup;
			children = (
				636B72432A87C078001817ED /* AppDelegate.swift */,
				636B72452A87C078001817ED /* SceneDelegate.swift */,
				636B72472A87C078001817ED /* ViewController.swift */,
				639EE1802A885E0400A7B674 /* Model */,
				639EE1842A888FDD00A7B674 /* Network */,
				636B72492A87C078001817ED /* Main.storyboard */,
				636B724C2A87C079001817ED /* Assets.xcassets */,
				636B724E2A87C079001817ED /* LaunchScreen.storyboard */,
				636B72512A87C079001817ED /* Info.plist */,
			);
			path = LanguageTranslator;
			sourceTree = "<group>";
		};
		639EE1802A885E0400A7B674 /* Model */ = {
			isa = PBXGroup;
			children = (
				639EE17E2A885C3900A7B674 /* LanguageTarget.swift */,
				639EE1872A8896F500A7B674 /* DetectLangsData.swift */,
				639EE1892A88983000A7B674 /* TranslationResultData.swift */,
			);
			path = Model;
			sourceTree = "<group>";
		};
		639EE1842A888FDD00A7B674 /* Network */ = {
			isa = PBXGroup;
			children = (
				639EE18F2A889B6300A7B674 /* APIKey.swift */,
				639EE1852A888FED00A7B674 /* PapagoAPIEndpoint.swift */,
				639EE1912A889F3300A7B674 /* PapagoAPIManager.swift */,
			);
			path = Network;
			sourceTree = "<group>";
		};
/* End PBXGroup section */

/* Begin PBXNativeTarget section */
		636B723F2A87C078001817ED /* LanguageTranslator */ = {
			isa = PBXNativeTarget;
			buildConfigurationList = 636B72542A87C079001817ED /* Build configuration list for PBXNativeTarget "LanguageTranslator" */;
			buildPhases = (
				636B723C2A87C078001817ED /* Sources */,
				636B723D2A87C078001817ED /* Frameworks */,
				636B723E2A87C078001817ED /* Resources */,
			);
			buildRules = (
			);
			dependencies = (
			);
			name = LanguageTranslator;
			productName = LanguageTranslator;
			productReference = 636B72402A87C078001817ED /* LanguageTranslator.app */;
			productType = "com.apple.product-type.application";
		};
/* End PBXNativeTarget section */

/* Begin PBXProject section */
		636B72382A87C078001817ED /* Project object */ = {
			isa = PBXProject;
			attributes = {
				BuildIndependentTargetsInParallel = 1;
				LastSwiftUpdateCheck = 1430;
				LastUpgradeCheck = 1430;
				TargetAttributes = {
					636B723F2A87C078001817ED = {
						CreatedOnToolsVersion = 14.3.1;
					};
				};
			};
			buildConfigurationList = 636B723B2A87C078001817ED /* Build configuration list for PBXProject "LanguageTranslator" */;
			compatibilityVersion = "Xcode 14.0";
			developmentRegion = en;
			hasScannedForEncodings = 0;
			knownRegions = (
				en,
				Base,
			);
			mainGroup = 636B72372A87C078001817ED;
			productRefGroup = 636B72412A87C078001817ED /* Products */;
			projectDirPath = "";
			projectRoot = "";
			targets = (
				636B723F2A87C078001817ED /* LanguageTranslator */,
			);
		};
/* End PBXProject section */

/* Begin PBXResourcesBuildPhase section */
		636B723E2A87C078001817ED /* Resources */ = {
			isa = PBXResourcesBuildPhase;
			buildActionMask = 2147483647;
			files = (
				636B72502A87C079001817ED /* LaunchScreen.storyboard in Resources */,
				636B724D2A87C079001817ED /* Assets.xcassets in Resources */,
				636B724B2A87C078001817ED /* Main.storyboard in Resources */,
			);
			runOnlyForDeploymentPostprocessing = 0;
		};
/* End PBXResourcesBuildPhase section */

/* Begin PBXSourcesBuildPhase section */
		636B723C2A87C078001817ED /* Sources */ = {
			isa = PBXSourcesBuildPhase;
			buildActionMask = 2147483647;
			files = (
				639EE1882A8896F500A7B674 /* DetectLangsData.swift in Sources */,
				639EE1922A889F3300A7B674 /* PapagoAPIManager.swift in Sources */,
				636B72482A87C078001817ED /* ViewController.swift in Sources */,
				639EE1902A889B6300A7B674 /* APIKey.swift in Sources */,
				639EE17F2A885C3900A7B674 /* LanguageTarget.swift in Sources */,
				636B72442A87C078001817ED /* AppDelegate.swift in Sources */,
				639EE1862A888FED00A7B674 /* PapagoAPIEndpoint.swift in Sources */,
				636B72462A87C078001817ED /* SceneDelegate.swift in Sources */,
				639EE18A2A88983000A7B674 /* TranslationResultData.swift in Sources */,
			);
			runOnlyForDeploymentPostprocessing = 0;
		};
/* End PBXSourcesBuildPhase section */

/* Begin PBXVariantGroup section */
		636B72492A87C078001817ED /* Main.storyboard */ = {
			isa = PBXVariantGroup;
			children = (
				636B724A2A87C078001817ED /* Base */,
			);
			name = Main.storyboard;
			sourceTree = "<group>";
		};
		636B724E2A87C079001817ED /* LaunchScreen.storyboard */ = {
			isa = PBXVariantGroup;
			children = (
				636B724F2A87C079001817ED /* Base */,
			);
			name = LaunchScreen.storyboard;
			sourceTree = "<group>";
		};
/* End PBXVariantGroup section */

/* Begin XCBuildConfiguration section */
		636B72522A87C079001817ED /* Debug */ = {
			isa = XCBuildConfiguration;
			buildSettings = {
				ALWAYS_SEARCH_USER_PATHS = NO;
				CLANG_ANALYZER_NONNULL = YES;
				CLANG_ANALYZER_NUMBER_OBJECT_CONVERSION = YES_AGGRESSIVE;
				CLANG_CXX_LANGUAGE_STANDARD = "gnu++20";
				CLANG_ENABLE_MODULES = YES;
				CLANG_ENABLE_OBJC_ARC = YES;
				CLANG_ENABLE_OBJC_WEAK = YES;
				CLANG_WARN_BLOCK_CAPTURE_AUTORELEASING = YES;
				CLANG_WARN_BOOL_CONVERSION = YES;
				CLANG_WARN_COMMA = YES;
				CLANG_WARN_CONSTANT_CONVERSION = YES;
				CLANG_WARN_DEPRECATED_OBJC_IMPLEMENTATIONS = YES;
				CLANG_WARN_DIRECT_OBJC_ISA_USAGE = YES_ERROR;
				CLANG_WARN_DOCUMENTATION_COMMENTS = YES;
				CLANG_WARN_EMPTY_BODY = YES;
				CLANG_WARN_ENUM_CONVERSION = YES;
				CLANG_WARN_INFINITE_RECURSION = YES;
				CLANG_WARN_INT_CONVERSION = YES;
				CLANG_WARN_NON_LITERAL_NULL_CONVERSION = YES;
				CLANG_WARN_OBJC_IMPLICIT_RETAIN_SELF = YES;
				CLANG_WARN_OBJC_LITERAL_CONVERSION = YES;
				CLANG_WARN_OBJC_ROOT_CLASS = YES_ERROR;
				CLANG_WARN_QUOTED_INCLUDE_IN_FRAMEWORK_HEADER = YES;
				CLANG_WARN_RANGE_LOOP_ANALYSIS = YES;
				CLANG_WARN_STRICT_PROTOTYPES = YES;
				CLANG_WARN_SUSPICIOUS_MOVE = YES;
				CLANG_WARN_UNGUARDED_AVAILABILITY = YES_AGGRESSIVE;
				CLANG_WARN_UNREACHABLE_CODE = YES;
				CLANG_WARN__DUPLICATE_METHOD_MATCH = YES;
				COPY_PHASE_STRIP = NO;
				DEBUG_INFORMATION_FORMAT = dwarf;
				ENABLE_STRICT_OBJC_MSGSEND = YES;
				ENABLE_TESTABILITY = YES;
				GCC_C_LANGUAGE_STANDARD = gnu11;
				GCC_DYNAMIC_NO_PIC = NO;
				GCC_NO_COMMON_BLOCKS = YES;
				GCC_OPTIMIZATION_LEVEL = 0;
				GCC_PREPROCESSOR_DEFINITIONS = (
					"DEBUG=1",
					"$(inherited)",
				);
				GCC_WARN_64_TO_32_BIT_CONVERSION = YES;
				GCC_WARN_ABOUT_RETURN_TYPE = YES_ERROR;
				GCC_WARN_UNDECLARED_SELECTOR = YES;
				GCC_WARN_UNINITIALIZED_AUTOS = YES_AGGRESSIVE;
				GCC_WARN_UNUSED_FUNCTION = YES;
				GCC_WARN_UNUSED_VARIABLE = YES;
				IPHONEOS_DEPLOYMENT_TARGET = 16.4;
				MTL_ENABLE_DEBUG_INFO = INCLUDE_SOURCE;
				MTL_FAST_MATH = YES;
				ONLY_ACTIVE_ARCH = YES;
				SDKROOT = iphoneos;
				SWIFT_ACTIVE_COMPILATION_CONDITIONS = DEBUG;
				SWIFT_OPTIMIZATION_LEVEL = "-Onone";
			};
			name = Debug;
		};
		636B72532A87C079001817ED /* Release */ = {
			isa = XCBuildConfiguration;
			buildSettings = {
				ALWAYS_SEARCH_USER_PATHS = NO;
				CLANG_ANALYZER_NONNULL = YES;
				CLANG_ANALYZER_NUMBER_OBJECT_CONVERSION = YES_AGGRESSIVE;
				CLANG_CXX_LANGUAGE_STANDARD = "gnu++20";
				CLANG_ENABLE_MODULES = YES;
				CLANG_ENABLE_OBJC_ARC = YES;
				CLANG_ENABLE_OBJC_WEAK = YES;
				CLANG_WARN_BLOCK_CAPTURE_AUTORELEASING = YES;
				CLANG_WARN_BOOL_CONVERSION = YES;
				CLANG_WARN_COMMA = YES;
				CLANG_WARN_CONSTANT_CONVERSION = YES;
				CLANG_WARN_DEPRECATED_OBJC_IMPLEMENTATIONS = YES;
				CLANG_WARN_DIRECT_OBJC_ISA_USAGE = YES_ERROR;
				CLANG_WARN_DOCUMENTATION_COMMENTS = YES;
				CLANG_WARN_EMPTY_BODY = YES;
				CLANG_WARN_ENUM_CONVERSION = YES;
				CLANG_WARN_INFINITE_RECURSION = YES;
				CLANG_WARN_INT_CONVERSION = YES;
				CLANG_WARN_NON_LITERAL_NULL_CONVERSION = YES;
				CLANG_WARN_OBJC_IMPLICIT_RETAIN_SELF = YES;
				CLANG_WARN_OBJC_LITERAL_CONVERSION = YES;
				CLANG_WARN_OBJC_ROOT_CLASS = YES_ERROR;
				CLANG_WARN_QUOTED_INCLUDE_IN_FRAMEWORK_HEADER = YES;
				CLANG_WARN_RANGE_LOOP_ANALYSIS = YES;
				CLANG_WARN_STRICT_PROTOTYPES = YES;
				CLANG_WARN_SUSPICIOUS_MOVE = YES;
				CLANG_WARN_UNGUARDED_AVAILABILITY = YES_AGGRESSIVE;
				CLANG_WARN_UNREACHABLE_CODE = YES;
				CLANG_WARN__DUPLICATE_METHOD_MATCH = YES;
				COPY_PHASE_STRIP = NO;
				DEBUG_INFORMATION_FORMAT = "dwarf-with-dsym";
				ENABLE_NS_ASSERTIONS = NO;
				ENABLE_STRICT_OBJC_MSGSEND = YES;
				GCC_C_LANGUAGE_STANDARD = gnu11;
				GCC_NO_COMMON_BLOCKS = YES;
				GCC_WARN_64_TO_32_BIT_CONVERSION = YES;
				GCC_WARN_ABOUT_RETURN_TYPE = YES_ERROR;
				GCC_WARN_UNDECLARED_SELECTOR = YES;
				GCC_WARN_UNINITIALIZED_AUTOS = YES_AGGRESSIVE;
				GCC_WARN_UNUSED_FUNCTION = YES;
				GCC_WARN_UNUSED_VARIABLE = YES;
				IPHONEOS_DEPLOYMENT_TARGET = 16.4;
				MTL_ENABLE_DEBUG_INFO = NO;
				MTL_FAST_MATH = YES;
				SDKROOT = iphoneos;
				SWIFT_COMPILATION_MODE = wholemodule;
				SWIFT_OPTIMIZATION_LEVEL = "-O";
				VALIDATE_PRODUCT = YES;
			};
			name = Release;
		};
		636B72552A87C079001817ED /* Debug */ = {
			isa = XCBuildConfiguration;
			buildSettings = {
				ASSETCATALOG_COMPILER_APPICON_NAME = AppIcon;
				ASSETCATALOG_COMPILER_GLOBAL_ACCENT_COLOR_NAME = AccentColor;
				CODE_SIGN_STYLE = Automatic;
				CURRENT_PROJECT_VERSION = 1;
				GENERATE_INFOPLIST_FILE = YES;
				INFOPLIST_FILE = LanguageTranslator/Info.plist;
				INFOPLIST_KEY_UIApplicationSupportsIndirectInputEvents = YES;
				INFOPLIST_KEY_UILaunchStoryboardName = LaunchScreen;
				INFOPLIST_KEY_UIMainStoryboardFile = Main;
				INFOPLIST_KEY_UISupportedInterfaceOrientations = UIInterfaceOrientationPortrait;
				LD_RUNPATH_SEARCH_PATHS = (
					"$(inherited)",
					"@executable_path/Frameworks",
				);
				MARKETING_VERSION = 1.0;
				PRODUCT_BUNDLE_IDENTIFIER = "com.steady-on.LanguageTranslator";
				PRODUCT_NAME = "$(TARGET_NAME)";
				SUPPORTED_PLATFORMS = "iphoneos iphonesimulator";
				SUPPORTS_MACCATALYST = NO;
				SUPPORTS_MAC_DESIGNED_FOR_IPHONE_IPAD = NO;
				SWIFT_EMIT_LOC_STRINGS = YES;
				SWIFT_VERSION = 5.0;
				TARGETED_DEVICE_FAMILY = 1;
			};
			name = Debug;
		};
		636B72562A87C079001817ED /* Release */ = {
			isa = XCBuildConfiguration;
			buildSettings = {
				ASSETCATALOG_COMPILER_APPICON_NAME = AppIcon;
				ASSETCATALOG_COMPILER_GLOBAL_ACCENT_COLOR_NAME = AccentColor;
				CODE_SIGN_STYLE = Automatic;
				CURRENT_PROJECT_VERSION = 1;
				GENERATE_INFOPLIST_FILE = YES;
				INFOPLIST_FILE = LanguageTranslator/Info.plist;
				INFOPLIST_KEY_UIApplicationSupportsIndirectInputEvents = YES;
				INFOPLIST_KEY_UILaunchStoryboardName = LaunchScreen;
				INFOPLIST_KEY_UIMainStoryboardFile = Main;
				INFOPLIST_KEY_UISupportedInterfaceOrientations = UIInterfaceOrientationPortrait;
				LD_RUNPATH_SEARCH_PATHS = (
					"$(inherited)",
					"@executable_path/Frameworks",
				);
				MARKETING_VERSION = 1.0;
				PRODUCT_BUNDLE_IDENTIFIER = "com.steady-on.LanguageTranslator";
				PRODUCT_NAME = "$(TARGET_NAME)";
				SUPPORTED_PLATFORMS = "iphoneos iphonesimulator";
				SUPPORTS_MACCATALYST = NO;
				SUPPORTS_MAC_DESIGNED_FOR_IPHONE_IPAD = NO;
				SWIFT_EMIT_LOC_STRINGS = YES;
				SWIFT_VERSION = 5.0;
				TARGETED_DEVICE_FAMILY = 1;
			};
			name = Release;
		};
/* End XCBuildConfiguration section */

/* Begin XCConfigurationList section */
		636B723B2A87C078001817ED /* Build configuration list for PBXProject "LanguageTranslator" */ = {
			isa = XCConfigurationList;
			buildConfigurations = (
				636B72522A87C079001817ED /* Debug */,
				636B72532A87C079001817ED /* Release */,
			);
			defaultConfigurationIsVisible = 0;
			defaultConfigurationName = Release;
		};
		636B72542A87C079001817ED /* Build configuration list for PBXNativeTarget "LanguageTranslator" */ = {
			isa = XCConfigurationList;
			buildConfigurations = (
				636B72552A87C079001817ED /* Debug */,
				636B72562A87C079001817ED /* Release */,
			);
			defaultConfigurationIsVisible = 0;
			defaultConfigurationName = Release;
		};
/* End XCConfigurationList section */
	};
	rootObject = 636B72382A87C078001817ED /* Project object */;
}
